// !$*UTF8*$!
{
	archiveVersion = 1;
	classes = {
	};
	objectVersion = 60;
	objects = {

/* Begin PBXBuildFile section */
		3B1629D0868F2C97BD586FC3 /* Pods_XGCMain_Tests.framework in Frameworks */ = {isa = PBXBuildFile; fileRef = EA28DCDA7CB16C6B0BBB8410 /* Pods_XGCMain_Tests.framework */; };
		6003F58E195388D20070C39A /* Foundation.framework in Frameworks */ = {isa = PBXBuildFile; fileRef = 6003F58D195388D20070C39A /* Foundation.framework */; };
		6003F590195388D20070C39A /* CoreGraphics.framework in Frameworks */ = {isa = PBXBuildFile; fileRef = 6003F58F195388D20070C39A /* CoreGraphics.framework */; };
		6003F592195388D20070C39A /* UIKit.framework in Frameworks */ = {isa = PBXBuildFile; fileRef = 6003F591195388D20070C39A /* UIKit.framework */; };
		6003F598195388D20070C39A /* InfoPlist.strings in Resources */ = {isa = PBXBuildFile; fileRef = 6003F596195388D20070C39A /* InfoPlist.strings */; };
		6003F59A195388D20070C39A /* main.m in Sources */ = {isa = PBXBuildFile; fileRef = 6003F599195388D20070C39A /* main.m */; };
		6003F59E195388D20070C39A /* XGCAppDelegate.m in Sources */ = {isa = PBXBuildFile; fileRef = 6003F59D195388D20070C39A /* XGCAppDelegate.m */; };
		6003F5A7195388D20070C39A /* XGCViewController.m in Sources */ = {isa = PBXBuildFile; fileRef = 6003F5A6195388D20070C39A /* XGCViewController.m */; };
		6003F5A9195388D20070C39A /* Images.xcassets in Resources */ = {isa = PBXBuildFile; fileRef = 6003F5A8195388D20070C39A /* Images.xcassets */; };
		6003F5B0195388D20070C39A /* XCTest.framework in Frameworks */ = {isa = PBXBuildFile; fileRef = 6003F5AF195388D20070C39A /* XCTest.framework */; };
		6003F5B1195388D20070C39A /* Foundation.framework in Frameworks */ = {isa = PBXBuildFile; fileRef = 6003F58D195388D20070C39A /* Foundation.framework */; };
		6003F5B2195388D20070C39A /* UIKit.framework in Frameworks */ = {isa = PBXBuildFile; fileRef = 6003F591195388D20070C39A /* UIKit.framework */; };
		6003F5BA195388D20070C39A /* InfoPlist.strings in Resources */ = {isa = PBXBuildFile; fileRef = 6003F5B8195388D20070C39A /* InfoPlist.strings */; };
		6003F5BC195388D20070C39A /* Tests.m in Sources */ = {isa = PBXBuildFile; fileRef = 6003F5BB195388D20070C39A /* Tests.m */; };
		71719F9F1E33DC2100824A3D /* LaunchScreen.storyboard in Resources */ = {isa = PBXBuildFile; fileRef = 71719F9D1E33DC2100824A3D /* LaunchScreen.storyboard */; };
		873B8AEB1B1F5CCA007FD442 /* Main.storyboard in Resources */ = {isa = PBXBuildFile; fileRef = 873B8AEA1B1F5CCA007FD442 /* Main.storyboard */; };
		9C577CC7F53C78DFB8FB2F62 /* Pods_XGCMain_Example.framework in Frameworks */ = {isa = PBXBuildFile; fileRef = E4202EF893EB0C6F45B5B442 /* Pods_XGCMain_Example.framework */; };
		FB5012E22BD75018001034DD /* XGCSecondaryViewController.m in Sources */ = {isa = PBXBuildFile; fileRef = FB5012E12BD75018001034DD /* XGCSecondaryViewController.m */; };
		FB50162D2BD8F1C4001034DD /* XGCSceneDelegate.m in Sources */ = {isa = PBXBuildFile; fileRef = FB50162C2BD8F1C4001034DD /* XGCSceneDelegate.m */; };
		FB5017E82BD9069F001034DD /* XGCMain.xcassets in Resources */ = {isa = PBXBuildFile; fileRef = FB5017312BD9069F001034DD /* XGCMain.xcassets */; };
		FB5017E92BD9069F001034DD /* UIControl+XGCControl.m in Sources */ = {isa = PBXBuildFile; fileRef = FB5017342BD9069F001034DD /* UIControl+XGCControl.m */; };
		FB5017EA2BD9069F001034DD /* UIView+XGCView.m in Sources */ = {isa = PBXBuildFile; fileRef = FB5017362BD9069F001034DD /* UIView+XGCView.m */; };
		FB5017EB2BD9069F001034DD /* XGCActivityIndicatorView.m in Sources */ = {isa = PBXBuildFile; fileRef = FB5017382BD9069F001034DD /* XGCActivityIndicatorView.m */; };
		FB5017EC2BD9069F001034DD /* XGCViewConfiguration.m in Sources */ = {isa = PBXBuildFile; fileRef = FB50173A2BD9069F001034DD /* XGCViewConfiguration.m */; };
		FB5017ED2BD9069F001034DD /* XGCViewLayer.m in Sources */ = {isa = PBXBuildFile; fileRef = FB50173C2BD9069F001034DD /* XGCViewLayer.m */; };
		FB5017EE2BD9069F001034DD /* NSArray+XGCArray.m in Sources */ = {isa = PBXBuildFile; fileRef = FB50173F2BD9069F001034DD /* NSArray+XGCArray.m */; };
		FB5017EF2BD9069F001034DD /* NSBundle+XGCBundle.m in Sources */ = {isa = PBXBuildFile; fileRef = FB5017412BD9069F001034DD /* NSBundle+XGCBundle.m */; };
		FB5017F02BD9069F001034DD /* NSCalendar+XGCCalendar.m in Sources */ = {isa = PBXBuildFile; fileRef = FB5017432BD9069F001034DD /* NSCalendar+XGCCalendar.m */; };
		FB5017F12BD9069F001034DD /* NSDate+XGCDate.m in Sources */ = {isa = PBXBuildFile; fileRef = FB5017452BD9069F001034DD /* NSDate+XGCDate.m */; };
		FB5017F22BD9069F001034DD /* NSString+XGCString.m in Sources */ = {isa = PBXBuildFile; fileRef = FB5017472BD9069F001034DD /* NSString+XGCString.m */; };
		FB5017F32BD9069F001034DD /* UIColor+XGCColor.m in Sources */ = {isa = PBXBuildFile; fileRef = FB5017492BD9069F001034DD /* UIColor+XGCColor.m */; };
		FB5017F42BD9069F001034DD /* UIDevice+XGCDevice.m in Sources */ = {isa = PBXBuildFile; fileRef = FB50174B2BD9069F001034DD /* UIDevice+XGCDevice.m */; };
		FB5017F52BD9069F001034DD /* UIImage+XGCImage.m in Sources */ = {isa = PBXBuildFile; fileRef = FB50174D2BD9069F001034DD /* UIImage+XGCImage.m */; };
		FB5017F62BD9069F001034DD /* XGCMainAppFuncCodeRefreshViewController.m in Sources */ = {isa = PBXBuildFile; fileRef = FB5017502BD9069F001034DD /* XGCMainAppFuncCodeRefreshViewController.m */; };
		FB5017F72BD9069F001034DD /* XGCMainAppFuncCodeViewController.m in Sources */ = {isa = PBXBuildFile; fileRef = FB5017522BD9069F001034DD /* XGCMainAppFuncCodeViewController.m */; };
		FB5017F82BD9069F001034DD /* XGCMainNavigationController.m in Sources */ = {isa = PBXBuildFile; fileRef = FB5017542BD9069F001034DD /* XGCMainNavigationController.m */; };
		FB5017F92BD9069F001034DD /* XGCMainNavigationControllerDelegate.m in Sources */ = {isa = PBXBuildFile; fileRef = FB5017562BD9069F001034DD /* XGCMainNavigationControllerDelegate.m */; };
		FB5017FA2BD9069F001034DD /* XGCMainRefreshViewController.m in Sources */ = {isa = PBXBuildFile; fileRef = FB5017582BD9069F001034DD /* XGCMainRefreshViewController.m */; };
		FB5017FB2BD9069F001034DD /* XGCMainTabBarController.m in Sources */ = {isa = PBXBuildFile; fileRef = FB50175A2BD9069F001034DD /* XGCMainTabBarController.m */; };
		FB5017FC2BD9069F001034DD /* XGCMainViewController.m in Sources */ = {isa = PBXBuildFile; fileRef = FB50175C2BD9069F001034DD /* XGCMainViewController.m */; };
		FB5017FD2BD9069F001034DD /* XGCMainFormRowDictMapCollectionViewCell.m in Sources */ = {isa = PBXBuildFile; fileRef = FB50175F2BD9069F001034DD /* XGCMainFormRowDictMapCollectionViewCell.m */; };
		FB5017FE2BD9069F001034DD /* XGCMainFormRowTableViewCell.m in Sources */ = {isa = PBXBuildFile; fileRef = FB5017612BD9069F001034DD /* XGCMainFormRowTableViewCell.m */; };
		FB5017FF2BD9069F001034DD /* XGCMainFormSectionTableHeaderView.m in Sources */ = {isa = PBXBuildFile; fileRef = FB5017632BD9069F001034DD /* XGCMainFormSectionTableHeaderView.m */; };
		FB5018002BD9069F001034DD /* XGCMainFormDescriptor.m in Sources */ = {isa = PBXBuildFile; fileRef = FB5017662BD9069F001034DD /* XGCMainFormDescriptor.m */; };
		FB5018012BD9069F001034DD /* XGCMainFormRowDescriptor.m in Sources */ = {isa = PBXBuildFile; fileRef = FB5017682BD9069F001034DD /* XGCMainFormRowDescriptor.m */; };
		FB5018022BD9069F001034DD /* XGCMainFormSectionDescriptor.m in Sources */ = {isa = PBXBuildFile; fileRef = FB50176A2BD9069F001034DD /* XGCMainFormSectionDescriptor.m */; };
		FB5018032BD9069F001034DD /* XGCMainAppFuncCodeFormViewController.m in Sources */ = {isa = PBXBuildFile; fileRef = FB50176F2BD9069F001034DD /* XGCMainAppFuncCodeFormViewController.m */; };
		FB5018052BD9069F001034DD /* XGCMainRoute.m in Sources */ = {isa = PBXBuildFile; fileRef = FB5017742BD9069F001034DD /* XGCMainRoute.m */; };
		FB5018062BD9069F001034DD /* XGCAlertTableViewCell.m in Sources */ = {isa = PBXBuildFile; fileRef = FB5017772BD9069F001034DD /* XGCAlertTableViewCell.m */; };
		FB5018072BD9069F001034DD /* XGCAlertView.m in Sources */ = {isa = PBXBuildFile; fileRef = FB5017792BD9069F001034DD /* XGCAlertView.m */; };
		FB5018082BD9069F001034DD /* XGCDatePickerView.m in Sources */ = {isa = PBXBuildFile; fileRef = FB50177C2BD9069F001034DD /* XGCDatePickerView.m */; };
		FB5018092BD9069F001034DD /* XGCImageUrlControl.m in Sources */ = {isa = PBXBuildFile; fileRef = FB50177F2BD9069F001034DD /* XGCImageUrlControl.m */; };
		FB50180A2BD9069F001034DD /* XGCMainPickerManager.m in Sources */ = {isa = PBXBuildFile; fileRef = FB5017822BD9069F001034DD /* XGCMainPickerManager.m */; };
		FB50180B2BD9069F001034DD /* XGCSearchTextField.m in Sources */ = {isa = PBXBuildFile; fileRef = FB5017852BD9069F001034DD /* XGCSearchTextField.m */; };
		FB50180C2BD9069F001034DD /* XGCTextField.m in Sources */ = {isa = PBXBuildFile; fileRef = FB5017882BD9069F001034DD /* XGCTextField.m */; };
		FB50180D2BD9069F001034DD /* XGCTextFieldDelegator.m in Sources */ = {isa = PBXBuildFile; fileRef = FB50178A2BD9069F001034DD /* XGCTextFieldDelegator.m */; };
		FB50180E2BD9069F001034DD /* XGCTextView.m in Sources */ = {isa = PBXBuildFile; fileRef = FB50178D2BD9069F001034DD /* XGCTextView.m */; };
		FB50180F2BD9069F001034DD /* XGCMediaPreviewCollectionViewCell.m in Sources */ = {isa = PBXBuildFile; fileRef = FB5017912BD9069F001034DD /* XGCMediaPreviewCollectionViewCell.m */; };
		FB5018102BD9069F001034DD /* KSPhotoBrowser.m in Sources */ = {isa = PBXBuildFile; fileRef = FB5017952BD9069F001034DD /* KSPhotoBrowser.m */; };
		FB5018112BD9069F001034DD /* KSPhotoBrowserManager.m in Sources */ = {isa = PBXBuildFile; fileRef = FB5017972BD9069F001034DD /* KSPhotoBrowserManager.m */; };
		FB5018122BD9069F001034DD /* KSPhotoItem.m in Sources */ = {isa = PBXBuildFile; fileRef = FB5017992BD9069F001034DD /* KSPhotoItem.m */; };
		FB5018132BD9069F001034DD /* KSPhotoView.m in Sources */ = {isa = PBXBuildFile; fileRef = FB50179B2BD9069F001034DD /* KSPhotoView.m */; };
		FB5018142BD9069F001034DD /* KSProgressLayer.m in Sources */ = {isa = PBXBuildFile; fileRef = FB50179D2BD9069F001034DD /* KSProgressLayer.m */; };
		FB5018152BD9069F001034DD /* KSSDImageManager.m in Sources */ = {isa = PBXBuildFile; fileRef = FB50179F2BD9069F001034DD /* KSSDImageManager.m */; };
		FB5018162BD9069F001034DD /* XGCMediaPreviewModel.m in Sources */ = {isa = PBXBuildFile; fileRef = FB5017A22BD9069F001034DD /* XGCMediaPreviewModel.m */; };
		FB5018172BD9069F001034DD /* XGCMediaPreviewRoute.m in Sources */ = {isa = PBXBuildFile; fileRef = FB5017A52BD9069F001034DD /* XGCMediaPreviewRoute.m */; };
		FB5018182BD9069F001034DD /* XGCMediaPreviewContainerView.m in Sources */ = {isa = PBXBuildFile; fileRef = FB5017A82BD9069F001034DD /* XGCMediaPreviewContainerView.m */; };
		FB5018192BD9069F001034DD /* XGCConfiguration.m in Sources */ = {isa = PBXBuildFile; fileRef = FB5017AB2BD9069F001034DD /* XGCConfiguration.m */; };
		FB50181A2BD9069F001034DD /* XGCThemeManager.m in Sources */ = {isa = PBXBuildFile; fileRef = FB5017AD2BD9069F001034DD /* XGCThemeManager.m */; };
		FB50181B2BD9069F001034DD /* XGCThemeManagerCenter.m in Sources */ = {isa = PBXBuildFile; fileRef = FB5017AF2BD9069F001034DD /* XGCThemeManagerCenter.m */; };
		FB50181C2BD9069F001034DD /* XGCAFNetworking.m in Sources */ = {isa = PBXBuildFile; fileRef = FB5017B32BD9069F001034DD /* XGCAFNetworking.m */; };
		FB50181D2BD9069F001034DD /* XGCAFNetworkingDelegate.m in Sources */ = {isa = PBXBuildFile; fileRef = FB5017B52BD9069F001034DD /* XGCAFNetworkingDelegate.m */; };
		FB50181E2BD9069F001034DD /* XGCAliyunOSSiOS.m in Sources */ = {isa = PBXBuildFile; fileRef = FB5017B82BD9069F001034DD /* XGCAliyunOSSiOS.m */; };
		FB50181F2BD9069F001034DD /* XGCAliyunOSSiOSDelegate.m in Sources */ = {isa = PBXBuildFile; fileRef = FB5017BA2BD9069F001034DD /* XGCAliyunOSSiOSDelegate.m */; };
		FB5018202BD9069F001034DD /* XGCEmptyTableView.m in Sources */ = {isa = PBXBuildFile; fileRef = FB5017BD2BD9069F001034DD /* XGCEmptyTableView.m */; };
		FB5018212BD9069F001034DD /* XGCRefreshCollectionView.m in Sources */ = {isa = PBXBuildFile; fileRef = FB5017C02BD9069F001034DD /* XGCRefreshCollectionView.m */; };
		FB5018222BD9069F001034DD /* XGCRefreshTableView.m in Sources */ = {isa = PBXBuildFile; fileRef = FB5017C22BD9069F001034DD /* XGCRefreshTableView.m */; };
		FB5018232BD9069F001034DD /* XGCURLManager.m in Sources */ = {isa = PBXBuildFile; fileRef = FB5017C62BD9069F001034DD /* XGCURLManager.m */; };
		FB5018242BD9069F001034DD /* XGCURLManagerCenter.m in Sources */ = {isa = PBXBuildFile; fileRef = FB5017C82BD9069F001034DD /* XGCURLManagerCenter.m */; };
		FB5018252BD9069F001034DD /* XGCURLSession.m in Sources */ = {isa = PBXBuildFile; fileRef = FB5017CC2BD9069F001034DD /* XGCURLSession.m */; };
		FB5018262BD9069F001034DD /* XGCURLSessionDelegate.m in Sources */ = {isa = PBXBuildFile; fileRef = FB5017CE2BD9069F001034DD /* XGCURLSessionDelegate.m */; };
		FB5018272BD9069F001034DD /* XGCMenuAndFuncListModel.m in Sources */ = {isa = PBXBuildFile; fileRef = FB5017D12BD9069F001034DD /* XGCMenuAndFuncListModel.m */; };
		FB5018282BD9069F001034DD /* XGCMenuDataModel.m in Sources */ = {isa = PBXBuildFile; fileRef = FB5017D32BD9069F001034DD /* XGCMenuDataModel.m */; };
		FB5018292BD9069F001034DD /* XGCUserAclMapModel.m in Sources */ = {isa = PBXBuildFile; fileRef = FB5017D52BD9069F001034DD /* XGCUserAclMapModel.m */; };
		FB50182A2BD9069F001034DD /* XGCUserDictMapModel.m in Sources */ = {isa = PBXBuildFile; fileRef = FB5017D72BD9069F001034DD /* XGCUserDictMapModel.m */; };
		FB50182B2BD9069F001034DD /* XGCUserMapModel.m in Sources */ = {isa = PBXBuildFile; fileRef = FB5017D92BD9069F001034DD /* XGCUserMapModel.m */; };
		FB50182C2BD9069F001034DD /* XGCUserModel.m in Sources */ = {isa = PBXBuildFile; fileRef = FB5017DB2BD9069F001034DD /* XGCUserModel.m */; };
		FB50182D2BD9069F001034DD /* XGCUserManager.m in Sources */ = {isa = PBXBuildFile; fileRef = FB5017DE2BD9069F001034DD /* XGCUserManager.m */; };
		FB50182E2BD9069F001034DD /* XGCWebViewRoute.m in Sources */ = {isa = PBXBuildFile; fileRef = FB5017E12BD9069F001034DD /* XGCWebViewRoute.m */; };
		FB50182F2BD9069F001034DD /* XGCWebViewController.m in Sources */ = {isa = PBXBuildFile; fileRef = FB5017E42BD9069F001034DD /* XGCWebViewController.m */; };
		FB50184A2BDB3F1F001034DD /* XGCUploadSession.m in Sources */ = {isa = PBXBuildFile; fileRef = FB5018492BDB3F1F001034DD /* XGCUploadSession.m */; };
		FB50184D2BDB47D5001034DD /* XGCEmptyCollectionView.m in Sources */ = {isa = PBXBuildFile; fileRef = FB50184C2BDB47D5001034DD /* XGCEmptyCollectionView.m */; };
		FBED00692BEEFFE5005A029D /* XGCUISegmentedControl.m in Sources */ = {isa = PBXBuildFile; fileRef = FBED00672BEEFFE5005A029D /* XGCUISegmentedControl.m */; };
/* End PBXBuildFile section */

/* Begin PBXContainerItemProxy section */
		6003F5B3195388D20070C39A /* PBXContainerItemProxy */ = {
			isa = PBXContainerItemProxy;
			containerPortal = 6003F582195388D10070C39A /* Project object */;
			proxyType = 1;
			remoteGlobalIDString = 6003F589195388D20070C39A;
			remoteInfo = XGCMain;
		};
/* End PBXContainerItemProxy section */

/* Begin PBXFileReference section */
		0935A9F076F4173671B4347C /* XGCMain.podspec */ = {isa = PBXFileReference; includeInIndex = 1; lastKnownFileType = text; name = XGCMain.podspec; path = ../XGCMain.podspec; sourceTree = "<group>"; xcLanguageSpecificationIdentifier = xcode.lang.ruby; };
		0FA3C3D5BEC9A5C384F47A20 /* Pods-XGCMain_Example.debug.xcconfig */ = {isa = PBXFileReference; includeInIndex = 1; lastKnownFileType = text.xcconfig; name = "Pods-XGCMain_Example.debug.xcconfig"; path = "Target Support Files/Pods-XGCMain_Example/Pods-XGCMain_Example.debug.xcconfig"; sourceTree = "<group>"; };
		0FF9A6175F2B8C8E829252AB /* Pods-XGCMain_Tests.debug.xcconfig */ = {isa = PBXFileReference; includeInIndex = 1; lastKnownFileType = text.xcconfig; name = "Pods-XGCMain_Tests.debug.xcconfig"; path = "Target Support Files/Pods-XGCMain_Tests/Pods-XGCMain_Tests.debug.xcconfig"; sourceTree = "<group>"; };
		3EC3159A2761C01B17F35149 /* Pods-XGCMain_Tests.release.xcconfig */ = {isa = PBXFileReference; includeInIndex = 1; lastKnownFileType = text.xcconfig; name = "Pods-XGCMain_Tests.release.xcconfig"; path = "Target Support Files/Pods-XGCMain_Tests/Pods-XGCMain_Tests.release.xcconfig"; sourceTree = "<group>"; };
		6003F58A195388D20070C39A /* XGCMain_Example.app */ = {isa = PBXFileReference; explicitFileType = wrapper.application; includeInIndex = 0; path = XGCMain_Example.app; sourceTree = BUILT_PRODUCTS_DIR; };
		6003F58D195388D20070C39A /* Foundation.framework */ = {isa = PBXFileReference; lastKnownFileType = wrapper.framework; name = Foundation.framework; path = System/Library/Frameworks/Foundation.framework; sourceTree = SDKROOT; };
		6003F58F195388D20070C39A /* CoreGraphics.framework */ = {isa = PBXFileReference; lastKnownFileType = wrapper.framework; name = CoreGraphics.framework; path = System/Library/Frameworks/CoreGraphics.framework; sourceTree = SDKROOT; };
		6003F591195388D20070C39A /* UIKit.framework */ = {isa = PBXFileReference; lastKnownFileType = wrapper.framework; name = UIKit.framework; path = System/Library/Frameworks/UIKit.framework; sourceTree = SDKROOT; };
		6003F595195388D20070C39A /* XGCMain-Info.plist */ = {isa = PBXFileReference; lastKnownFileType = text.plist.xml; path = "XGCMain-Info.plist"; sourceTree = "<group>"; };
		6003F597195388D20070C39A /* en */ = {isa = PBXFileReference; lastKnownFileType = text.plist.strings; name = en; path = en.lproj/InfoPlist.strings; sourceTree = "<group>"; };
		6003F599195388D20070C39A /* main.m */ = {isa = PBXFileReference; lastKnownFileType = sourcecode.c.objc; path = main.m; sourceTree = "<group>"; };
		6003F59B195388D20070C39A /* XGCMain-Prefix.pch */ = {isa = PBXFileReference; lastKnownFileType = sourcecode.c.h; path = "XGCMain-Prefix.pch"; sourceTree = "<group>"; };
		6003F59C195388D20070C39A /* XGCAppDelegate.h */ = {isa = PBXFileReference; lastKnownFileType = sourcecode.c.h; path = XGCAppDelegate.h; sourceTree = "<group>"; };
		6003F59D195388D20070C39A /* XGCAppDelegate.m */ = {isa = PBXFileReference; lastKnownFileType = sourcecode.c.objc; path = XGCAppDelegate.m; sourceTree = "<group>"; };
		6003F5A5195388D20070C39A /* XGCViewController.h */ = {isa = PBXFileReference; lastKnownFileType = sourcecode.c.h; path = XGCViewController.h; sourceTree = "<group>"; };
		6003F5A6195388D20070C39A /* XGCViewController.m */ = {isa = PBXFileReference; lastKnownFileType = sourcecode.c.objc; path = XGCViewController.m; sourceTree = "<group>"; };
		6003F5A8195388D20070C39A /* Images.xcassets */ = {isa = PBXFileReference; lastKnownFileType = folder.assetcatalog; path = Images.xcassets; sourceTree = "<group>"; };
		6003F5AE195388D20070C39A /* XGCMain_Tests.xctest */ = {isa = PBXFileReference; explicitFileType = wrapper.cfbundle; includeInIndex = 0; path = XGCMain_Tests.xctest; sourceTree = BUILT_PRODUCTS_DIR; };
		6003F5AF195388D20070C39A /* XCTest.framework */ = {isa = PBXFileReference; lastKnownFileType = wrapper.framework; name = XCTest.framework; path = Library/Frameworks/XCTest.framework; sourceTree = DEVELOPER_DIR; };
		6003F5B7195388D20070C39A /* Tests-Info.plist */ = {isa = PBXFileReference; lastKnownFileType = text.plist.xml; path = "Tests-Info.plist"; sourceTree = "<group>"; };
		6003F5B9195388D20070C39A /* en */ = {isa = PBXFileReference; lastKnownFileType = text.plist.strings; name = en; path = en.lproj/InfoPlist.strings; sourceTree = "<group>"; };
		6003F5BB195388D20070C39A /* Tests.m */ = {isa = PBXFileReference; lastKnownFileType = sourcecode.c.objc; path = Tests.m; sourceTree = "<group>"; };
		606FC2411953D9B200FFA9A0 /* Tests-Prefix.pch */ = {isa = PBXFileReference; lastKnownFileType = sourcecode.c.h; path = "Tests-Prefix.pch"; sourceTree = "<group>"; };
		71719F9E1E33DC2100824A3D /* Base */ = {isa = PBXFileReference; lastKnownFileType = file.storyboard; name = Base; path = Base.lproj/LaunchScreen.storyboard; sourceTree = "<group>"; };
		873B8AEA1B1F5CCA007FD442 /* Main.storyboard */ = {isa = PBXFileReference; fileEncoding = 4; lastKnownFileType = file.storyboard; name = Main.storyboard; path = Base.lproj/Main.storyboard; sourceTree = "<group>"; };
		8E6EE84C871889955E2C717C /* Pods-XGCMain_Example.release.xcconfig */ = {isa = PBXFileReference; includeInIndex = 1; lastKnownFileType = text.xcconfig; name = "Pods-XGCMain_Example.release.xcconfig"; path = "Target Support Files/Pods-XGCMain_Example/Pods-XGCMain_Example.release.xcconfig"; sourceTree = "<group>"; };
		8F98A8A711037E260861FD87 /* README.md */ = {isa = PBXFileReference; includeInIndex = 1; lastKnownFileType = net.daringfireball.markdown; name = README.md; path = ../README.md; sourceTree = "<group>"; };
		E4202EF893EB0C6F45B5B442 /* Pods_XGCMain_Example.framework */ = {isa = PBXFileReference; explicitFileType = wrapper.framework; includeInIndex = 0; path = Pods_XGCMain_Example.framework; sourceTree = BUILT_PRODUCTS_DIR; };
		EA28DCDA7CB16C6B0BBB8410 /* Pods_XGCMain_Tests.framework */ = {isa = PBXFileReference; explicitFileType = wrapper.framework; includeInIndex = 0; path = Pods_XGCMain_Tests.framework; sourceTree = BUILT_PRODUCTS_DIR; };
		F6E7DAC45F9F6D406AA23009 /* LICENSE */ = {isa = PBXFileReference; includeInIndex = 1; lastKnownFileType = text; name = LICENSE; path = ../LICENSE; sourceTree = "<group>"; };
		FB5012E02BD75018001034DD /* XGCSecondaryViewController.h */ = {isa = PBXFileReference; lastKnownFileType = sourcecode.c.h; path = XGCSecondaryViewController.h; sourceTree = "<group>"; };
		FB5012E12BD75018001034DD /* XGCSecondaryViewController.m */ = {isa = PBXFileReference; lastKnownFileType = sourcecode.c.objc; path = XGCSecondaryViewController.m; sourceTree = "<group>"; };
		FB50162B2BD8F1C4001034DD /* XGCSceneDelegate.h */ = {isa = PBXFileReference; fileEncoding = 4; lastKnownFileType = sourcecode.c.h; path = XGCSceneDelegate.h; sourceTree = "<group>"; };
		FB50162C2BD8F1C4001034DD /* XGCSceneDelegate.m */ = {isa = PBXFileReference; fileEncoding = 4; lastKnownFileType = sourcecode.c.objc; path = XGCSceneDelegate.m; sourceTree = "<group>"; };
		FB5017312BD9069F001034DD /* XGCMain.xcassets */ = {isa = PBXFileReference; lastKnownFileType = folder.assetcatalog; path = XGCMain.xcassets; sourceTree = "<group>"; };
		FB5017332BD9069F001034DD /* UIControl+XGCControl.h */ = {isa = PBXFileReference; fileEncoding = 4; lastKnownFileType = sourcecode.c.h; path = "UIControl+XGCControl.h"; sourceTree = "<group>"; };
		FB5017342BD9069F001034DD /* UIControl+XGCControl.m */ = {isa = PBXFileReference; fileEncoding = 4; lastKnownFileType = sourcecode.c.objc; path = "UIControl+XGCControl.m"; sourceTree = "<group>"; };
		FB5017352BD9069F001034DD /* UIView+XGCView.h */ = {isa = PBXFileReference; fileEncoding = 4; lastKnownFileType = sourcecode.c.h; path = "UIView+XGCView.h"; sourceTree = "<group>"; };
		FB5017362BD9069F001034DD /* UIView+XGCView.m */ = {isa = PBXFileReference; fileEncoding = 4; lastKnownFileType = sourcecode.c.objc; path = "UIView+XGCView.m"; sourceTree = "<group>"; };
		FB5017372BD9069F001034DD /* XGCActivityIndicatorView.h */ = {isa = PBXFileReference; fileEncoding = 4; lastKnownFileType = sourcecode.c.h; path = XGCActivityIndicatorView.h; sourceTree = "<group>"; };
		FB5017382BD9069F001034DD /* XGCActivityIndicatorView.m */ = {isa = PBXFileReference; fileEncoding = 4; lastKnownFileType = sourcecode.c.objc; path = XGCActivityIndicatorView.m; sourceTree = "<group>"; };
		FB5017392BD9069F001034DD /* XGCViewConfiguration.h */ = {isa = PBXFileReference; fileEncoding = 4; lastKnownFileType = sourcecode.c.h; path = XGCViewConfiguration.h; sourceTree = "<group>"; };
		FB50173A2BD9069F001034DD /* XGCViewConfiguration.m */ = {isa = PBXFileReference; fileEncoding = 4; lastKnownFileType = sourcecode.c.objc; path = XGCViewConfiguration.m; sourceTree = "<group>"; };
		FB50173B2BD9069F001034DD /* XGCViewLayer.h */ = {isa = PBXFileReference; fileEncoding = 4; lastKnownFileType = sourcecode.c.h; path = XGCViewLayer.h; sourceTree = "<group>"; };
		FB50173C2BD9069F001034DD /* XGCViewLayer.m */ = {isa = PBXFileReference; fileEncoding = 4; lastKnownFileType = sourcecode.c.objc; path = XGCViewLayer.m; sourceTree = "<group>"; };
		FB50173E2BD9069F001034DD /* NSArray+XGCArray.h */ = {isa = PBXFileReference; fileEncoding = 4; lastKnownFileType = sourcecode.c.h; path = "NSArray+XGCArray.h"; sourceTree = "<group>"; };
		FB50173F2BD9069F001034DD /* NSArray+XGCArray.m */ = {isa = PBXFileReference; fileEncoding = 4; lastKnownFileType = sourcecode.c.objc; path = "NSArray+XGCArray.m"; sourceTree = "<group>"; };
		FB5017402BD9069F001034DD /* NSBundle+XGCBundle.h */ = {isa = PBXFileReference; fileEncoding = 4; lastKnownFileType = sourcecode.c.h; path = "NSBundle+XGCBundle.h"; sourceTree = "<group>"; };
		FB5017412BD9069F001034DD /* NSBundle+XGCBundle.m */ = {isa = PBXFileReference; fileEncoding = 4; lastKnownFileType = sourcecode.c.objc; path = "NSBundle+XGCBundle.m"; sourceTree = "<group>"; };
		FB5017422BD9069F001034DD /* NSCalendar+XGCCalendar.h */ = {isa = PBXFileReference; fileEncoding = 4; lastKnownFileType = sourcecode.c.h; path = "NSCalendar+XGCCalendar.h"; sourceTree = "<group>"; };
		FB5017432BD9069F001034DD /* NSCalendar+XGCCalendar.m */ = {isa = PBXFileReference; fileEncoding = 4; lastKnownFileType = sourcecode.c.objc; path = "NSCalendar+XGCCalendar.m"; sourceTree = "<group>"; };
		FB5017442BD9069F001034DD /* NSDate+XGCDate.h */ = {isa = PBXFileReference; fileEncoding = 4; lastKnownFileType = sourcecode.c.h; path = "NSDate+XGCDate.h"; sourceTree = "<group>"; };
		FB5017452BD9069F001034DD /* NSDate+XGCDate.m */ = {isa = PBXFileReference; fileEncoding = 4; lastKnownFileType = sourcecode.c.objc; path = "NSDate+XGCDate.m"; sourceTree = "<group>"; };
		FB5017462BD9069F001034DD /* NSString+XGCString.h */ = {isa = PBXFileReference; fileEncoding = 4; lastKnownFileType = sourcecode.c.h; path = "NSString+XGCString.h"; sourceTree = "<group>"; };
		FB5017472BD9069F001034DD /* NSString+XGCString.m */ = {isa = PBXFileReference; fileEncoding = 4; lastKnownFileType = sourcecode.c.objc; path = "NSString+XGCString.m"; sourceTree = "<group>"; };
		FB5017482BD9069F001034DD /* UIColor+XGCColor.h */ = {isa = PBXFileReference; fileEncoding = 4; lastKnownFileType = sourcecode.c.h; path = "UIColor+XGCColor.h"; sourceTree = "<group>"; };
		FB5017492BD9069F001034DD /* UIColor+XGCColor.m */ = {isa = PBXFileReference; fileEncoding = 4; lastKnownFileType = sourcecode.c.objc; path = "UIColor+XGCColor.m"; sourceTree = "<group>"; };
		FB50174A2BD9069F001034DD /* UIDevice+XGCDevice.h */ = {isa = PBXFileReference; fileEncoding = 4; lastKnownFileType = sourcecode.c.h; path = "UIDevice+XGCDevice.h"; sourceTree = "<group>"; };
		FB50174B2BD9069F001034DD /* UIDevice+XGCDevice.m */ = {isa = PBXFileReference; fileEncoding = 4; lastKnownFileType = sourcecode.c.objc; path = "UIDevice+XGCDevice.m"; sourceTree = "<group>"; };
		FB50174C2BD9069F001034DD /* UIImage+XGCImage.h */ = {isa = PBXFileReference; fileEncoding = 4; lastKnownFileType = sourcecode.c.h; path = "UIImage+XGCImage.h"; sourceTree = "<group>"; };
		FB50174D2BD9069F001034DD /* UIImage+XGCImage.m */ = {isa = PBXFileReference; fileEncoding = 4; lastKnownFileType = sourcecode.c.objc; path = "UIImage+XGCImage.m"; sourceTree = "<group>"; };
		FB50174F2BD9069F001034DD /* XGCMainAppFuncCodeRefreshViewController.h */ = {isa = PBXFileReference; fileEncoding = 4; lastKnownFileType = sourcecode.c.h; path = XGCMainAppFuncCodeRefreshViewController.h; sourceTree = "<group>"; };
		FB5017502BD9069F001034DD /* XGCMainAppFuncCodeRefreshViewController.m */ = {isa = PBXFileReference; fileEncoding = 4; lastKnownFileType = sourcecode.c.objc; path = XGCMainAppFuncCodeRefreshViewController.m; sourceTree = "<group>"; };
		FB5017512BD9069F001034DD /* XGCMainAppFuncCodeViewController.h */ = {isa = PBXFileReference; fileEncoding = 4; lastKnownFileType = sourcecode.c.h; path = XGCMainAppFuncCodeViewController.h; sourceTree = "<group>"; };
		FB5017522BD9069F001034DD /* XGCMainAppFuncCodeViewController.m */ = {isa = PBXFileReference; fileEncoding = 4; lastKnownFileType = sourcecode.c.objc; path = XGCMainAppFuncCodeViewController.m; sourceTree = "<group>"; };
		FB5017532BD9069F001034DD /* XGCMainNavigationController.h */ = {isa = PBXFileReference; fileEncoding = 4; lastKnownFileType = sourcecode.c.h; path = XGCMainNavigationController.h; sourceTree = "<group>"; };
		FB5017542BD9069F001034DD /* XGCMainNavigationController.m */ = {isa = PBXFileReference; fileEncoding = 4; lastKnownFileType = sourcecode.c.objc; path = XGCMainNavigationController.m; sourceTree = "<group>"; };
		FB5017552BD9069F001034DD /* XGCMainNavigationControllerDelegate.h */ = {isa = PBXFileReference; fileEncoding = 4; lastKnownFileType = sourcecode.c.h; path = XGCMainNavigationControllerDelegate.h; sourceTree = "<group>"; };
		FB5017562BD9069F001034DD /* XGCMainNavigationControllerDelegate.m */ = {isa = PBXFileReference; fileEncoding = 4; lastKnownFileType = sourcecode.c.objc; path = XGCMainNavigationControllerDelegate.m; sourceTree = "<group>"; };
		FB5017572BD9069F001034DD /* XGCMainRefreshViewController.h */ = {isa = PBXFileReference; fileEncoding = 4; lastKnownFileType = sourcecode.c.h; path = XGCMainRefreshViewController.h; sourceTree = "<group>"; };
		FB5017582BD9069F001034DD /* XGCMainRefreshViewController.m */ = {isa = PBXFileReference; fileEncoding = 4; lastKnownFileType = sourcecode.c.objc; path = XGCMainRefreshViewController.m; sourceTree = "<group>"; };
		FB5017592BD9069F001034DD /* XGCMainTabBarController.h */ = {isa = PBXFileReference; fileEncoding = 4; lastKnownFileType = sourcecode.c.h; path = XGCMainTabBarController.h; sourceTree = "<group>"; };
		FB50175A2BD9069F001034DD /* XGCMainTabBarController.m */ = {isa = PBXFileReference; fileEncoding = 4; lastKnownFileType = sourcecode.c.objc; path = XGCMainTabBarController.m; sourceTree = "<group>"; };
		FB50175B2BD9069F001034DD /* XGCMainViewController.h */ = {isa = PBXFileReference; fileEncoding = 4; lastKnownFileType = sourcecode.c.h; path = XGCMainViewController.h; sourceTree = "<group>"; };
		FB50175C2BD9069F001034DD /* XGCMainViewController.m */ = {isa = PBXFileReference; fileEncoding = 4; lastKnownFileType = sourcecode.c.objc; path = XGCMainViewController.m; sourceTree = "<group>"; };
		FB50175E2BD9069F001034DD /* XGCMainFormRowDictMapCollectionViewCell.h */ = {isa = PBXFileReference; fileEncoding = 4; lastKnownFileType = sourcecode.c.h; path = XGCMainFormRowDictMapCollectionViewCell.h; sourceTree = "<group>"; };
		FB50175F2BD9069F001034DD /* XGCMainFormRowDictMapCollectionViewCell.m */ = {isa = PBXFileReference; fileEncoding = 4; lastKnownFileType = sourcecode.c.objc; path = XGCMainFormRowDictMapCollectionViewCell.m; sourceTree = "<group>"; };
		FB5017602BD9069F001034DD /* XGCMainFormRowTableViewCell.h */ = {isa = PBXFileReference; fileEncoding = 4; lastKnownFileType = sourcecode.c.h; path = XGCMainFormRowTableViewCell.h; sourceTree = "<group>"; };
		FB5017612BD9069F001034DD /* XGCMainFormRowTableViewCell.m */ = {isa = PBXFileReference; fileEncoding = 4; lastKnownFileType = sourcecode.c.objc; path = XGCMainFormRowTableViewCell.m; sourceTree = "<group>"; };
		FB5017622BD9069F001034DD /* XGCMainFormSectionTableHeaderView.h */ = {isa = PBXFileReference; fileEncoding = 4; lastKnownFileType = sourcecode.c.h; path = XGCMainFormSectionTableHeaderView.h; sourceTree = "<group>"; };
		FB5017632BD9069F001034DD /* XGCMainFormSectionTableHeaderView.m */ = {isa = PBXFileReference; fileEncoding = 4; lastKnownFileType = sourcecode.c.objc; path = XGCMainFormSectionTableHeaderView.m; sourceTree = "<group>"; };
		FB5017652BD9069F001034DD /* XGCMainFormDescriptor.h */ = {isa = PBXFileReference; fileEncoding = 4; lastKnownFileType = sourcecode.c.h; path = XGCMainFormDescriptor.h; sourceTree = "<group>"; };
		FB5017662BD9069F001034DD /* XGCMainFormDescriptor.m */ = {isa = PBXFileReference; fileEncoding = 4; lastKnownFileType = sourcecode.c.objc; path = XGCMainFormDescriptor.m; sourceTree = "<group>"; };
		FB5017672BD9069F001034DD /* XGCMainFormRowDescriptor.h */ = {isa = PBXFileReference; fileEncoding = 4; lastKnownFileType = sourcecode.c.h; path = XGCMainFormRowDescriptor.h; sourceTree = "<group>"; };
		FB5017682BD9069F001034DD /* XGCMainFormRowDescriptor.m */ = {isa = PBXFileReference; fileEncoding = 4; lastKnownFileType = sourcecode.c.objc; path = XGCMainFormRowDescriptor.m; sourceTree = "<group>"; };
		FB5017692BD9069F001034DD /* XGCMainFormSectionDescriptor.h */ = {isa = PBXFileReference; fileEncoding = 4; lastKnownFileType = sourcecode.c.h; path = XGCMainFormSectionDescriptor.h; sourceTree = "<group>"; };
		FB50176A2BD9069F001034DD /* XGCMainFormSectionDescriptor.m */ = {isa = PBXFileReference; fileEncoding = 4; lastKnownFileType = sourcecode.c.objc; path = XGCMainFormSectionDescriptor.m; sourceTree = "<group>"; };
		FB50176E2BD9069F001034DD /* XGCMainAppFuncCodeFormViewController.h */ = {isa = PBXFileReference; fileEncoding = 4; lastKnownFileType = sourcecode.c.h; path = XGCMainAppFuncCodeFormViewController.h; sourceTree = "<group>"; };
		FB50176F2BD9069F001034DD /* XGCMainAppFuncCodeFormViewController.m */ = {isa = PBXFileReference; fileEncoding = 4; lastKnownFileType = sourcecode.c.objc; path = XGCMainAppFuncCodeFormViewController.m; sourceTree = "<group>"; };
		FB5017732BD9069F001034DD /* XGCMainRoute.h */ = {isa = PBXFileReference; fileEncoding = 4; lastKnownFileType = sourcecode.c.h; path = XGCMainRoute.h; sourceTree = "<group>"; };
		FB5017742BD9069F001034DD /* XGCMainRoute.m */ = {isa = PBXFileReference; fileEncoding = 4; lastKnownFileType = sourcecode.c.objc; path = XGCMainRoute.m; sourceTree = "<group>"; };
		FB5017762BD9069F001034DD /* XGCAlertTableViewCell.h */ = {isa = PBXFileReference; fileEncoding = 4; lastKnownFileType = sourcecode.c.h; path = XGCAlertTableViewCell.h; sourceTree = "<group>"; };
		FB5017772BD9069F001034DD /* XGCAlertTableViewCell.m */ = {isa = PBXFileReference; fileEncoding = 4; lastKnownFileType = sourcecode.c.objc; path = XGCAlertTableViewCell.m; sourceTree = "<group>"; };
		FB5017782BD9069F001034DD /* XGCAlertView.h */ = {isa = PBXFileReference; fileEncoding = 4; lastKnownFileType = sourcecode.c.h; path = XGCAlertView.h; sourceTree = "<group>"; };
		FB5017792BD9069F001034DD /* XGCAlertView.m */ = {isa = PBXFileReference; fileEncoding = 4; lastKnownFileType = sourcecode.c.objc; path = XGCAlertView.m; sourceTree = "<group>"; };
		FB50177B2BD9069F001034DD /* XGCDatePickerView.h */ = {isa = PBXFileReference; fileEncoding = 4; lastKnownFileType = sourcecode.c.h; path = XGCDatePickerView.h; sourceTree = "<group>"; };
		FB50177C2BD9069F001034DD /* XGCDatePickerView.m */ = {isa = PBXFileReference; fileEncoding = 4; lastKnownFileType = sourcecode.c.objc; path = XGCDatePickerView.m; sourceTree = "<group>"; };
		FB50177E2BD9069F001034DD /* XGCImageUrlControl.h */ = {isa = PBXFileReference; fileEncoding = 4; lastKnownFileType = sourcecode.c.h; path = XGCImageUrlControl.h; sourceTree = "<group>"; };
		FB50177F2BD9069F001034DD /* XGCImageUrlControl.m */ = {isa = PBXFileReference; fileEncoding = 4; lastKnownFileType = sourcecode.c.objc; path = XGCImageUrlControl.m; sourceTree = "<group>"; };
		FB5017812BD9069F001034DD /* XGCMainPickerManager.h */ = {isa = PBXFileReference; fileEncoding = 4; lastKnownFileType = sourcecode.c.h; path = XGCMainPickerManager.h; sourceTree = "<group>"; };
		FB5017822BD9069F001034DD /* XGCMainPickerManager.m */ = {isa = PBXFileReference; fileEncoding = 4; lastKnownFileType = sourcecode.c.objc; path = XGCMainPickerManager.m; sourceTree = "<group>"; };
		FB5017842BD9069F001034DD /* XGCSearchTextField.h */ = {isa = PBXFileReference; fileEncoding = 4; lastKnownFileType = sourcecode.c.h; path = XGCSearchTextField.h; sourceTree = "<group>"; };
		FB5017852BD9069F001034DD /* XGCSearchTextField.m */ = {isa = PBXFileReference; fileEncoding = 4; lastKnownFileType = sourcecode.c.objc; path = XGCSearchTextField.m; sourceTree = "<group>"; };
		FB5017872BD9069F001034DD /* XGCTextField.h */ = {isa = PBXFileReference; fileEncoding = 4; lastKnownFileType = sourcecode.c.h; path = XGCTextField.h; sourceTree = "<group>"; };
		FB5017882BD9069F001034DD /* XGCTextField.m */ = {isa = PBXFileReference; fileEncoding = 4; lastKnownFileType = sourcecode.c.objc; path = XGCTextField.m; sourceTree = "<group>"; };
		FB5017892BD9069F001034DD /* XGCTextFieldDelegator.h */ = {isa = PBXFileReference; fileEncoding = 4; lastKnownFileType = sourcecode.c.h; path = XGCTextFieldDelegator.h; sourceTree = "<group>"; };
		FB50178A2BD9069F001034DD /* XGCTextFieldDelegator.m */ = {isa = PBXFileReference; fileEncoding = 4; lastKnownFileType = sourcecode.c.objc; path = XGCTextFieldDelegator.m; sourceTree = "<group>"; };
		FB50178C2BD9069F001034DD /* XGCTextView.h */ = {isa = PBXFileReference; fileEncoding = 4; lastKnownFileType = sourcecode.c.h; path = XGCTextView.h; sourceTree = "<group>"; };
		FB50178D2BD9069F001034DD /* XGCTextView.m */ = {isa = PBXFileReference; fileEncoding = 4; lastKnownFileType = sourcecode.c.objc; path = XGCTextView.m; sourceTree = "<group>"; };
		FB5017902BD9069F001034DD /* XGCMediaPreviewCollectionViewCell.h */ = {isa = PBXFileReference; fileEncoding = 4; lastKnownFileType = sourcecode.c.h; path = XGCMediaPreviewCollectionViewCell.h; sourceTree = "<group>"; };
		FB5017912BD9069F001034DD /* XGCMediaPreviewCollectionViewCell.m */ = {isa = PBXFileReference; fileEncoding = 4; lastKnownFileType = sourcecode.c.objc; path = XGCMediaPreviewCollectionViewCell.m; sourceTree = "<group>"; };
		FB5017932BD9069F001034DD /* KSImageManagerProtocol.h */ = {isa = PBXFileReference; fileEncoding = 4; lastKnownFileType = sourcecode.c.h; path = KSImageManagerProtocol.h; sourceTree = "<group>"; };
		FB5017942BD9069F001034DD /* KSPhotoBrowser.h */ = {isa = PBXFileReference; fileEncoding = 4; lastKnownFileType = sourcecode.c.h; path = KSPhotoBrowser.h; sourceTree = "<group>"; };
		FB5017952BD9069F001034DD /* KSPhotoBrowser.m */ = {isa = PBXFileReference; fileEncoding = 4; lastKnownFileType = sourcecode.c.objc; path = KSPhotoBrowser.m; sourceTree = "<group>"; };
		FB5017962BD9069F001034DD /* KSPhotoBrowserManager.h */ = {isa = PBXFileReference; fileEncoding = 4; lastKnownFileType = sourcecode.c.h; path = KSPhotoBrowserManager.h; sourceTree = "<group>"; };
		FB5017972BD9069F001034DD /* KSPhotoBrowserManager.m */ = {isa = PBXFileReference; fileEncoding = 4; lastKnownFileType = sourcecode.c.objc; path = KSPhotoBrowserManager.m; sourceTree = "<group>"; };
		FB5017982BD9069F001034DD /* KSPhotoItem.h */ = {isa = PBXFileReference; fileEncoding = 4; lastKnownFileType = sourcecode.c.h; path = KSPhotoItem.h; sourceTree = "<group>"; };
		FB5017992BD9069F001034DD /* KSPhotoItem.m */ = {isa = PBXFileReference; fileEncoding = 4; lastKnownFileType = sourcecode.c.objc; path = KSPhotoItem.m; sourceTree = "<group>"; };
		FB50179A2BD9069F001034DD /* KSPhotoView.h */ = {isa = PBXFileReference; fileEncoding = 4; lastKnownFileType = sourcecode.c.h; path = KSPhotoView.h; sourceTree = "<group>"; };
		FB50179B2BD9069F001034DD /* KSPhotoView.m */ = {isa = PBXFileReference; fileEncoding = 4; lastKnownFileType = sourcecode.c.objc; path = KSPhotoView.m; sourceTree = "<group>"; };
		FB50179C2BD9069F001034DD /* KSProgressLayer.h */ = {isa = PBXFileReference; fileEncoding = 4; lastKnownFileType = sourcecode.c.h; path = KSProgressLayer.h; sourceTree = "<group>"; };
		FB50179D2BD9069F001034DD /* KSProgressLayer.m */ = {isa = PBXFileReference; fileEncoding = 4; lastKnownFileType = sourcecode.c.objc; path = KSProgressLayer.m; sourceTree = "<group>"; };
		FB50179E2BD9069F001034DD /* KSSDImageManager.h */ = {isa = PBXFileReference; fileEncoding = 4; lastKnownFileType = sourcecode.c.h; path = KSSDImageManager.h; sourceTree = "<group>"; };
		FB50179F2BD9069F001034DD /* KSSDImageManager.m */ = {isa = PBXFileReference; fileEncoding = 4; lastKnownFileType = sourcecode.c.objc; path = KSSDImageManager.m; sourceTree = "<group>"; };
		FB5017A12BD9069F001034DD /* XGCMediaPreviewModel.h */ = {isa = PBXFileReference; fileEncoding = 4; lastKnownFileType = sourcecode.c.h; path = XGCMediaPreviewModel.h; sourceTree = "<group>"; };
		FB5017A22BD9069F001034DD /* XGCMediaPreviewModel.m */ = {isa = PBXFileReference; fileEncoding = 4; lastKnownFileType = sourcecode.c.objc; path = XGCMediaPreviewModel.m; sourceTree = "<group>"; };
		FB5017A42BD9069F001034DD /* XGCMediaPreviewRoute.h */ = {isa = PBXFileReference; fileEncoding = 4; lastKnownFileType = sourcecode.c.h; path = XGCMediaPreviewRoute.h; sourceTree = "<group>"; };
		FB5017A52BD9069F001034DD /* XGCMediaPreviewRoute.m */ = {isa = PBXFileReference; fileEncoding = 4; lastKnownFileType = sourcecode.c.objc; path = XGCMediaPreviewRoute.m; sourceTree = "<group>"; };
		FB5017A72BD9069F001034DD /* XGCMediaPreviewContainerView.h */ = {isa = PBXFileReference; fileEncoding = 4; lastKnownFileType = sourcecode.c.h; path = XGCMediaPreviewContainerView.h; sourceTree = "<group>"; };
		FB5017A82BD9069F001034DD /* XGCMediaPreviewContainerView.m */ = {isa = PBXFileReference; fileEncoding = 4; lastKnownFileType = sourcecode.c.objc; path = XGCMediaPreviewContainerView.m; sourceTree = "<group>"; };
		FB5017AA2BD9069F001034DD /* XGCConfiguration.h */ = {isa = PBXFileReference; fileEncoding = 4; lastKnownFileType = sourcecode.c.h; path = XGCConfiguration.h; sourceTree = "<group>"; };
		FB5017AB2BD9069F001034DD /* XGCConfiguration.m */ = {isa = PBXFileReference; fileEncoding = 4; lastKnownFileType = sourcecode.c.objc; path = XGCConfiguration.m; sourceTree = "<group>"; };
		FB5017AC2BD9069F001034DD /* XGCThemeManager.h */ = {isa = PBXFileReference; fileEncoding = 4; lastKnownFileType = sourcecode.c.h; path = XGCThemeManager.h; sourceTree = "<group>"; };
		FB5017AD2BD9069F001034DD /* XGCThemeManager.m */ = {isa = PBXFileReference; fileEncoding = 4; lastKnownFileType = sourcecode.c.objc; path = XGCThemeManager.m; sourceTree = "<group>"; };
		FB5017AE2BD9069F001034DD /* XGCThemeManagerCenter.h */ = {isa = PBXFileReference; fileEncoding = 4; lastKnownFileType = sourcecode.c.h; path = XGCThemeManagerCenter.h; sourceTree = "<group>"; };
		FB5017AF2BD9069F001034DD /* XGCThemeManagerCenter.m */ = {isa = PBXFileReference; fileEncoding = 4; lastKnownFileType = sourcecode.c.objc; path = XGCThemeManagerCenter.m; sourceTree = "<group>"; };
		FB5017B02BD9069F001034DD /* XGCThemeTemplateProtocol.h */ = {isa = PBXFileReference; fileEncoding = 4; lastKnownFileType = sourcecode.c.h; path = XGCThemeTemplateProtocol.h; sourceTree = "<group>"; };
		FB5017B22BD9069F001034DD /* XGCAFNetworking.h */ = {isa = PBXFileReference; fileEncoding = 4; lastKnownFileType = sourcecode.c.h; path = XGCAFNetworking.h; sourceTree = "<group>"; };
		FB5017B32BD9069F001034DD /* XGCAFNetworking.m */ = {isa = PBXFileReference; fileEncoding = 4; lastKnownFileType = sourcecode.c.objc; path = XGCAFNetworking.m; sourceTree = "<group>"; };
		FB5017B42BD9069F001034DD /* XGCAFNetworkingDelegate.h */ = {isa = PBXFileReference; fileEncoding = 4; lastKnownFileType = sourcecode.c.h; path = XGCAFNetworkingDelegate.h; sourceTree = "<group>"; };
		FB5017B52BD9069F001034DD /* XGCAFNetworkingDelegate.m */ = {isa = PBXFileReference; fileEncoding = 4; lastKnownFileType = sourcecode.c.objc; path = XGCAFNetworkingDelegate.m; sourceTree = "<group>"; };
		FB5017B72BD9069F001034DD /* XGCAliyunOSSiOS.h */ = {isa = PBXFileReference; fileEncoding = 4; lastKnownFileType = sourcecode.c.h; path = XGCAliyunOSSiOS.h; sourceTree = "<group>"; };
		FB5017B82BD9069F001034DD /* XGCAliyunOSSiOS.m */ = {isa = PBXFileReference; fileEncoding = 4; lastKnownFileType = sourcecode.c.objc; path = XGCAliyunOSSiOS.m; sourceTree = "<group>"; };
		FB5017B92BD9069F001034DD /* XGCAliyunOSSiOSDelegate.h */ = {isa = PBXFileReference; fileEncoding = 4; lastKnownFileType = sourcecode.c.h; path = XGCAliyunOSSiOSDelegate.h; sourceTree = "<group>"; };
		FB5017BA2BD9069F001034DD /* XGCAliyunOSSiOSDelegate.m */ = {isa = PBXFileReference; fileEncoding = 4; lastKnownFileType = sourcecode.c.objc; path = XGCAliyunOSSiOSDelegate.m; sourceTree = "<group>"; };
		FB5017BC2BD9069F001034DD /* XGCEmptyTableView.h */ = {isa = PBXFileReference; fileEncoding = 4; lastKnownFileType = sourcecode.c.h; path = XGCEmptyTableView.h; sourceTree = "<group>"; };
		FB5017BD2BD9069F001034DD /* XGCEmptyTableView.m */ = {isa = PBXFileReference; fileEncoding = 4; lastKnownFileType = sourcecode.c.objc; path = XGCEmptyTableView.m; sourceTree = "<group>"; };
		FB5017BF2BD9069F001034DD /* XGCRefreshCollectionView.h */ = {isa = PBXFileReference; fileEncoding = 4; lastKnownFileType = sourcecode.c.h; path = XGCRefreshCollectionView.h; sourceTree = "<group>"; };
		FB5017C02BD9069F001034DD /* XGCRefreshCollectionView.m */ = {isa = PBXFileReference; fileEncoding = 4; lastKnownFileType = sourcecode.c.objc; path = XGCRefreshCollectionView.m; sourceTree = "<group>"; };
		FB5017C12BD9069F001034DD /* XGCRefreshTableView.h */ = {isa = PBXFileReference; fileEncoding = 4; lastKnownFileType = sourcecode.c.h; path = XGCRefreshTableView.h; sourceTree = "<group>"; };
		FB5017C22BD9069F001034DD /* XGCRefreshTableView.m */ = {isa = PBXFileReference; fileEncoding = 4; lastKnownFileType = sourcecode.c.objc; path = XGCRefreshTableView.m; sourceTree = "<group>"; };
		FB5017C52BD9069F001034DD /* XGCURLManager.h */ = {isa = PBXFileReference; fileEncoding = 4; lastKnownFileType = sourcecode.c.h; path = XGCURLManager.h; sourceTree = "<group>"; };
		FB5017C62BD9069F001034DD /* XGCURLManager.m */ = {isa = PBXFileReference; fileEncoding = 4; lastKnownFileType = sourcecode.c.objc; path = XGCURLManager.m; sourceTree = "<group>"; };
		FB5017C72BD9069F001034DD /* XGCURLManagerCenter.h */ = {isa = PBXFileReference; fileEncoding = 4; lastKnownFileType = sourcecode.c.h; path = XGCURLManagerCenter.h; sourceTree = "<group>"; };
		FB5017C82BD9069F001034DD /* XGCURLManagerCenter.m */ = {isa = PBXFileReference; fileEncoding = 4; lastKnownFileType = sourcecode.c.objc; path = XGCURLManagerCenter.m; sourceTree = "<group>"; };
		FB5017C92BD9069F001034DD /* XGCURLProtocol.h */ = {isa = PBXFileReference; fileEncoding = 4; lastKnownFileType = sourcecode.c.h; path = XGCURLProtocol.h; sourceTree = "<group>"; };
		FB5017CB2BD9069F001034DD /* XGCURLSession.h */ = {isa = PBXFileReference; fileEncoding = 4; lastKnownFileType = sourcecode.c.h; path = XGCURLSession.h; sourceTree = "<group>"; };
		FB5017CC2BD9069F001034DD /* XGCURLSession.m */ = {isa = PBXFileReference; fileEncoding = 4; lastKnownFileType = sourcecode.c.objc; path = XGCURLSession.m; sourceTree = "<group>"; };
		FB5017CD2BD9069F001034DD /* XGCURLSessionDelegate.h */ = {isa = PBXFileReference; fileEncoding = 4; lastKnownFileType = sourcecode.c.h; path = XGCURLSessionDelegate.h; sourceTree = "<group>"; };
		FB5017CE2BD9069F001034DD /* XGCURLSessionDelegate.m */ = {isa = PBXFileReference; fileEncoding = 4; lastKnownFileType = sourcecode.c.objc; path = XGCURLSessionDelegate.m; sourceTree = "<group>"; };
		FB5017D02BD9069F001034DD /* XGCMenuAndFuncListModel.h */ = {isa = PBXFileReference; fileEncoding = 4; lastKnownFileType = sourcecode.c.h; path = XGCMenuAndFuncListModel.h; sourceTree = "<group>"; };
		FB5017D12BD9069F001034DD /* XGCMenuAndFuncListModel.m */ = {isa = PBXFileReference; fileEncoding = 4; lastKnownFileType = sourcecode.c.objc; path = XGCMenuAndFuncListModel.m; sourceTree = "<group>"; };
		FB5017D22BD9069F001034DD /* XGCMenuDataModel.h */ = {isa = PBXFileReference; fileEncoding = 4; lastKnownFileType = sourcecode.c.h; path = XGCMenuDataModel.h; sourceTree = "<group>"; };
		FB5017D32BD9069F001034DD /* XGCMenuDataModel.m */ = {isa = PBXFileReference; fileEncoding = 4; lastKnownFileType = sourcecode.c.objc; path = XGCMenuDataModel.m; sourceTree = "<group>"; };
		FB5017D42BD9069F001034DD /* XGCUserAclMapModel.h */ = {isa = PBXFileReference; fileEncoding = 4; lastKnownFileType = sourcecode.c.h; path = XGCUserAclMapModel.h; sourceTree = "<group>"; };
		FB5017D52BD9069F001034DD /* XGCUserAclMapModel.m */ = {isa = PBXFileReference; fileEncoding = 4; lastKnownFileType = sourcecode.c.objc; path = XGCUserAclMapModel.m; sourceTree = "<group>"; };
		FB5017D62BD9069F001034DD /* XGCUserDictMapModel.h */ = {isa = PBXFileReference; fileEncoding = 4; lastKnownFileType = sourcecode.c.h; path = XGCUserDictMapModel.h; sourceTree = "<group>"; };
		FB5017D72BD9069F001034DD /* XGCUserDictMapModel.m */ = {isa = PBXFileReference; fileEncoding = 4; lastKnownFileType = sourcecode.c.objc; path = XGCUserDictMapModel.m; sourceTree = "<group>"; };
		FB5017D82BD9069F001034DD /* XGCUserMapModel.h */ = {isa = PBXFileReference; fileEncoding = 4; lastKnownFileType = sourcecode.c.h; path = XGCUserMapModel.h; sourceTree = "<group>"; };
		FB5017D92BD9069F001034DD /* XGCUserMapModel.m */ = {isa = PBXFileReference; fileEncoding = 4; lastKnownFileType = sourcecode.c.objc; path = XGCUserMapModel.m; sourceTree = "<group>"; };
		FB5017DA2BD9069F001034DD /* XGCUserModel.h */ = {isa = PBXFileReference; fileEncoding = 4; lastKnownFileType = sourcecode.c.h; path = XGCUserModel.h; sourceTree = "<group>"; };
		FB5017DB2BD9069F001034DD /* XGCUserModel.m */ = {isa = PBXFileReference; fileEncoding = 4; lastKnownFileType = sourcecode.c.objc; path = XGCUserModel.m; sourceTree = "<group>"; };
		FB5017DD2BD9069F001034DD /* XGCUserManager.h */ = {isa = PBXFileReference; fileEncoding = 4; lastKnownFileType = sourcecode.c.h; path = XGCUserManager.h; sourceTree = "<group>"; };
		FB5017DE2BD9069F001034DD /* XGCUserManager.m */ = {isa = PBXFileReference; fileEncoding = 4; lastKnownFileType = sourcecode.c.objc; path = XGCUserManager.m; sourceTree = "<group>"; };
		FB5017E02BD9069F001034DD /* XGCWebViewRoute.h */ = {isa = PBXFileReference; fileEncoding = 4; lastKnownFileType = sourcecode.c.h; path = XGCWebViewRoute.h; sourceTree = "<group>"; };
		FB5017E12BD9069F001034DD /* XGCWebViewRoute.m */ = {isa = PBXFileReference; fileEncoding = 4; lastKnownFileType = sourcecode.c.objc; path = XGCWebViewRoute.m; sourceTree = "<group>"; };
		FB5017E32BD9069F001034DD /* XGCWebViewController.h */ = {isa = PBXFileReference; fileEncoding = 4; lastKnownFileType = sourcecode.c.h; path = XGCWebViewController.h; sourceTree = "<group>"; };
		FB5017E42BD9069F001034DD /* XGCWebViewController.m */ = {isa = PBXFileReference; fileEncoding = 4; lastKnownFileType = sourcecode.c.objc; path = XGCWebViewController.m; sourceTree = "<group>"; };
		FB5017E62BD9069F001034DD /* XGCMain.h */ = {isa = PBXFileReference; fileEncoding = 4; lastKnownFileType = sourcecode.c.h; path = XGCMain.h; sourceTree = "<group>"; };
		FB5018482BDB3F1F001034DD /* XGCUploadSession.h */ = {isa = PBXFileReference; lastKnownFileType = sourcecode.c.h; path = XGCUploadSession.h; sourceTree = "<group>"; };
		FB5018492BDB3F1F001034DD /* XGCUploadSession.m */ = {isa = PBXFileReference; lastKnownFileType = sourcecode.c.objc; path = XGCUploadSession.m; sourceTree = "<group>"; };
		FB50184B2BDB47D5001034DD /* XGCEmptyCollectionView.h */ = {isa = PBXFileReference; lastKnownFileType = sourcecode.c.h; path = XGCEmptyCollectionView.h; sourceTree = "<group>"; };
		FB50184C2BDB47D5001034DD /* XGCEmptyCollectionView.m */ = {isa = PBXFileReference; lastKnownFileType = sourcecode.c.objc; path = XGCEmptyCollectionView.m; sourceTree = "<group>"; };
		FBED00662BEEFFE5005A029D /* XGCUISegmentedControl.h */ = {isa = PBXFileReference; fileEncoding = 4; lastKnownFileType = sourcecode.c.h; path = XGCUISegmentedControl.h; sourceTree = "<group>"; };
		FBED00672BEEFFE5005A029D /* XGCUISegmentedControl.m */ = {isa = PBXFileReference; fileEncoding = 4; lastKnownFileType = sourcecode.c.objc; path = XGCUISegmentedControl.m; sourceTree = "<group>"; };
/* End PBXFileReference section */

/* Begin PBXFrameworksBuildPhase section */
		6003F587195388D20070C39A /* Frameworks */ = {
			isa = PBXFrameworksBuildPhase;
			buildActionMask = 2147483647;
			files = (
				6003F590195388D20070C39A /* CoreGraphics.framework in Frameworks */,
				6003F592195388D20070C39A /* UIKit.framework in Frameworks */,
				6003F58E195388D20070C39A /* Foundation.framework in Frameworks */,
				9C577CC7F53C78DFB8FB2F62 /* Pods_XGCMain_Example.framework in Frameworks */,
			);
			runOnlyForDeploymentPostprocessing = 0;
		};
		6003F5AB195388D20070C39A /* Frameworks */ = {
			isa = PBXFrameworksBuildPhase;
			buildActionMask = 2147483647;
			files = (
				6003F5B0195388D20070C39A /* XCTest.framework in Frameworks */,
				6003F5B2195388D20070C39A /* UIKit.framework in Frameworks */,
				6003F5B1195388D20070C39A /* Foundation.framework in Frameworks */,
				3B1629D0868F2C97BD586FC3 /* Pods_XGCMain_Tests.framework in Frameworks */,
			);
			runOnlyForDeploymentPostprocessing = 0;
		};
/* End PBXFrameworksBuildPhase section */

/* Begin PBXGroup section */
		6003F581195388D10070C39A = {
			isa = PBXGroup;
			children = (
				60FF7A9C1954A5C5007DD14C /* Podspec Metadata */,
				6003F593195388D20070C39A /* Example for XGCMain */,
				6003F5B5195388D20070C39A /* Tests */,
				6003F58C195388D20070C39A /* Frameworks */,
				6003F58B195388D20070C39A /* Products */,
				9E8918D4535A84FE31FE39B0 /* Pods */,
			);
			sourceTree = "<group>";
		};
		6003F58B195388D20070C39A /* Products */ = {
			isa = PBXGroup;
			children = (
				6003F58A195388D20070C39A /* XGCMain_Example.app */,
				6003F5AE195388D20070C39A /* XGCMain_Tests.xctest */,
			);
			name = Products;
			sourceTree = "<group>";
		};
		6003F58C195388D20070C39A /* Frameworks */ = {
			isa = PBXGroup;
			children = (
				6003F58D195388D20070C39A /* Foundation.framework */,
				6003F58F195388D20070C39A /* CoreGraphics.framework */,
				6003F591195388D20070C39A /* UIKit.framework */,
				6003F5AF195388D20070C39A /* XCTest.framework */,
				E4202EF893EB0C6F45B5B442 /* Pods_XGCMain_Example.framework */,
				EA28DCDA7CB16C6B0BBB8410 /* Pods_XGCMain_Tests.framework */,
			);
			name = Frameworks;
			sourceTree = "<group>";
		};
		6003F593195388D20070C39A /* Example for XGCMain */ = {
			isa = PBXGroup;
			children = (
				FB5017322BD9069F001034DD /* Assets */,
				FB5017E72BD9069F001034DD /* Classes */,
				6003F59C195388D20070C39A /* XGCAppDelegate.h */,
				6003F59D195388D20070C39A /* XGCAppDelegate.m */,
				873B8AEA1B1F5CCA007FD442 /* Main.storyboard */,
				6003F5A5195388D20070C39A /* XGCViewController.h */,
				6003F5A6195388D20070C39A /* XGCViewController.m */,
				FB50162B2BD8F1C4001034DD /* XGCSceneDelegate.h */,
				FB50162C2BD8F1C4001034DD /* XGCSceneDelegate.m */,
				FB5012E02BD75018001034DD /* XGCSecondaryViewController.h */,
				FB5012E12BD75018001034DD /* XGCSecondaryViewController.m */,
				71719F9D1E33DC2100824A3D /* LaunchScreen.storyboard */,
				6003F5A8195388D20070C39A /* Images.xcassets */,
				6003F594195388D20070C39A /* Supporting Files */,
			);
			name = "Example for XGCMain";
			path = XGCMain;
			sourceTree = "<group>";
		};
		6003F594195388D20070C39A /* Supporting Files */ = {
			isa = PBXGroup;
			children = (
				6003F595195388D20070C39A /* XGCMain-Info.plist */,
				6003F596195388D20070C39A /* InfoPlist.strings */,
				6003F599195388D20070C39A /* main.m */,
				6003F59B195388D20070C39A /* XGCMain-Prefix.pch */,
			);
			name = "Supporting Files";
			sourceTree = "<group>";
		};
		6003F5B5195388D20070C39A /* Tests */ = {
			isa = PBXGroup;
			children = (
				6003F5BB195388D20070C39A /* Tests.m */,
				6003F5B6195388D20070C39A /* Supporting Files */,
			);
			path = Tests;
			sourceTree = "<group>";
		};
		6003F5B6195388D20070C39A /* Supporting Files */ = {
			isa = PBXGroup;
			children = (
				6003F5B7195388D20070C39A /* Tests-Info.plist */,
				6003F5B8195388D20070C39A /* InfoPlist.strings */,
				606FC2411953D9B200FFA9A0 /* Tests-Prefix.pch */,
			);
			name = "Supporting Files";
			sourceTree = "<group>";
		};
		60FF7A9C1954A5C5007DD14C /* Podspec Metadata */ = {
			isa = PBXGroup;
			children = (
				0935A9F076F4173671B4347C /* XGCMain.podspec */,
				8F98A8A711037E260861FD87 /* README.md */,
				F6E7DAC45F9F6D406AA23009 /* LICENSE */,
			);
			name = "Podspec Metadata";
			sourceTree = "<group>";
		};
		9E8918D4535A84FE31FE39B0 /* Pods */ = {
			isa = PBXGroup;
			children = (
				0FA3C3D5BEC9A5C384F47A20 /* Pods-XGCMain_Example.debug.xcconfig */,
				8E6EE84C871889955E2C717C /* Pods-XGCMain_Example.release.xcconfig */,
				0FF9A6175F2B8C8E829252AB /* Pods-XGCMain_Tests.debug.xcconfig */,
				3EC3159A2761C01B17F35149 /* Pods-XGCMain_Tests.release.xcconfig */,
			);
			path = Pods;
			sourceTree = "<group>";
		};
		FB5017322BD9069F001034DD /* Assets */ = {
			isa = PBXGroup;
			children = (
				FB5017312BD9069F001034DD /* XGCMain.xcassets */,
			);
			name = Assets;
			path = ../../XGCMain/Assets;
			sourceTree = "<group>";
		};
		FB50173D2BD9069F001034DD /* XGCViewConfiguration */ = {
			isa = PBXGroup;
			children = (
				FB5017332BD9069F001034DD /* UIControl+XGCControl.h */,
				FB5017342BD9069F001034DD /* UIControl+XGCControl.m */,
				FB5017352BD9069F001034DD /* UIView+XGCView.h */,
				FB5017362BD9069F001034DD /* UIView+XGCView.m */,
				FB5017372BD9069F001034DD /* XGCActivityIndicatorView.h */,
				FB5017382BD9069F001034DD /* XGCActivityIndicatorView.m */,
				FB5017392BD9069F001034DD /* XGCViewConfiguration.h */,
				FB50173A2BD9069F001034DD /* XGCViewConfiguration.m */,
				FB50173B2BD9069F001034DD /* XGCViewLayer.h */,
				FB50173C2BD9069F001034DD /* XGCViewLayer.m */,
			);
			path = XGCViewConfiguration;
			sourceTree = "<group>";
		};
		FB50174E2BD9069F001034DD /* XGCCategory */ = {
			isa = PBXGroup;
			children = (
				FB50173E2BD9069F001034DD /* NSArray+XGCArray.h */,
				FB50173F2BD9069F001034DD /* NSArray+XGCArray.m */,
				FB5017402BD9069F001034DD /* NSBundle+XGCBundle.h */,
				FB5017412BD9069F001034DD /* NSBundle+XGCBundle.m */,
				FB5017422BD9069F001034DD /* NSCalendar+XGCCalendar.h */,
				FB5017432BD9069F001034DD /* NSCalendar+XGCCalendar.m */,
				FB5017442BD9069F001034DD /* NSDate+XGCDate.h */,
				FB5017452BD9069F001034DD /* NSDate+XGCDate.m */,
				FB5017462BD9069F001034DD /* NSString+XGCString.h */,
				FB5017472BD9069F001034DD /* NSString+XGCString.m */,
				FB5017482BD9069F001034DD /* UIColor+XGCColor.h */,
				FB5017492BD9069F001034DD /* UIColor+XGCColor.m */,
				FB50174A2BD9069F001034DD /* UIDevice+XGCDevice.h */,
				FB50174B2BD9069F001034DD /* UIDevice+XGCDevice.m */,
				FB50174C2BD9069F001034DD /* UIImage+XGCImage.h */,
				FB50174D2BD9069F001034DD /* UIImage+XGCImage.m */,
			);
			path = XGCCategory;
			sourceTree = "<group>";
		};
		FB50175D2BD9069F001034DD /* XGCMainBase */ = {
			isa = PBXGroup;
			children = (
				FB5017532BD9069F001034DD /* XGCMainNavigationController.h */,
				FB5017542BD9069F001034DD /* XGCMainNavigationController.m */,
				FB5017552BD9069F001034DD /* XGCMainNavigationControllerDelegate.h */,
				FB5017562BD9069F001034DD /* XGCMainNavigationControllerDelegate.m */,
				FB5017592BD9069F001034DD /* XGCMainTabBarController.h */,
				FB50175A2BD9069F001034DD /* XGCMainTabBarController.m */,
				FB50175B2BD9069F001034DD /* XGCMainViewController.h */,
				FB50175C2BD9069F001034DD /* XGCMainViewController.m */,
			);
			path = XGCMainBase;
			sourceTree = "<group>";
		};
		FB5017642BD9069F001034DD /* Cell */ = {
			isa = PBXGroup;
			children = (
				FB50175E2BD9069F001034DD /* XGCMainFormRowDictMapCollectionViewCell.h */,
				FB50175F2BD9069F001034DD /* XGCMainFormRowDictMapCollectionViewCell.m */,
				FB5017602BD9069F001034DD /* XGCMainFormRowTableViewCell.h */,
				FB5017612BD9069F001034DD /* XGCMainFormRowTableViewCell.m */,
				FB5017622BD9069F001034DD /* XGCMainFormSectionTableHeaderView.h */,
				FB5017632BD9069F001034DD /* XGCMainFormSectionTableHeaderView.m */,
			);
			path = Cell;
			sourceTree = "<group>";
		};
		FB50176B2BD9069F001034DD /* Model */ = {
			isa = PBXGroup;
			children = (
				FB5017652BD9069F001034DD /* XGCMainFormDescriptor.h */,
				FB5017662BD9069F001034DD /* XGCMainFormDescriptor.m */,
				FB5017672BD9069F001034DD /* XGCMainFormRowDescriptor.h */,
				FB5017682BD9069F001034DD /* XGCMainFormRowDescriptor.m */,
				FB5017692BD9069F001034DD /* XGCMainFormSectionDescriptor.h */,
				FB50176A2BD9069F001034DD /* XGCMainFormSectionDescriptor.m */,
			);
			path = Model;
			sourceTree = "<group>";
		};
		FB5017722BD9069F001034DD /* XGCMainForm */ = {
			isa = PBXGroup;
			children = (
				FB5017642BD9069F001034DD /* Cell */,
				FB50176B2BD9069F001034DD /* Model */,
				FB50176E2BD9069F001034DD /* XGCMainAppFuncCodeFormViewController.h */,
				FB50176F2BD9069F001034DD /* XGCMainAppFuncCodeFormViewController.m */,
			);
			path = XGCMainForm;
			sourceTree = "<group>";
		};
		FB5017752BD9069F001034DD /* XGCMainRoute */ = {
			isa = PBXGroup;
			children = (
				FB5017732BD9069F001034DD /* XGCMainRoute.h */,
				FB5017742BD9069F001034DD /* XGCMainRoute.m */,
			);
			path = XGCMainRoute;
			sourceTree = "<group>";
		};
		FB50177A2BD9069F001034DD /* XGCAlertView */ = {
			isa = PBXGroup;
			children = (
				FB5017762BD9069F001034DD /* XGCAlertTableViewCell.h */,
				FB5017772BD9069F001034DD /* XGCAlertTableViewCell.m */,
				FB5017782BD9069F001034DD /* XGCAlertView.h */,
				FB5017792BD9069F001034DD /* XGCAlertView.m */,
			);
			path = XGCAlertView;
			sourceTree = "<group>";
		};
		FB50177D2BD9069F001034DD /* XGCDatePickerView */ = {
			isa = PBXGroup;
			children = (
				FB50177B2BD9069F001034DD /* XGCDatePickerView.h */,
				FB50177C2BD9069F001034DD /* XGCDatePickerView.m */,
			);
			path = XGCDatePickerView;
			sourceTree = "<group>";
		};
		FB5017802BD9069F001034DD /* XGCImageUrlControl */ = {
			isa = PBXGroup;
			children = (
				FB50177E2BD9069F001034DD /* XGCImageUrlControl.h */,
				FB50177F2BD9069F001034DD /* XGCImageUrlControl.m */,
			);
			path = XGCImageUrlControl;
			sourceTree = "<group>";
		};
		FB5017832BD9069F001034DD /* XGCMainPickerManager */ = {
			isa = PBXGroup;
			children = (
				FB5017812BD9069F001034DD /* XGCMainPickerManager.h */,
				FB5017822BD9069F001034DD /* XGCMainPickerManager.m */,
			);
			path = XGCMainPickerManager;
			sourceTree = "<group>";
		};
		FB50178B2BD9069F001034DD /* XGCTextField */ = {
			isa = PBXGroup;
			children = (
				FB5017842BD9069F001034DD /* XGCSearchTextField.h */,
				FB5017852BD9069F001034DD /* XGCSearchTextField.m */,
				FB5017872BD9069F001034DD /* XGCTextField.h */,
				FB5017882BD9069F001034DD /* XGCTextField.m */,
				FB5017892BD9069F001034DD /* XGCTextFieldDelegator.h */,
				FB50178A2BD9069F001034DD /* XGCTextFieldDelegator.m */,
			);
			path = XGCTextField;
			sourceTree = "<group>";
		};
		FB50178E2BD9069F001034DD /* XGCTextView */ = {
			isa = PBXGroup;
			children = (
				FB50178C2BD9069F001034DD /* XGCTextView.h */,
				FB50178D2BD9069F001034DD /* XGCTextView.m */,
			);
			path = XGCTextView;
			sourceTree = "<group>";
		};
		FB50178F2BD9069F001034DD /* XGCMainTool */ = {
			isa = PBXGroup;
			children = (
				FB50177A2BD9069F001034DD /* XGCAlertView */,
				FB50177D2BD9069F001034DD /* XGCDatePickerView */,
				FB5017832BD9069F001034DD /* XGCMainPickerManager */,
				FB50178B2BD9069F001034DD /* XGCTextField */,
				FB50178E2BD9069F001034DD /* XGCTextView */,
			);
			path = XGCMainTool;
			sourceTree = "<group>";
		};
		FB5017922BD9069F001034DD /* Cell */ = {
			isa = PBXGroup;
			children = (
				FB5017902BD9069F001034DD /* XGCMediaPreviewCollectionViewCell.h */,
				FB5017912BD9069F001034DD /* XGCMediaPreviewCollectionViewCell.m */,
			);
			path = Cell;
			sourceTree = "<group>";
		};
		FB5017A02BD9069F001034DD /* KSPhotoBrowser */ = {
			isa = PBXGroup;
			children = (
				FB5017932BD9069F001034DD /* KSImageManagerProtocol.h */,
				FB5017942BD9069F001034DD /* KSPhotoBrowser.h */,
				FB5017952BD9069F001034DD /* KSPhotoBrowser.m */,
				FB5017962BD9069F001034DD /* KSPhotoBrowserManager.h */,
				FB5017972BD9069F001034DD /* KSPhotoBrowserManager.m */,
				FB5017982BD9069F001034DD /* KSPhotoItem.h */,
				FB5017992BD9069F001034DD /* KSPhotoItem.m */,
				FB50179A2BD9069F001034DD /* KSPhotoView.h */,
				FB50179B2BD9069F001034DD /* KSPhotoView.m */,
				FB50179C2BD9069F001034DD /* KSProgressLayer.h */,
				FB50179D2BD9069F001034DD /* KSProgressLayer.m */,
				FB50179E2BD9069F001034DD /* KSSDImageManager.h */,
				FB50179F2BD9069F001034DD /* KSSDImageManager.m */,
			);
			path = KSPhotoBrowser;
			sourceTree = "<group>";
		};
		FB5017A32BD9069F001034DD /* Model */ = {
			isa = PBXGroup;
			children = (
				FB5017A12BD9069F001034DD /* XGCMediaPreviewModel.h */,
				FB5017A22BD9069F001034DD /* XGCMediaPreviewModel.m */,
			);
			path = Model;
			sourceTree = "<group>";
		};
		FB5017A62BD9069F001034DD /* Route */ = {
			isa = PBXGroup;
			children = (
				FB5017A42BD9069F001034DD /* XGCMediaPreviewRoute.h */,
				FB5017A52BD9069F001034DD /* XGCMediaPreviewRoute.m */,
			);
			path = Route;
			sourceTree = "<group>";
		};
		FB5017A92BD9069F001034DD /* XGCMediaPreview */ = {
			isa = PBXGroup;
			children = (
				FB5017922BD9069F001034DD /* Cell */,
				FB5017A02BD9069F001034DD /* KSPhotoBrowser */,
				FB5017A32BD9069F001034DD /* Model */,
				FB5017A62BD9069F001034DD /* Route */,
				FB5017A72BD9069F001034DD /* XGCMediaPreviewContainerView.h */,
				FB5017A82BD9069F001034DD /* XGCMediaPreviewContainerView.m */,
			);
			path = XGCMediaPreview;
			sourceTree = "<group>";
		};
		FB5017B12BD9069F001034DD /* XGCThemeManager */ = {
			isa = PBXGroup;
			children = (
				FB5017AA2BD9069F001034DD /* XGCConfiguration.h */,
				FB5017AB2BD9069F001034DD /* XGCConfiguration.m */,
				FB5017AC2BD9069F001034DD /* XGCThemeManager.h */,
				FB5017AD2BD9069F001034DD /* XGCThemeManager.m */,
				FB5017AE2BD9069F001034DD /* XGCThemeManagerCenter.h */,
				FB5017AF2BD9069F001034DD /* XGCThemeManagerCenter.m */,
				FB5017B02BD9069F001034DD /* XGCThemeTemplateProtocol.h */,
			);
			path = XGCThemeManager;
			sourceTree = "<group>";
		};
		FB5017B62BD9069F001034DD /* XGCAFNetworking */ = {
			isa = PBXGroup;
			children = (
				FB5017B22BD9069F001034DD /* XGCAFNetworking.h */,
				FB5017B32BD9069F001034DD /* XGCAFNetworking.m */,
				FB5017B42BD9069F001034DD /* XGCAFNetworkingDelegate.h */,
				FB5017B52BD9069F001034DD /* XGCAFNetworkingDelegate.m */,
			);
			path = XGCAFNetworking;
			sourceTree = "<group>";
		};
		FB5017BB2BD9069F001034DD /* XGCAliyunOSSiOS */ = {
			isa = PBXGroup;
			children = (
				FB5017B72BD9069F001034DD /* XGCAliyunOSSiOS.h */,
				FB5017B82BD9069F001034DD /* XGCAliyunOSSiOS.m */,
				FB5017B92BD9069F001034DD /* XGCAliyunOSSiOSDelegate.h */,
				FB5017BA2BD9069F001034DD /* XGCAliyunOSSiOSDelegate.m */,
			);
			path = XGCAliyunOSSiOS;
			sourceTree = "<group>";
		};
		FB5017BE2BD9069F001034DD /* XGCEmptyScrollView */ = {
			isa = PBXGroup;
			children = (
				FB5017BC2BD9069F001034DD /* XGCEmptyTableView.h */,
				FB5017BD2BD9069F001034DD /* XGCEmptyTableView.m */,
				FB50184B2BDB47D5001034DD /* XGCEmptyCollectionView.h */,
				FB50184C2BDB47D5001034DD /* XGCEmptyCollectionView.m */,
			);
			path = XGCEmptyScrollView;
			sourceTree = "<group>";
		};
		FB5017C32BD9069F001034DD /* XGCMJRefresh */ = {
			isa = PBXGroup;
			children = (
				FB5017C12BD9069F001034DD /* XGCRefreshTableView.h */,
				FB5017C22BD9069F001034DD /* XGCRefreshTableView.m */,
				FB5017BF2BD9069F001034DD /* XGCRefreshCollectionView.h */,
				FB5017C02BD9069F001034DD /* XGCRefreshCollectionView.m */,
			);
			path = XGCMJRefresh;
			sourceTree = "<group>";
		};
		FB5017CA2BD9069F001034DD /* XGCURLManagerCenter */ = {
			isa = PBXGroup;
			children = (
				FB5017C52BD9069F001034DD /* XGCURLManager.h */,
				FB5017C62BD9069F001034DD /* XGCURLManager.m */,
				FB5017C72BD9069F001034DD /* XGCURLManagerCenter.h */,
				FB5017C82BD9069F001034DD /* XGCURLManagerCenter.m */,
				FB5017C92BD9069F001034DD /* XGCURLProtocol.h */,
			);
			path = XGCURLManagerCenter;
			sourceTree = "<group>";
		};
		FB5017CF2BD9069F001034DD /* XGCURLSession */ = {
			isa = PBXGroup;
			children = (
				FB5017CB2BD9069F001034DD /* XGCURLSession.h */,
				FB5017CC2BD9069F001034DD /* XGCURLSession.m */,
				FB5017CD2BD9069F001034DD /* XGCURLSessionDelegate.h */,
				FB5017CE2BD9069F001034DD /* XGCURLSessionDelegate.m */,
			);
			path = XGCURLSession;
			sourceTree = "<group>";
		};
		FB5017DF2BD9069F001034DD /* XGCUser */ = {
			isa = PBXGroup;
			children = (
				FB5017D02BD9069F001034DD /* XGCMenuAndFuncListModel.h */,
				FB5017D12BD9069F001034DD /* XGCMenuAndFuncListModel.m */,
				FB5017D22BD9069F001034DD /* XGCMenuDataModel.h */,
				FB5017D32BD9069F001034DD /* XGCMenuDataModel.m */,
				FB5017D42BD9069F001034DD /* XGCUserAclMapModel.h */,
				FB5017D52BD9069F001034DD /* XGCUserAclMapModel.m */,
				FB5017D62BD9069F001034DD /* XGCUserDictMapModel.h */,
				FB5017D72BD9069F001034DD /* XGCUserDictMapModel.m */,
				FB5017D82BD9069F001034DD /* XGCUserMapModel.h */,
				FB5017D92BD9069F001034DD /* XGCUserMapModel.m */,
				FB5017DA2BD9069F001034DD /* XGCUserModel.h */,
				FB5017DB2BD9069F001034DD /* XGCUserModel.m */,
				FB5017DD2BD9069F001034DD /* XGCUserManager.h */,
				FB5017DE2BD9069F001034DD /* XGCUserManager.m */,
			);
			path = XGCUser;
			sourceTree = "<group>";
		};
		FB5017E52BD9069F001034DD /* XGCWebView */ = {
			isa = PBXGroup;
			children = (
				FB5017E02BD9069F001034DD /* XGCWebViewRoute.h */,
				FB5017E12BD9069F001034DD /* XGCWebViewRoute.m */,
				FB5017E32BD9069F001034DD /* XGCWebViewController.h */,
				FB5017E42BD9069F001034DD /* XGCWebViewController.m */,
			);
			path = XGCWebView;
			sourceTree = "<group>";
		};
		FB5017E72BD9069F001034DD /* Classes */ = {
			isa = PBXGroup;
			children = (
				FBED007A2BEF49F5005A029D /* XGCMainBaseController */,
				FBED00682BEEFFE5005A029D /* XGCUISegmentedControl */,
				FB50173D2BD9069F001034DD /* XGCViewConfiguration */,
				FB5017802BD9069F001034DD /* XGCImageUrlControl */,
				FB5018472BDB3EDC001034DD /* XGCUploadSession */,
				FB5017B62BD9069F001034DD /* XGCAFNetworking */,
				FB5017BB2BD9069F001034DD /* XGCAliyunOSSiOS */,
				FB5017BE2BD9069F001034DD /* XGCEmptyScrollView */,
				FB5017C32BD9069F001034DD /* XGCMJRefresh */,
				FB50174E2BD9069F001034DD /* XGCCategory */,
				FB50175D2BD9069F001034DD /* XGCMainBase */,
				FB5017722BD9069F001034DD /* XGCMainForm */,
				FB5017752BD9069F001034DD /* XGCMainRoute */,
				FB50178F2BD9069F001034DD /* XGCMainTool */,
				FB5017A92BD9069F001034DD /* XGCMediaPreview */,
				FB5017B12BD9069F001034DD /* XGCThemeManager */,
				FB5017CA2BD9069F001034DD /* XGCURLManagerCenter */,
				FB5017CF2BD9069F001034DD /* XGCURLSession */,
				FB5017DF2BD9069F001034DD /* XGCUser */,
				FB5017E52BD9069F001034DD /* XGCWebView */,
				FB5017E62BD9069F001034DD /* XGCMain.h */,
			);
			name = Classes;
			path = ../../XGCMain/Classes;
			sourceTree = "<group>";
		};
		FB5018472BDB3EDC001034DD /* XGCUploadSession */ = {
			isa = PBXGroup;
			children = (
				FB5018482BDB3F1F001034DD /* XGCUploadSession.h */,
				FB5018492BDB3F1F001034DD /* XGCUploadSession.m */,
			);
			path = XGCUploadSession;
			sourceTree = "<group>";
		};
		FBED00682BEEFFE5005A029D /* XGCUISegmentedControl */ = {
			isa = PBXGroup;
			children = (
				FBED00662BEEFFE5005A029D /* XGCUISegmentedControl.h */,
				FBED00672BEEFFE5005A029D /* XGCUISegmentedControl.m */,
			);
			path = XGCUISegmentedControl;
			sourceTree = "<group>";
		};
		FBED007A2BEF49F5005A029D /* XGCMainBaseController */ = {
			isa = PBXGroup;
			children = (
				FB50174F2BD9069F001034DD /* XGCMainAppFuncCodeRefreshViewController.h */,
				FB5017502BD9069F001034DD /* XGCMainAppFuncCodeRefreshViewController.m */,
				FB5017512BD9069F001034DD /* XGCMainAppFuncCodeViewController.h */,
				FB5017522BD9069F001034DD /* XGCMainAppFuncCodeViewController.m */,
				FB5017572BD9069F001034DD /* XGCMainRefreshViewController.h */,
				FB5017582BD9069F001034DD /* XGCMainRefreshViewController.m */,
			);
			path = XGCMainBaseController;
			sourceTree = "<group>";
		};
/* End PBXGroup section */

/* Begin PBXNativeTarget section */
		6003F589195388D20070C39A /* XGCMain_Example */ = {
			isa = PBXNativeTarget;
			buildConfigurationList = 6003F5BF195388D20070C39A /* Build configuration list for PBXNativeTarget "XGCMain_Example" */;
			buildPhases = (
				04431FCA14B06988A3CA4C05 /* [CP] Check Pods Manifest.lock */,
				6003F586195388D20070C39A /* Sources */,
				6003F587195388D20070C39A /* Frameworks */,
				6003F588195388D20070C39A /* Resources */,
				67CEB70F148326DF06B85169 /* [CP] Embed Pods Frameworks */,
			);
			buildRules = (
			);
			dependencies = (
			);
			name = XGCMain_Example;
			productName = XGCMain;
			productReference = 6003F58A195388D20070C39A /* XGCMain_Example.app */;
			productType = "com.apple.product-type.application";
		};
		6003F5AD195388D20070C39A /* XGCMain_Tests */ = {
			isa = PBXNativeTarget;
			buildConfigurationList = 6003F5C2195388D20070C39A /* Build configuration list for PBXNativeTarget "XGCMain_Tests" */;
			buildPhases = (
				D539CEA3156FBF60789EA6CC /* [CP] Check Pods Manifest.lock */,
				6003F5AA195388D20070C39A /* Sources */,
				6003F5AB195388D20070C39A /* Frameworks */,
				6003F5AC195388D20070C39A /* Resources */,
			);
			buildRules = (
			);
			dependencies = (
				6003F5B4195388D20070C39A /* PBXTargetDependency */,
			);
			name = XGCMain_Tests;
			productName = XGCMainTests;
			productReference = 6003F5AE195388D20070C39A /* XGCMain_Tests.xctest */;
			productType = "com.apple.product-type.bundle.unit-test";
		};
/* End PBXNativeTarget section */

/* Begin PBXProject section */
		6003F582195388D10070C39A /* Project object */ = {
			isa = PBXProject;
			attributes = {
				CLASSPREFIX = XGC;
				LastUpgradeCheck = 0720;
				ORGANIZATIONNAME = ShannonCrazy;
				TargetAttributes = {
					6003F5AD195388D20070C39A = {
						TestTargetID = 6003F589195388D20070C39A;
					};
				};
			};
			buildConfigurationList = 6003F585195388D10070C39A /* Build configuration list for PBXProject "XGCMain" */;
			compatibilityVersion = "Xcode 15.0";
			developmentRegion = English;
			hasScannedForEncodings = 0;
			knownRegions = (
				English,
				en,
				Base,
			);
			mainGroup = 6003F581195388D10070C39A;
			productRefGroup = 6003F58B195388D20070C39A /* Products */;
			projectDirPath = "";
			projectRoot = "";
			targets = (
				6003F589195388D20070C39A /* XGCMain_Example */,
				6003F5AD195388D20070C39A /* XGCMain_Tests */,
			);
		};
/* End PBXProject section */

/* Begin PBXResourcesBuildPhase section */
		6003F588195388D20070C39A /* Resources */ = {
			isa = PBXResourcesBuildPhase;
			buildActionMask = 2147483647;
			files = (
				FB5017E82BD9069F001034DD /* XGCMain.xcassets in Resources */,
				873B8AEB1B1F5CCA007FD442 /* Main.storyboard in Resources */,
				71719F9F1E33DC2100824A3D /* LaunchScreen.storyboard in Resources */,
				6003F5A9195388D20070C39A /* Images.xcassets in Resources */,
				6003F598195388D20070C39A /* InfoPlist.strings in Resources */,
			);
			runOnlyForDeploymentPostprocessing = 0;
		};
		6003F5AC195388D20070C39A /* Resources */ = {
			isa = PBXResourcesBuildPhase;
			buildActionMask = 2147483647;
			files = (
				6003F5BA195388D20070C39A /* InfoPlist.strings in Resources */,
			);
			runOnlyForDeploymentPostprocessing = 0;
		};
/* End PBXResourcesBuildPhase section */

/* Begin PBXShellScriptBuildPhase section */
		04431FCA14B06988A3CA4C05 /* [CP] Check Pods Manifest.lock */ = {
			isa = PBXShellScriptBuildPhase;
			buildActionMask = 2147483647;
			files = (
			);
			inputFileListPaths = (
			);
			inputPaths = (
				"${PODS_PODFILE_DIR_PATH}/Podfile.lock",
				"${PODS_ROOT}/Manifest.lock",
			);
			name = "[CP] Check Pods Manifest.lock";
			outputFileListPaths = (
			);
			outputPaths = (
				"$(DERIVED_FILE_DIR)/Pods-XGCMain_Example-checkManifestLockResult.txt",
			);
			runOnlyForDeploymentPostprocessing = 0;
			shellPath = /bin/sh;
			shellScript = "diff \"${PODS_PODFILE_DIR_PATH}/Podfile.lock\" \"${PODS_ROOT}/Manifest.lock\" > /dev/null\nif [ $? != 0 ] ; then\n    # print error to STDERR\n    echo \"error: The sandbox is not in sync with the Podfile.lock. Run 'pod install' or update your CocoaPods installation.\" >&2\n    exit 1\nfi\n# This output is used by Xcode 'outputs' to avoid re-running this script phase.\necho \"SUCCESS\" > \"${SCRIPT_OUTPUT_FILE_0}\"\n";
			showEnvVarsInLog = 0;
		};
		67CEB70F148326DF06B85169 /* [CP] Embed Pods Frameworks */ = {
			isa = PBXShellScriptBuildPhase;
			buildActionMask = 2147483647;
			files = (
			);
			inputFileListPaths = (
				"${PODS_ROOT}/Target Support Files/Pods-XGCMain_Example/Pods-XGCMain_Example-frameworks-${CONFIGURATION}-input-files.xcfilelist",
			);
			name = "[CP] Embed Pods Frameworks";
			outputFileListPaths = (
				"${PODS_ROOT}/Target Support Files/Pods-XGCMain_Example/Pods-XGCMain_Example-frameworks-${CONFIGURATION}-output-files.xcfilelist",
			);
			runOnlyForDeploymentPostprocessing = 0;
			shellPath = /bin/sh;
			shellScript = "\"${PODS_ROOT}/Target Support Files/Pods-XGCMain_Example/Pods-XGCMain_Example-frameworks.sh\"\n";
			showEnvVarsInLog = 0;
		};
		D539CEA3156FBF60789EA6CC /* [CP] Check Pods Manifest.lock */ = {
			isa = PBXShellScriptBuildPhase;
			buildActionMask = 2147483647;
			files = (
			);
			inputFileListPaths = (
			);
			inputPaths = (
				"${PODS_PODFILE_DIR_PATH}/Podfile.lock",
				"${PODS_ROOT}/Manifest.lock",
			);
			name = "[CP] Check Pods Manifest.lock";
			outputFileListPaths = (
			);
			outputPaths = (
				"$(DERIVED_FILE_DIR)/Pods-XGCMain_Tests-checkManifestLockResult.txt",
			);
			runOnlyForDeploymentPostprocessing = 0;
			shellPath = /bin/sh;
			shellScript = "diff \"${PODS_PODFILE_DIR_PATH}/Podfile.lock\" \"${PODS_ROOT}/Manifest.lock\" > /dev/null\nif [ $? != 0 ] ; then\n    # print error to STDERR\n    echo \"error: The sandbox is not in sync with the Podfile.lock. Run 'pod install' or update your CocoaPods installation.\" >&2\n    exit 1\nfi\n# This output is used by Xcode 'outputs' to avoid re-running this script phase.\necho \"SUCCESS\" > \"${SCRIPT_OUTPUT_FILE_0}\"\n";
			showEnvVarsInLog = 0;
		};
/* End PBXShellScriptBuildPhase section */

/* Begin PBXSourcesBuildPhase section */
		6003F586195388D20070C39A /* Sources */ = {
			isa = PBXSourcesBuildPhase;
			buildActionMask = 2147483647;
			files = (
				FB50180B2BD9069F001034DD /* XGCSearchTextField.m in Sources */,
				FB50180C2BD9069F001034DD /* XGCTextField.m in Sources */,
				FB5018092BD9069F001034DD /* XGCImageUrlControl.m in Sources */,
				FB5012E22BD75018001034DD /* XGCSecondaryViewController.m in Sources */,
				FB5017F22BD9069F001034DD /* NSString+XGCString.m in Sources */,
				FB5018102BD9069F001034DD /* KSPhotoBrowser.m in Sources */,
				FB5018002BD9069F001034DD /* XGCMainFormDescriptor.m in Sources */,
				FB5018192BD9069F001034DD /* XGCConfiguration.m in Sources */,
				FB50182F2BD9069F001034DD /* XGCWebViewController.m in Sources */,
				FB5018032BD9069F001034DD /* XGCMainAppFuncCodeFormViewController.m in Sources */,
				FB5018292BD9069F001034DD /* XGCUserAclMapModel.m in Sources */,
				FB5017FE2BD9069F001034DD /* XGCMainFormRowTableViewCell.m in Sources */,
				FB5017F12BD9069F001034DD /* NSDate+XGCDate.m in Sources */,
				FB5018252BD9069F001034DD /* XGCURLSession.m in Sources */,
				FB50180F2BD9069F001034DD /* XGCMediaPreviewCollectionViewCell.m in Sources */,
				FB50184D2BDB47D5001034DD /* XGCEmptyCollectionView.m in Sources */,
				FB5017FB2BD9069F001034DD /* XGCMainTabBarController.m in Sources */,
				FB50181A2BD9069F001034DD /* XGCThemeManager.m in Sources */,
				FB50181E2BD9069F001034DD /* XGCAliyunOSSiOS.m in Sources */,
				FB50182D2BD9069F001034DD /* XGCUserManager.m in Sources */,
				FB5017ED2BD9069F001034DD /* XGCViewLayer.m in Sources */,
				FB50182E2BD9069F001034DD /* XGCWebViewRoute.m in Sources */,
				FB5017EC2BD9069F001034DD /* XGCViewConfiguration.m in Sources */,
				FB5017F82BD9069F001034DD /* XGCMainNavigationController.m in Sources */,
				FB5017FC2BD9069F001034DD /* XGCMainViewController.m in Sources */,
				FB5017EE2BD9069F001034DD /* NSArray+XGCArray.m in Sources */,
				FB5017F32BD9069F001034DD /* UIColor+XGCColor.m in Sources */,
				FB5018282BD9069F001034DD /* XGCMenuDataModel.m in Sources */,
				FB50181C2BD9069F001034DD /* XGCAFNetworking.m in Sources */,
				FB5017F92BD9069F001034DD /* XGCMainNavigationControllerDelegate.m in Sources */,
				FB50180E2BD9069F001034DD /* XGCTextView.m in Sources */,
				FB5018152BD9069F001034DD /* KSSDImageManager.m in Sources */,
				FB5017F42BD9069F001034DD /* UIDevice+XGCDevice.m in Sources */,
				FB5018242BD9069F001034DD /* XGCURLManagerCenter.m in Sources */,
				FB5018162BD9069F001034DD /* XGCMediaPreviewModel.m in Sources */,
				FB5018022BD9069F001034DD /* XGCMainFormSectionDescriptor.m in Sources */,
				6003F59E195388D20070C39A /* XGCAppDelegate.m in Sources */,
				6003F5A7195388D20070C39A /* XGCViewController.m in Sources */,
				FB50180D2BD9069F001034DD /* XGCTextFieldDelegator.m in Sources */,
				FB50182B2BD9069F001034DD /* XGCUserMapModel.m in Sources */,
				FB5018142BD9069F001034DD /* KSProgressLayer.m in Sources */,
				FB5018182BD9069F001034DD /* XGCMediaPreviewContainerView.m in Sources */,
				FB5017FD2BD9069F001034DD /* XGCMainFormRowDictMapCollectionViewCell.m in Sources */,
				FB5017EA2BD9069F001034DD /* UIView+XGCView.m in Sources */,
				FB5018262BD9069F001034DD /* XGCURLSessionDelegate.m in Sources */,
				FB5017EB2BD9069F001034DD /* XGCActivityIndicatorView.m in Sources */,
				FB50181B2BD9069F001034DD /* XGCThemeManagerCenter.m in Sources */,
				FB5018082BD9069F001034DD /* XGCDatePickerView.m in Sources */,
				FB50181F2BD9069F001034DD /* XGCAliyunOSSiOSDelegate.m in Sources */,
				FB50180A2BD9069F001034DD /* XGCMainPickerManager.m in Sources */,
				FB5018202BD9069F001034DD /* XGCEmptyTableView.m in Sources */,
				FB5017F02BD9069F001034DD /* NSCalendar+XGCCalendar.m in Sources */,
				FB50184A2BDB3F1F001034DD /* XGCUploadSession.m in Sources */,
				6003F59A195388D20070C39A /* main.m in Sources */,
				FB5017EF2BD9069F001034DD /* NSBundle+XGCBundle.m in Sources */,
				FB5018052BD9069F001034DD /* XGCMainRoute.m in Sources */,
				FB50182C2BD9069F001034DD /* XGCUserModel.m in Sources */,
				FB5017F62BD9069F001034DD /* XGCMainAppFuncCodeRefreshViewController.m in Sources */,
				FB50181D2BD9069F001034DD /* XGCAFNetworkingDelegate.m in Sources */,
				FB50182A2BD9069F001034DD /* XGCUserDictMapModel.m in Sources */,
				FB5017FF2BD9069F001034DD /* XGCMainFormSectionTableHeaderView.m in Sources */,
				FB5017E92BD9069F001034DD /* UIControl+XGCControl.m in Sources */,
				FB5018222BD9069F001034DD /* XGCRefreshTableView.m in Sources */,
				FB5017F52BD9069F001034DD /* UIImage+XGCImage.m in Sources */,
				FB5018122BD9069F001034DD /* KSPhotoItem.m in Sources */,
				FB5018072BD9069F001034DD /* XGCAlertView.m in Sources */,
				FB50162D2BD8F1C4001034DD /* XGCSceneDelegate.m in Sources */,
				FB5018012BD9069F001034DD /* XGCMainFormRowDescriptor.m in Sources */,
				FB5018132BD9069F001034DD /* KSPhotoView.m in Sources */,
				FB5018062BD9069F001034DD /* XGCAlertTableViewCell.m in Sources */,
				FB5018232BD9069F001034DD /* XGCURLManager.m in Sources */,
				FB5018212BD9069F001034DD /* XGCRefreshCollectionView.m in Sources */,
				FB5018272BD9069F001034DD /* XGCMenuAndFuncListModel.m in Sources */,
				FB5018172BD9069F001034DD /* XGCMediaPreviewRoute.m in Sources */,
				FB5018112BD9069F001034DD /* KSPhotoBrowserManager.m in Sources */,
				FBED00692BEEFFE5005A029D /* XGCUISegmentedControl.m in Sources */,
				FB5017FA2BD9069F001034DD /* XGCMainRefreshViewController.m in Sources */,
				FB5017F72BD9069F001034DD /* XGCMainAppFuncCodeViewController.m in Sources */,
			);
			runOnlyForDeploymentPostprocessing = 0;
		};
		6003F5AA195388D20070C39A /* Sources */ = {
			isa = PBXSourcesBuildPhase;
			buildActionMask = 2147483647;
			files = (
				6003F5BC195388D20070C39A /* Tests.m in Sources */,
			);
			runOnlyForDeploymentPostprocessing = 0;
		};
/* End PBXSourcesBuildPhase section */

/* Begin PBXTargetDependency section */
		6003F5B4195388D20070C39A /* PBXTargetDependency */ = {
			isa = PBXTargetDependency;
			target = 6003F589195388D20070C39A /* XGCMain_Example */;
			targetProxy = 6003F5B3195388D20070C39A /* PBXContainerItemProxy */;
		};
/* End PBXTargetDependency section */

/* Begin PBXVariantGroup section */
		6003F596195388D20070C39A /* InfoPlist.strings */ = {
			isa = PBXVariantGroup;
			children = (
				6003F597195388D20070C39A /* en */,
			);
			name = InfoPlist.strings;
			sourceTree = "<group>";
		};
		6003F5B8195388D20070C39A /* InfoPlist.strings */ = {
			isa = PBXVariantGroup;
			children = (
				6003F5B9195388D20070C39A /* en */,
			);
			name = InfoPlist.strings;
			sourceTree = "<group>";
		};
		71719F9D1E33DC2100824A3D /* LaunchScreen.storyboard */ = {
			isa = PBXVariantGroup;
			children = (
				71719F9E1E33DC2100824A3D /* Base */,
			);
			name = LaunchScreen.storyboard;
			sourceTree = "<group>";
		};
/* End PBXVariantGroup section */

/* Begin XCBuildConfiguration section */
		6003F5BD195388D20070C39A /* Debug */ = {
			isa = XCBuildConfiguration;
			buildSettings = {
				ALWAYS_SEARCH_USER_PATHS = NO;
				CLANG_CXX_LANGUAGE_STANDARD = "gnu++0x";
				CLANG_CXX_LIBRARY = "libc++";
				CLANG_ENABLE_MODULES = YES;
				CLANG_ENABLE_OBJC_ARC = YES;
				CLANG_WARN_BOOL_CONVERSION = YES;
				CLANG_WARN_CONSTANT_CONVERSION = YES;
				CLANG_WARN_DIRECT_OBJC_ISA_USAGE = YES_ERROR;
				CLANG_WARN_EMPTY_BODY = YES;
				CLANG_WARN_ENUM_CONVERSION = YES;
				CLANG_WARN_INT_CONVERSION = YES;
				CLANG_WARN_OBJC_ROOT_CLASS = YES_ERROR;
				CLANG_WARN__DUPLICATE_METHOD_MATCH = YES;
				"CODE_SIGN_IDENTITY[sdk=iphoneos*]" = "iPhone Developer";
				COPY_PHASE_STRIP = NO;
				ENABLE_TESTABILITY = YES;
				GCC_C_LANGUAGE_STANDARD = gnu99;
				GCC_DYNAMIC_NO_PIC = NO;
				GCC_OPTIMIZATION_LEVEL = 0;
				GCC_PREPROCESSOR_DEFINITIONS = (
					"DEBUG=1",
					"$(inherited)",
				);
				GCC_SYMBOLS_PRIVATE_EXTERN = NO;
				GCC_WARN_64_TO_32_BIT_CONVERSION = YES;
				GCC_WARN_ABOUT_RETURN_TYPE = YES_ERROR;
				GCC_WARN_UNDECLARED_SELECTOR = YES;
				GCC_WARN_UNINITIALIZED_AUTOS = YES_AGGRESSIVE;
				GCC_WARN_UNUSED_FUNCTION = YES;
				GCC_WARN_UNUSED_VARIABLE = YES;
				IPHONEOS_DEPLOYMENT_TARGET = 12.0;
				ONLY_ACTIVE_ARCH = YES;
				SDKROOT = iphoneos;
				TARGETED_DEVICE_FAMILY = "1,2";
			};
			name = Debug;
		};
		6003F5BE195388D20070C39A /* Release */ = {
			isa = XCBuildConfiguration;
			buildSettings = {
				ALWAYS_SEARCH_USER_PATHS = NO;
				CLANG_CXX_LANGUAGE_STANDARD = "gnu++0x";
				CLANG_CXX_LIBRARY = "libc++";
				CLANG_ENABLE_MODULES = YES;
				CLANG_ENABLE_OBJC_ARC = YES;
				CLANG_WARN_BOOL_CONVERSION = YES;
				CLANG_WARN_CONSTANT_CONVERSION = YES;
				CLANG_WARN_DIRECT_OBJC_ISA_USAGE = YES_ERROR;
				CLANG_WARN_EMPTY_BODY = YES;
				CLANG_WARN_ENUM_CONVERSION = YES;
				CLANG_WARN_INT_CONVERSION = YES;
				CLANG_WARN_OBJC_ROOT_CLASS = YES_ERROR;
				CLANG_WARN__DUPLICATE_METHOD_MATCH = YES;
				"CODE_SIGN_IDENTITY[sdk=iphoneos*]" = "iPhone Developer";
				COPY_PHASE_STRIP = YES;
				ENABLE_NS_ASSERTIONS = NO;
				GCC_C_LANGUAGE_STANDARD = gnu99;
				GCC_WARN_64_TO_32_BIT_CONVERSION = YES;
				GCC_WARN_ABOUT_RETURN_TYPE = YES_ERROR;
				GCC_WARN_UNDECLARED_SELECTOR = YES;
				GCC_WARN_UNINITIALIZED_AUTOS = YES_AGGRESSIVE;
				GCC_WARN_UNUSED_FUNCTION = YES;
				GCC_WARN_UNUSED_VARIABLE = YES;
				IPHONEOS_DEPLOYMENT_TARGET = 12.0;
				SDKROOT = iphoneos;
				TARGETED_DEVICE_FAMILY = "1,2";
				VALIDATE_PRODUCT = YES;
			};
			name = Release;
		};
		6003F5C0195388D20070C39A /* Debug */ = {
			isa = XCBuildConfiguration;
			baseConfigurationReference = 0FA3C3D5BEC9A5C384F47A20 /* Pods-XGCMain_Example.debug.xcconfig */;
			buildSettings = {
				ASSETCATALOG_COMPILER_APPICON_NAME = AppIcon;
				GCC_PRECOMPILE_PREFIX_HEADER = YES;
				GCC_PREFIX_HEADER = "XGCMain/XGCMain-Prefix.pch";
				INFOPLIST_FILE = "XGCMain/XGCMain-Info.plist";
				MODULE_NAME = ExampleApp;
				PRODUCT_BUNDLE_IDENTIFIER = "org.cocoapods.demo.${PRODUCT_NAME:rfc1034identifier}";
				PRODUCT_NAME = "$(TARGET_NAME)";
				SWIFT_VERSION = 4.0;
				WRAPPER_EXTENSION = app;
			};
			name = Debug;
		};
		6003F5C1195388D20070C39A /* Release */ = {
			isa = XCBuildConfiguration;
			baseConfigurationReference = 8E6EE84C871889955E2C717C /* Pods-XGCMain_Example.release.xcconfig */;
			buildSettings = {
				ASSETCATALOG_COMPILER_APPICON_NAME = AppIcon;
				GCC_PRECOMPILE_PREFIX_HEADER = YES;
				GCC_PREFIX_HEADER = "XGCMain/XGCMain-Prefix.pch";
				INFOPLIST_FILE = "XGCMain/XGCMain-Info.plist";
				MODULE_NAME = ExampleApp;
				PRODUCT_BUNDLE_IDENTIFIER = "org.cocoapods.demo.${PRODUCT_NAME:rfc1034identifier}";
				PRODUCT_NAME = "$(TARGET_NAME)";
				SWIFT_VERSION = 4.0;
				WRAPPER_EXTENSION = app;
			};
			name = Release;
		};
		6003F5C3195388D20070C39A /* Debug */ = {
			isa = XCBuildConfiguration;
			baseConfigurationReference = 0FF9A6175F2B8C8E829252AB /* Pods-XGCMain_Tests.debug.xcconfig */;
			buildSettings = {
				BUNDLE_LOADER = "$(TEST_HOST)";
				FRAMEWORK_SEARCH_PATHS = (
					"$(PLATFORM_DIR)/Developer/Library/Frameworks",
					"$(inherited)",
					"$(DEVELOPER_FRAMEWORKS_DIR)",
				);
				GCC_PRECOMPILE_PREFIX_HEADER = YES;
				GCC_PREFIX_HEADER = "Tests/Tests-Prefix.pch";
				GCC_PREPROCESSOR_DEFINITIONS = (
					"DEBUG=1",
					"$(inherited)",
				);
				INFOPLIST_FILE = "Tests/Tests-Info.plist";
				PRODUCT_BUNDLE_IDENTIFIER = "org.cocoapods.demo.${PRODUCT_NAME:rfc1034identifier}";
				PRODUCT_NAME = "$(TARGET_NAME)";
				SWIFT_VERSION = 4.0;
				TEST_HOST = "$(BUILT_PRODUCTS_DIR)/XGCMain_Example.app/XGCMain_Example";
				WRAPPER_EXTENSION = xctest;
			};
			name = Debug;
		};
		6003F5C4195388D20070C39A /* Release */ = {
			isa = XCBuildConfiguration;
			baseConfigurationReference = 3EC3159A2761C01B17F35149 /* Pods-XGCMain_Tests.release.xcconfig */;
			buildSettings = {
				BUNDLE_LOADER = "$(TEST_HOST)";
				FRAMEWORK_SEARCH_PATHS = (
					"$(PLATFORM_DIR)/Developer/Library/Frameworks",
					"$(inherited)",
					"$(DEVELOPER_FRAMEWORKS_DIR)",
				);
				GCC_PRECOMPILE_PREFIX_HEADER = YES;
				GCC_PREFIX_HEADER = "Tests/Tests-Prefix.pch";
				INFOPLIST_FILE = "Tests/Tests-Info.plist";
				PRODUCT_BUNDLE_IDENTIFIER = "org.cocoapods.demo.${PRODUCT_NAME:rfc1034identifier}";
				PRODUCT_NAME = "$(TARGET_NAME)";
				SWIFT_VERSION = 4.0;
				TEST_HOST = "$(BUILT_PRODUCTS_DIR)/XGCMain_Example.app/XGCMain_Example";
				WRAPPER_EXTENSION = xctest;
			};
			name = Release;
		};
/* End XCBuildConfiguration section */

/* Begin XCConfigurationList section */
		6003F585195388D10070C39A /* Build configuration list for PBXProject "XGCMain" */ = {
			isa = XCConfigurationList;
			buildConfigurations = (
				6003F5BD195388D20070C39A /* Debug */,
				6003F5BE195388D20070C39A /* Release */,
			);
			defaultConfigurationIsVisible = 0;
			defaultConfigurationName = Release;
		};
		6003F5BF195388D20070C39A /* Build configuration list for PBXNativeTarget "XGCMain_Example" */ = {
			isa = XCConfigurationList;
			buildConfigurations = (
				6003F5C0195388D20070C39A /* Debug */,
				6003F5C1195388D20070C39A /* Release */,
			);
			defaultConfigurationIsVisible = 0;
			defaultConfigurationName = Release;
		};
		6003F5C2195388D20070C39A /* Build configuration list for PBXNativeTarget "XGCMain_Tests" */ = {
			isa = XCConfigurationList;
			buildConfigurations = (
				6003F5C3195388D20070C39A /* Debug */,
				6003F5C4195388D20070C39A /* Release */,
			);
			defaultConfigurationIsVisible = 0;
			defaultConfigurationName = Release;
		};
/* End XCConfigurationList section */
	};
	rootObject = 6003F582195388D10070C39A /* Project object */;
}
