// !$*UTF8*$!
{
	archiveVersion = 1;
	classes = {
	};
	objectVersion = 60;
	objects = {

/* Begin PBXBuildFile section */
		3B1629D0868F2C97BD586FC3 /* Pods_XGCMain_Tests.framework in Frameworks */ = {isa = PBXBuildFile; fileRef = EA28DCDA7CB16C6B0BBB8410 /* Pods_XGCMain_Tests.framework */; };
		6003F58E195388D20070C39A /* Foundation.framework in Frameworks */ = {isa = PBXBuildFile; fileRef = 6003F58D195388D20070C39A /* Foundation.framework */; };
		6003F590195388D20070C39A /* CoreGraphics.framework in Frameworks */ = {isa = PBXBuildFile; fileRef = 6003F58F195388D20070C39A /* CoreGraphics.framework */; };
		6003F592195388D20070C39A /* UIKit.framework in Frameworks */ = {isa = PBXBuildFile; fileRef = 6003F591195388D20070C39A /* UIKit.framework */; };
		6003F598195388D20070C39A /* InfoPlist.strings in Resources */ = {isa = PBXBuildFile; fileRef = 6003F596195388D20070C39A /* InfoPlist.strings */; };
		6003F59A195388D20070C39A /* main.m in Sources */ = {isa = PBXBuildFile; fileRef = 6003F599195388D20070C39A /* main.m */; };
		6003F59E195388D20070C39A /* XGCAppDelegate.m in Sources */ = {isa = PBXBuildFile; fileRef = 6003F59D195388D20070C39A /* XGCAppDelegate.m */; };
		6003F5A7195388D20070C39A /* XGCViewController.m in Sources */ = {isa = PBXBuildFile; fileRef = 6003F5A6195388D20070C39A /* XGCViewController.m */; };
		6003F5A9195388D20070C39A /* Images.xcassets in Resources */ = {isa = PBXBuildFile; fileRef = 6003F5A8195388D20070C39A /* Images.xcassets */; };
		6003F5B0195388D20070C39A /* XCTest.framework in Frameworks */ = {isa = PBXBuildFile; fileRef = 6003F5AF195388D20070C39A /* XCTest.framework */; };
		6003F5B1195388D20070C39A /* Foundation.framework in Frameworks */ = {isa = PBXBuildFile; fileRef = 6003F58D195388D20070C39A /* Foundation.framework */; };
		6003F5B2195388D20070C39A /* UIKit.framework in Frameworks */ = {isa = PBXBuildFile; fileRef = 6003F591195388D20070C39A /* UIKit.framework */; };
		6003F5BA195388D20070C39A /* InfoPlist.strings in Resources */ = {isa = PBXBuildFile; fileRef = 6003F5B8195388D20070C39A /* InfoPlist.strings */; };
		6003F5BC195388D20070C39A /* Tests.m in Sources */ = {isa = PBXBuildFile; fileRef = 6003F5BB195388D20070C39A /* Tests.m */; };
		71719F9F1E33DC2100824A3D /* LaunchScreen.storyboard in Resources */ = {isa = PBXBuildFile; fileRef = 71719F9D1E33DC2100824A3D /* LaunchScreen.storyboard */; };
		873B8AEB1B1F5CCA007FD442 /* Main.storyboard in Resources */ = {isa = PBXBuildFile; fileRef = 873B8AEA1B1F5CCA007FD442 /* Main.storyboard */; };
		9C577CC7F53C78DFB8FB2F62 /* Pods_XGCMain_Example.framework in Frameworks */ = {isa = PBXBuildFile; fileRef = E4202EF893EB0C6F45B5B442 /* Pods_XGCMain_Example.framework */; };
		FB5012E22BD75018001034DD /* XGCSecondaryViewController.m in Sources */ = {isa = PBXBuildFile; fileRef = FB5012E12BD75018001034DD /* XGCSecondaryViewController.m */; };
		FB5014B62BD79F54001034DD /* XGCMain.xcassets in Resources */ = {isa = PBXBuildFile; fileRef = FB5014022BD79F54001034DD /* XGCMain.xcassets */; };
		FB5014B72BD79F54001034DD /* UIControl+XGCControl.m in Sources */ = {isa = PBXBuildFile; fileRef = FB5014052BD79F54001034DD /* UIControl+XGCControl.m */; };
		FB5014B82BD79F54001034DD /* UIView+XGCView.m in Sources */ = {isa = PBXBuildFile; fileRef = FB5014072BD79F54001034DD /* UIView+XGCView.m */; };
		FB5014B92BD79F54001034DD /* XGCActivityIndicatorView.m in Sources */ = {isa = PBXBuildFile; fileRef = FB5014092BD79F54001034DD /* XGCActivityIndicatorView.m */; };
		FB5014BA2BD79F54001034DD /* XGCViewConfiguration.m in Sources */ = {isa = PBXBuildFile; fileRef = FB50140B2BD79F54001034DD /* XGCViewConfiguration.m */; };
		FB5014BB2BD79F54001034DD /* XGCViewLayer.m in Sources */ = {isa = PBXBuildFile; fileRef = FB50140D2BD79F54001034DD /* XGCViewLayer.m */; };
		FB5014BC2BD79F54001034DD /* NSArray+XGCArray.m in Sources */ = {isa = PBXBuildFile; fileRef = FB5014102BD79F54001034DD /* NSArray+XGCArray.m */; };
		FB5014BD2BD79F54001034DD /* NSCalendar+XGCCalendar.m in Sources */ = {isa = PBXBuildFile; fileRef = FB5014122BD79F54001034DD /* NSCalendar+XGCCalendar.m */; };
		FB5014BE2BD79F54001034DD /* NSDate+XGCDate.m in Sources */ = {isa = PBXBuildFile; fileRef = FB5014142BD79F54001034DD /* NSDate+XGCDate.m */; };
		FB5014BF2BD79F54001034DD /* NSString+XGCString.m in Sources */ = {isa = PBXBuildFile; fileRef = FB5014162BD79F54001034DD /* NSString+XGCString.m */; };
		FB5014C02BD79F54001034DD /* UIColor+XGCColor.m in Sources */ = {isa = PBXBuildFile; fileRef = FB5014182BD79F54001034DD /* UIColor+XGCColor.m */; };
		FB5014C12BD79F54001034DD /* UIDevice+XGCDevice.m in Sources */ = {isa = PBXBuildFile; fileRef = FB50141A2BD79F54001034DD /* UIDevice+XGCDevice.m */; };
		FB5014C22BD79F54001034DD /* UIImage+XGCImage.m in Sources */ = {isa = PBXBuildFile; fileRef = FB50141C2BD79F54001034DD /* UIImage+XGCImage.m */; };
		FB5014C32BD79F54001034DD /* XGCMainAppFuncCodeRefreshViewController.m in Sources */ = {isa = PBXBuildFile; fileRef = FB50141F2BD79F54001034DD /* XGCMainAppFuncCodeRefreshViewController.m */; };
		FB5014C42BD79F54001034DD /* XGCMainAppFuncCodeViewController.m in Sources */ = {isa = PBXBuildFile; fileRef = FB5014212BD79F54001034DD /* XGCMainAppFuncCodeViewController.m */; };
		FB5014C52BD79F54001034DD /* XGCMainNavigationController.m in Sources */ = {isa = PBXBuildFile; fileRef = FB5014232BD79F54001034DD /* XGCMainNavigationController.m */; };
		FB5014C62BD79F54001034DD /* XGCMainNavigationControllerDelegate.m in Sources */ = {isa = PBXBuildFile; fileRef = FB5014252BD79F54001034DD /* XGCMainNavigationControllerDelegate.m */; };
		FB5014C72BD79F54001034DD /* XGCMainRefreshViewController.m in Sources */ = {isa = PBXBuildFile; fileRef = FB5014272BD79F54001034DD /* XGCMainRefreshViewController.m */; };
		FB5014C82BD79F54001034DD /* XGCMainTabBarController.m in Sources */ = {isa = PBXBuildFile; fileRef = FB5014292BD79F54001034DD /* XGCMainTabBarController.m */; };
		FB5014C92BD79F54001034DD /* XGCMainViewController.m in Sources */ = {isa = PBXBuildFile; fileRef = FB50142B2BD79F54001034DD /* XGCMainViewController.m */; };
		FB5014CA2BD79F54001034DD /* XGCMainFormRowDictMapCollectionViewCell.m in Sources */ = {isa = PBXBuildFile; fileRef = FB50142E2BD79F54001034DD /* XGCMainFormRowDictMapCollectionViewCell.m */; };
		FB5014CB2BD79F54001034DD /* XGCMainFormRowTableViewCell.m in Sources */ = {isa = PBXBuildFile; fileRef = FB5014302BD79F54001034DD /* XGCMainFormRowTableViewCell.m */; };
		FB5014CC2BD79F54001034DD /* XGCMainFormSectionTableHeaderView.m in Sources */ = {isa = PBXBuildFile; fileRef = FB5014322BD79F54001034DD /* XGCMainFormSectionTableHeaderView.m */; };
		FB5014CD2BD79F54001034DD /* XGCMainFormDescriptor.m in Sources */ = {isa = PBXBuildFile; fileRef = FB5014352BD79F54001034DD /* XGCMainFormDescriptor.m */; };
		FB5014CE2BD79F54001034DD /* XGCMainFormRowDescriptor.m in Sources */ = {isa = PBXBuildFile; fileRef = FB5014372BD79F54001034DD /* XGCMainFormRowDescriptor.m */; };
		FB5014CF2BD79F54001034DD /* XGCMainFormSectionDescriptor.m in Sources */ = {isa = PBXBuildFile; fileRef = FB5014392BD79F54001034DD /* XGCMainFormSectionDescriptor.m */; };
		FB5014D02BD79F54001034DD /* XGCMainAppFuncCodeFormViewController.m in Sources */ = {isa = PBXBuildFile; fileRef = FB50143E2BD79F54001034DD /* XGCMainAppFuncCodeFormViewController.m */; };
		FB5014D12BD79F54001034DD /* XGCMainFormViewController.m in Sources */ = {isa = PBXBuildFile; fileRef = FB5014402BD79F54001034DD /* XGCMainFormViewController.m */; };
		FB5014D22BD79F54001034DD /* XGCMainRoute.m in Sources */ = {isa = PBXBuildFile; fileRef = FB5014432BD79F54001034DD /* XGCMainRoute.m */; };
		FB5014D32BD79F54001034DD /* XGCAlertTableViewCell.m in Sources */ = {isa = PBXBuildFile; fileRef = FB5014462BD79F54001034DD /* XGCAlertTableViewCell.m */; };
		FB5014D42BD79F54001034DD /* XGCAlertView.m in Sources */ = {isa = PBXBuildFile; fileRef = FB5014482BD79F54001034DD /* XGCAlertView.m */; };
		FB5014D52BD79F54001034DD /* XGCDatePickerView.m in Sources */ = {isa = PBXBuildFile; fileRef = FB50144B2BD79F54001034DD /* XGCDatePickerView.m */; };
		FB5014D62BD79F54001034DD /* XGCImageUrlControl.m in Sources */ = {isa = PBXBuildFile; fileRef = FB50144E2BD79F54001034DD /* XGCImageUrlControl.m */; };
		FB5014D72BD79F54001034DD /* XGCMainPickerManager.m in Sources */ = {isa = PBXBuildFile; fileRef = FB5014512BD79F54001034DD /* XGCMainPickerManager.m */; };
		FB5014D82BD79F54001034DD /* XGCSearchTextField.m in Sources */ = {isa = PBXBuildFile; fileRef = FB5014542BD79F54001034DD /* XGCSearchTextField.m */; };
		FB5014D92BD79F54001034DD /* XGCTextField.m in Sources */ = {isa = PBXBuildFile; fileRef = FB5014572BD79F54001034DD /* XGCTextField.m */; };
		FB5014DA2BD79F54001034DD /* XGCTextFieldDelegator.m in Sources */ = {isa = PBXBuildFile; fileRef = FB5014592BD79F54001034DD /* XGCTextFieldDelegator.m */; };
		FB5014DB2BD79F54001034DD /* XGCTextView.m in Sources */ = {isa = PBXBuildFile; fileRef = FB50145C2BD79F54001034DD /* XGCTextView.m */; };
		FB5014DC2BD79F54001034DD /* XGCMediaPreviewCollectionViewCell.m in Sources */ = {isa = PBXBuildFile; fileRef = FB5014602BD79F54001034DD /* XGCMediaPreviewCollectionViewCell.m */; };
		FB5014DD2BD79F54001034DD /* KSPhotoBrowser.m in Sources */ = {isa = PBXBuildFile; fileRef = FB5014642BD79F54001034DD /* KSPhotoBrowser.m */; };
		FB5014DE2BD79F54001034DD /* KSPhotoBrowserManager.m in Sources */ = {isa = PBXBuildFile; fileRef = FB5014662BD79F54001034DD /* KSPhotoBrowserManager.m */; };
		FB5014DF2BD79F54001034DD /* KSPhotoItem.m in Sources */ = {isa = PBXBuildFile; fileRef = FB5014682BD79F54001034DD /* KSPhotoItem.m */; };
		FB5014E02BD79F54001034DD /* KSPhotoView.m in Sources */ = {isa = PBXBuildFile; fileRef = FB50146A2BD79F54001034DD /* KSPhotoView.m */; };
		FB5014E12BD79F54001034DD /* KSProgressLayer.m in Sources */ = {isa = PBXBuildFile; fileRef = FB50146C2BD79F54001034DD /* KSProgressLayer.m */; };
		FB5014E22BD79F54001034DD /* KSSDImageManager.m in Sources */ = {isa = PBXBuildFile; fileRef = FB50146E2BD79F54001034DD /* KSSDImageManager.m */; };
		FB5014E32BD79F54001034DD /* XGCMediaPreviewModel.m in Sources */ = {isa = PBXBuildFile; fileRef = FB5014712BD79F54001034DD /* XGCMediaPreviewModel.m */; };
		FB5014E42BD79F54001034DD /* XGCMediaPreviewRoute.m in Sources */ = {isa = PBXBuildFile; fileRef = FB5014742BD79F54001034DD /* XGCMediaPreviewRoute.m */; };
		FB5014E52BD79F54001034DD /* XGCMediaPreviewContainerView.m in Sources */ = {isa = PBXBuildFile; fileRef = FB5014772BD79F54001034DD /* XGCMediaPreviewContainerView.m */; };
		FB5014E62BD79F54001034DD /* XGCConfiguration.m in Sources */ = {isa = PBXBuildFile; fileRef = FB50147A2BD79F54001034DD /* XGCConfiguration.m */; };
		FB5014E72BD79F54001034DD /* XGCThemeManager.m in Sources */ = {isa = PBXBuildFile; fileRef = FB50147C2BD79F54001034DD /* XGCThemeManager.m */; };
		FB5014E82BD79F54001034DD /* XGCThemeManagerCenter.m in Sources */ = {isa = PBXBuildFile; fileRef = FB50147E2BD79F54001034DD /* XGCThemeManagerCenter.m */; };
		FB5014E92BD79F54001034DD /* XGCAFNetworking.m in Sources */ = {isa = PBXBuildFile; fileRef = FB5014822BD79F54001034DD /* XGCAFNetworking.m */; };
		FB5014EA2BD79F54001034DD /* XGCAFNetworkingDelegate.m in Sources */ = {isa = PBXBuildFile; fileRef = FB5014842BD79F54001034DD /* XGCAFNetworkingDelegate.m */; };
		FB5014EB2BD79F54001034DD /* XGCAliyunOSSiOS.m in Sources */ = {isa = PBXBuildFile; fileRef = FB5014872BD79F54001034DD /* XGCAliyunOSSiOS.m */; };
		FB5014EC2BD79F54001034DD /* XGCAliyunOSSiOSDelegate.m in Sources */ = {isa = PBXBuildFile; fileRef = FB5014892BD79F54001034DD /* XGCAliyunOSSiOSDelegate.m */; };
		FB5014ED2BD79F54001034DD /* XGCEmptyTableView.m in Sources */ = {isa = PBXBuildFile; fileRef = FB50148C2BD79F54001034DD /* XGCEmptyTableView.m */; };
		FB5014EE2BD79F54001034DD /* XGCRefreshCollectionView.m in Sources */ = {isa = PBXBuildFile; fileRef = FB50148F2BD79F54001034DD /* XGCRefreshCollectionView.m */; };
		FB5014EF2BD79F54001034DD /* XGCRefreshTableView.m in Sources */ = {isa = PBXBuildFile; fileRef = FB5014912BD79F54001034DD /* XGCRefreshTableView.m */; };
		FB5014F02BD79F54001034DD /* XGCURLManager.m in Sources */ = {isa = PBXBuildFile; fileRef = FB5014952BD79F54001034DD /* XGCURLManager.m */; };
		FB5014F12BD79F54001034DD /* XGCURLManagerCenter.m in Sources */ = {isa = PBXBuildFile; fileRef = FB5014972BD79F54001034DD /* XGCURLManagerCenter.m */; };
		FB5014F22BD79F54001034DD /* XGCURLSession.m in Sources */ = {isa = PBXBuildFile; fileRef = FB50149B2BD79F54001034DD /* XGCURLSession.m */; };
		FB5014F32BD79F54001034DD /* XGCURLSessionDelegate.m in Sources */ = {isa = PBXBuildFile; fileRef = FB50149D2BD79F54001034DD /* XGCURLSessionDelegate.m */; };
		FB5014F42BD79F54001034DD /* XGCMenuAndFuncListModel.m in Sources */ = {isa = PBXBuildFile; fileRef = FB5014A02BD79F54001034DD /* XGCMenuAndFuncListModel.m */; };
		FB5014F52BD79F54001034DD /* XGCMenuDataModel.m in Sources */ = {isa = PBXBuildFile; fileRef = FB5014A22BD79F54001034DD /* XGCMenuDataModel.m */; };
		FB5014F62BD79F54001034DD /* XGCUserAclMapModel.m in Sources */ = {isa = PBXBuildFile; fileRef = FB5014A42BD79F54001034DD /* XGCUserAclMapModel.m */; };
		FB5014F72BD79F54001034DD /* XGCUserDictMapModel.m in Sources */ = {isa = PBXBuildFile; fileRef = FB5014A62BD79F54001034DD /* XGCUserDictMapModel.m */; };
		FB5014F82BD79F54001034DD /* XGCUserMapModel.m in Sources */ = {isa = PBXBuildFile; fileRef = FB5014A82BD79F54001034DD /* XGCUserMapModel.m */; };
		FB5014F92BD79F54001034DD /* XGCUserModel.m in Sources */ = {isa = PBXBuildFile; fileRef = FB5014AA2BD79F54001034DD /* XGCUserModel.m */; };
		FB5014FA2BD79F54001034DD /* XGCUserManager.m in Sources */ = {isa = PBXBuildFile; fileRef = FB5014AD2BD79F54001034DD /* XGCUserManager.m */; };
		FB5014FB2BD79F54001034DD /* XGCWebViewRoute.m in Sources */ = {isa = PBXBuildFile; fileRef = FB5014B02BD79F54001034DD /* XGCWebViewRoute.m */; };
		FB5014FC2BD79F54001034DD /* XGCWebViewController.m in Sources */ = {isa = PBXBuildFile; fileRef = FB5014B32BD79F54001034DD /* XGCWebViewController.m */; };
/* End PBXBuildFile section */

/* Begin PBXContainerItemProxy section */
		6003F5B3195388D20070C39A /* PBXContainerItemProxy */ = {
			isa = PBXContainerItemProxy;
			containerPortal = 6003F582195388D10070C39A /* Project object */;
			proxyType = 1;
			remoteGlobalIDString = 6003F589195388D20070C39A;
			remoteInfo = XGCMain;
		};
/* End PBXContainerItemProxy section */

/* Begin PBXFileReference section */
		0935A9F076F4173671B4347C /* XGCMain.podspec */ = {isa = PBXFileReference; includeInIndex = 1; lastKnownFileType = text; name = XGCMain.podspec; path = ../XGCMain.podspec; sourceTree = "<group>"; xcLanguageSpecificationIdentifier = xcode.lang.ruby; };
		0FA3C3D5BEC9A5C384F47A20 /* Pods-XGCMain_Example.debug.xcconfig */ = {isa = PBXFileReference; includeInIndex = 1; lastKnownFileType = text.xcconfig; name = "Pods-XGCMain_Example.debug.xcconfig"; path = "Target Support Files/Pods-XGCMain_Example/Pods-XGCMain_Example.debug.xcconfig"; sourceTree = "<group>"; };
		0FF9A6175F2B8C8E829252AB /* Pods-XGCMain_Tests.debug.xcconfig */ = {isa = PBXFileReference; includeInIndex = 1; lastKnownFileType = text.xcconfig; name = "Pods-XGCMain_Tests.debug.xcconfig"; path = "Target Support Files/Pods-XGCMain_Tests/Pods-XGCMain_Tests.debug.xcconfig"; sourceTree = "<group>"; };
		3EC3159A2761C01B17F35149 /* Pods-XGCMain_Tests.release.xcconfig */ = {isa = PBXFileReference; includeInIndex = 1; lastKnownFileType = text.xcconfig; name = "Pods-XGCMain_Tests.release.xcconfig"; path = "Target Support Files/Pods-XGCMain_Tests/Pods-XGCMain_Tests.release.xcconfig"; sourceTree = "<group>"; };
		6003F58A195388D20070C39A /* XGCMain_Example.app */ = {isa = PBXFileReference; explicitFileType = wrapper.application; includeInIndex = 0; path = XGCMain_Example.app; sourceTree = BUILT_PRODUCTS_DIR; };
		6003F58D195388D20070C39A /* Foundation.framework */ = {isa = PBXFileReference; lastKnownFileType = wrapper.framework; name = Foundation.framework; path = System/Library/Frameworks/Foundation.framework; sourceTree = SDKROOT; };
		6003F58F195388D20070C39A /* CoreGraphics.framework */ = {isa = PBXFileReference; lastKnownFileType = wrapper.framework; name = CoreGraphics.framework; path = System/Library/Frameworks/CoreGraphics.framework; sourceTree = SDKROOT; };
		6003F591195388D20070C39A /* UIKit.framework */ = {isa = PBXFileReference; lastKnownFileType = wrapper.framework; name = UIKit.framework; path = System/Library/Frameworks/UIKit.framework; sourceTree = SDKROOT; };
		6003F595195388D20070C39A /* XGCMain-Info.plist */ = {isa = PBXFileReference; lastKnownFileType = text.plist.xml; path = "XGCMain-Info.plist"; sourceTree = "<group>"; };
		6003F597195388D20070C39A /* en */ = {isa = PBXFileReference; lastKnownFileType = text.plist.strings; name = en; path = en.lproj/InfoPlist.strings; sourceTree = "<group>"; };
		6003F599195388D20070C39A /* main.m */ = {isa = PBXFileReference; lastKnownFileType = sourcecode.c.objc; path = main.m; sourceTree = "<group>"; };
		6003F59B195388D20070C39A /* XGCMain-Prefix.pch */ = {isa = PBXFileReference; lastKnownFileType = sourcecode.c.h; path = "XGCMain-Prefix.pch"; sourceTree = "<group>"; };
		6003F59C195388D20070C39A /* XGCAppDelegate.h */ = {isa = PBXFileReference; lastKnownFileType = sourcecode.c.h; path = XGCAppDelegate.h; sourceTree = "<group>"; };
		6003F59D195388D20070C39A /* XGCAppDelegate.m */ = {isa = PBXFileReference; lastKnownFileType = sourcecode.c.objc; path = XGCAppDelegate.m; sourceTree = "<group>"; };
		6003F5A5195388D20070C39A /* XGCViewController.h */ = {isa = PBXFileReference; lastKnownFileType = sourcecode.c.h; path = XGCViewController.h; sourceTree = "<group>"; };
		6003F5A6195388D20070C39A /* XGCViewController.m */ = {isa = PBXFileReference; lastKnownFileType = sourcecode.c.objc; path = XGCViewController.m; sourceTree = "<group>"; };
		6003F5A8195388D20070C39A /* Images.xcassets */ = {isa = PBXFileReference; lastKnownFileType = folder.assetcatalog; path = Images.xcassets; sourceTree = "<group>"; };
		6003F5AE195388D20070C39A /* XGCMain_Tests.xctest */ = {isa = PBXFileReference; explicitFileType = wrapper.cfbundle; includeInIndex = 0; path = XGCMain_Tests.xctest; sourceTree = BUILT_PRODUCTS_DIR; };
		6003F5AF195388D20070C39A /* XCTest.framework */ = {isa = PBXFileReference; lastKnownFileType = wrapper.framework; name = XCTest.framework; path = Library/Frameworks/XCTest.framework; sourceTree = DEVELOPER_DIR; };
		6003F5B7195388D20070C39A /* Tests-Info.plist */ = {isa = PBXFileReference; lastKnownFileType = text.plist.xml; path = "Tests-Info.plist"; sourceTree = "<group>"; };
		6003F5B9195388D20070C39A /* en */ = {isa = PBXFileReference; lastKnownFileType = text.plist.strings; name = en; path = en.lproj/InfoPlist.strings; sourceTree = "<group>"; };
		6003F5BB195388D20070C39A /* Tests.m */ = {isa = PBXFileReference; lastKnownFileType = sourcecode.c.objc; path = Tests.m; sourceTree = "<group>"; };
		606FC2411953D9B200FFA9A0 /* Tests-Prefix.pch */ = {isa = PBXFileReference; lastKnownFileType = sourcecode.c.h; path = "Tests-Prefix.pch"; sourceTree = "<group>"; };
		71719F9E1E33DC2100824A3D /* Base */ = {isa = PBXFileReference; lastKnownFileType = file.storyboard; name = Base; path = Base.lproj/LaunchScreen.storyboard; sourceTree = "<group>"; };
		873B8AEA1B1F5CCA007FD442 /* Main.storyboard */ = {isa = PBXFileReference; fileEncoding = 4; lastKnownFileType = file.storyboard; name = Main.storyboard; path = Base.lproj/Main.storyboard; sourceTree = "<group>"; };
		8E6EE84C871889955E2C717C /* Pods-XGCMain_Example.release.xcconfig */ = {isa = PBXFileReference; includeInIndex = 1; lastKnownFileType = text.xcconfig; name = "Pods-XGCMain_Example.release.xcconfig"; path = "Target Support Files/Pods-XGCMain_Example/Pods-XGCMain_Example.release.xcconfig"; sourceTree = "<group>"; };
		8F98A8A711037E260861FD87 /* README.md */ = {isa = PBXFileReference; includeInIndex = 1; lastKnownFileType = net.daringfireball.markdown; name = README.md; path = ../README.md; sourceTree = "<group>"; };
		E4202EF893EB0C6F45B5B442 /* Pods_XGCMain_Example.framework */ = {isa = PBXFileReference; explicitFileType = wrapper.framework; includeInIndex = 0; path = Pods_XGCMain_Example.framework; sourceTree = BUILT_PRODUCTS_DIR; };
		EA28DCDA7CB16C6B0BBB8410 /* Pods_XGCMain_Tests.framework */ = {isa = PBXFileReference; explicitFileType = wrapper.framework; includeInIndex = 0; path = Pods_XGCMain_Tests.framework; sourceTree = BUILT_PRODUCTS_DIR; };
		F6E7DAC45F9F6D406AA23009 /* LICENSE */ = {isa = PBXFileReference; includeInIndex = 1; lastKnownFileType = text; name = LICENSE; path = ../LICENSE; sourceTree = "<group>"; };
		FB5012E02BD75018001034DD /* XGCSecondaryViewController.h */ = {isa = PBXFileReference; lastKnownFileType = sourcecode.c.h; path = XGCSecondaryViewController.h; sourceTree = "<group>"; };
		FB5012E12BD75018001034DD /* XGCSecondaryViewController.m */ = {isa = PBXFileReference; lastKnownFileType = sourcecode.c.objc; path = XGCSecondaryViewController.m; sourceTree = "<group>"; };
		FB5014022BD79F54001034DD /* XGCMain.xcassets */ = {isa = PBXFileReference; lastKnownFileType = folder.assetcatalog; path = XGCMain.xcassets; sourceTree = "<group>"; };
		FB5014042BD79F54001034DD /* UIControl+XGCControl.h */ = {isa = PBXFileReference; fileEncoding = 4; lastKnownFileType = sourcecode.c.h; path = "UIControl+XGCControl.h"; sourceTree = "<group>"; };
		FB5014052BD79F54001034DD /* UIControl+XGCControl.m */ = {isa = PBXFileReference; fileEncoding = 4; lastKnownFileType = sourcecode.c.objc; path = "UIControl+XGCControl.m"; sourceTree = "<group>"; };
		FB5014062BD79F54001034DD /* UIView+XGCView.h */ = {isa = PBXFileReference; fileEncoding = 4; lastKnownFileType = sourcecode.c.h; path = "UIView+XGCView.h"; sourceTree = "<group>"; };
		FB5014072BD79F54001034DD /* UIView+XGCView.m */ = {isa = PBXFileReference; fileEncoding = 4; lastKnownFileType = sourcecode.c.objc; path = "UIView+XGCView.m"; sourceTree = "<group>"; };
		FB5014082BD79F54001034DD /* XGCActivityIndicatorView.h */ = {isa = PBXFileReference; fileEncoding = 4; lastKnownFileType = sourcecode.c.h; path = XGCActivityIndicatorView.h; sourceTree = "<group>"; };
		FB5014092BD79F54001034DD /* XGCActivityIndicatorView.m */ = {isa = PBXFileReference; fileEncoding = 4; lastKnownFileType = sourcecode.c.objc; path = XGCActivityIndicatorView.m; sourceTree = "<group>"; };
		FB50140A2BD79F54001034DD /* XGCViewConfiguration.h */ = {isa = PBXFileReference; fileEncoding = 4; lastKnownFileType = sourcecode.c.h; path = XGCViewConfiguration.h; sourceTree = "<group>"; };
		FB50140B2BD79F54001034DD /* XGCViewConfiguration.m */ = {isa = PBXFileReference; fileEncoding = 4; lastKnownFileType = sourcecode.c.objc; path = XGCViewConfiguration.m; sourceTree = "<group>"; };
		FB50140C2BD79F54001034DD /* XGCViewLayer.h */ = {isa = PBXFileReference; fileEncoding = 4; lastKnownFileType = sourcecode.c.h; path = XGCViewLayer.h; sourceTree = "<group>"; };
		FB50140D2BD79F54001034DD /* XGCViewLayer.m */ = {isa = PBXFileReference; fileEncoding = 4; lastKnownFileType = sourcecode.c.objc; path = XGCViewLayer.m; sourceTree = "<group>"; };
		FB50140F2BD79F54001034DD /* NSArray+XGCArray.h */ = {isa = PBXFileReference; fileEncoding = 4; lastKnownFileType = sourcecode.c.h; path = "NSArray+XGCArray.h"; sourceTree = "<group>"; };
		FB5014102BD79F54001034DD /* NSArray+XGCArray.m */ = {isa = PBXFileReference; fileEncoding = 4; lastKnownFileType = sourcecode.c.objc; path = "NSArray+XGCArray.m"; sourceTree = "<group>"; };
		FB5014112BD79F54001034DD /* NSCalendar+XGCCalendar.h */ = {isa = PBXFileReference; fileEncoding = 4; lastKnownFileType = sourcecode.c.h; path = "NSCalendar+XGCCalendar.h"; sourceTree = "<group>"; };
		FB5014122BD79F54001034DD /* NSCalendar+XGCCalendar.m */ = {isa = PBXFileReference; fileEncoding = 4; lastKnownFileType = sourcecode.c.objc; path = "NSCalendar+XGCCalendar.m"; sourceTree = "<group>"; };
		FB5014132BD79F54001034DD /* NSDate+XGCDate.h */ = {isa = PBXFileReference; fileEncoding = 4; lastKnownFileType = sourcecode.c.h; path = "NSDate+XGCDate.h"; sourceTree = "<group>"; };
		FB5014142BD79F54001034DD /* NSDate+XGCDate.m */ = {isa = PBXFileReference; fileEncoding = 4; lastKnownFileType = sourcecode.c.objc; path = "NSDate+XGCDate.m"; sourceTree = "<group>"; };
		FB5014152BD79F54001034DD /* NSString+XGCString.h */ = {isa = PBXFileReference; fileEncoding = 4; lastKnownFileType = sourcecode.c.h; path = "NSString+XGCString.h"; sourceTree = "<group>"; };
		FB5014162BD79F54001034DD /* NSString+XGCString.m */ = {isa = PBXFileReference; fileEncoding = 4; lastKnownFileType = sourcecode.c.objc; path = "NSString+XGCString.m"; sourceTree = "<group>"; };
		FB5014172BD79F54001034DD /* UIColor+XGCColor.h */ = {isa = PBXFileReference; fileEncoding = 4; lastKnownFileType = sourcecode.c.h; path = "UIColor+XGCColor.h"; sourceTree = "<group>"; };
		FB5014182BD79F54001034DD /* UIColor+XGCColor.m */ = {isa = PBXFileReference; fileEncoding = 4; lastKnownFileType = sourcecode.c.objc; path = "UIColor+XGCColor.m"; sourceTree = "<group>"; };
		FB5014192BD79F54001034DD /* UIDevice+XGCDevice.h */ = {isa = PBXFileReference; fileEncoding = 4; lastKnownFileType = sourcecode.c.h; path = "UIDevice+XGCDevice.h"; sourceTree = "<group>"; };
		FB50141A2BD79F54001034DD /* UIDevice+XGCDevice.m */ = {isa = PBXFileReference; fileEncoding = 4; lastKnownFileType = sourcecode.c.objc; path = "UIDevice+XGCDevice.m"; sourceTree = "<group>"; };
		FB50141B2BD79F54001034DD /* UIImage+XGCImage.h */ = {isa = PBXFileReference; fileEncoding = 4; lastKnownFileType = sourcecode.c.h; path = "UIImage+XGCImage.h"; sourceTree = "<group>"; };
		FB50141C2BD79F54001034DD /* UIImage+XGCImage.m */ = {isa = PBXFileReference; fileEncoding = 4; lastKnownFileType = sourcecode.c.objc; path = "UIImage+XGCImage.m"; sourceTree = "<group>"; };
		FB50141E2BD79F54001034DD /* XGCMainAppFuncCodeRefreshViewController.h */ = {isa = PBXFileReference; fileEncoding = 4; lastKnownFileType = sourcecode.c.h; path = XGCMainAppFuncCodeRefreshViewController.h; sourceTree = "<group>"; };
		FB50141F2BD79F54001034DD /* XGCMainAppFuncCodeRefreshViewController.m */ = {isa = PBXFileReference; fileEncoding = 4; lastKnownFileType = sourcecode.c.objc; path = XGCMainAppFuncCodeRefreshViewController.m; sourceTree = "<group>"; };
		FB5014202BD79F54001034DD /* XGCMainAppFuncCodeViewController.h */ = {isa = PBXFileReference; fileEncoding = 4; lastKnownFileType = sourcecode.c.h; path = XGCMainAppFuncCodeViewController.h; sourceTree = "<group>"; };
		FB5014212BD79F54001034DD /* XGCMainAppFuncCodeViewController.m */ = {isa = PBXFileReference; fileEncoding = 4; lastKnownFileType = sourcecode.c.objc; path = XGCMainAppFuncCodeViewController.m; sourceTree = "<group>"; };
		FB5014222BD79F54001034DD /* XGCMainNavigationController.h */ = {isa = PBXFileReference; fileEncoding = 4; lastKnownFileType = sourcecode.c.h; path = XGCMainNavigationController.h; sourceTree = "<group>"; };
		FB5014232BD79F54001034DD /* XGCMainNavigationController.m */ = {isa = PBXFileReference; fileEncoding = 4; lastKnownFileType = sourcecode.c.objc; path = XGCMainNavigationController.m; sourceTree = "<group>"; };
		FB5014242BD79F54001034DD /* XGCMainNavigationControllerDelegate.h */ = {isa = PBXFileReference; fileEncoding = 4; lastKnownFileType = sourcecode.c.h; path = XGCMainNavigationControllerDelegate.h; sourceTree = "<group>"; };
		FB5014252BD79F54001034DD /* XGCMainNavigationControllerDelegate.m */ = {isa = PBXFileReference; fileEncoding = 4; lastKnownFileType = sourcecode.c.objc; path = XGCMainNavigationControllerDelegate.m; sourceTree = "<group>"; };
		FB5014262BD79F54001034DD /* XGCMainRefreshViewController.h */ = {isa = PBXFileReference; fileEncoding = 4; lastKnownFileType = sourcecode.c.h; path = XGCMainRefreshViewController.h; sourceTree = "<group>"; };
		FB5014272BD79F54001034DD /* XGCMainRefreshViewController.m */ = {isa = PBXFileReference; fileEncoding = 4; lastKnownFileType = sourcecode.c.objc; path = XGCMainRefreshViewController.m; sourceTree = "<group>"; };
		FB5014282BD79F54001034DD /* XGCMainTabBarController.h */ = {isa = PBXFileReference; fileEncoding = 4; lastKnownFileType = sourcecode.c.h; path = XGCMainTabBarController.h; sourceTree = "<group>"; };
		FB5014292BD79F54001034DD /* XGCMainTabBarController.m */ = {isa = PBXFileReference; fileEncoding = 4; lastKnownFileType = sourcecode.c.objc; path = XGCMainTabBarController.m; sourceTree = "<group>"; };
		FB50142A2BD79F54001034DD /* XGCMainViewController.h */ = {isa = PBXFileReference; fileEncoding = 4; lastKnownFileType = sourcecode.c.h; path = XGCMainViewController.h; sourceTree = "<group>"; };
		FB50142B2BD79F54001034DD /* XGCMainViewController.m */ = {isa = PBXFileReference; fileEncoding = 4; lastKnownFileType = sourcecode.c.objc; path = XGCMainViewController.m; sourceTree = "<group>"; };
		FB50142D2BD79F54001034DD /* XGCMainFormRowDictMapCollectionViewCell.h */ = {isa = PBXFileReference; fileEncoding = 4; lastKnownFileType = sourcecode.c.h; path = XGCMainFormRowDictMapCollectionViewCell.h; sourceTree = "<group>"; };
		FB50142E2BD79F54001034DD /* XGCMainFormRowDictMapCollectionViewCell.m */ = {isa = PBXFileReference; fileEncoding = 4; lastKnownFileType = sourcecode.c.objc; path = XGCMainFormRowDictMapCollectionViewCell.m; sourceTree = "<group>"; };
		FB50142F2BD79F54001034DD /* XGCMainFormRowTableViewCell.h */ = {isa = PBXFileReference; fileEncoding = 4; lastKnownFileType = sourcecode.c.h; path = XGCMainFormRowTableViewCell.h; sourceTree = "<group>"; };
		FB5014302BD79F54001034DD /* XGCMainFormRowTableViewCell.m */ = {isa = PBXFileReference; fileEncoding = 4; lastKnownFileType = sourcecode.c.objc; path = XGCMainFormRowTableViewCell.m; sourceTree = "<group>"; };
		FB5014312BD79F54001034DD /* XGCMainFormSectionTableHeaderView.h */ = {isa = PBXFileReference; fileEncoding = 4; lastKnownFileType = sourcecode.c.h; path = XGCMainFormSectionTableHeaderView.h; sourceTree = "<group>"; };
		FB5014322BD79F54001034DD /* XGCMainFormSectionTableHeaderView.m */ = {isa = PBXFileReference; fileEncoding = 4; lastKnownFileType = sourcecode.c.objc; path = XGCMainFormSectionTableHeaderView.m; sourceTree = "<group>"; };
		FB5014342BD79F54001034DD /* XGCMainFormDescriptor.h */ = {isa = PBXFileReference; fileEncoding = 4; lastKnownFileType = sourcecode.c.h; path = XGCMainFormDescriptor.h; sourceTree = "<group>"; };
		FB5014352BD79F54001034DD /* XGCMainFormDescriptor.m */ = {isa = PBXFileReference; fileEncoding = 4; lastKnownFileType = sourcecode.c.objc; path = XGCMainFormDescriptor.m; sourceTree = "<group>"; };
		FB5014362BD79F54001034DD /* XGCMainFormRowDescriptor.h */ = {isa = PBXFileReference; fileEncoding = 4; lastKnownFileType = sourcecode.c.h; path = XGCMainFormRowDescriptor.h; sourceTree = "<group>"; };
		FB5014372BD79F54001034DD /* XGCMainFormRowDescriptor.m */ = {isa = PBXFileReference; fileEncoding = 4; lastKnownFileType = sourcecode.c.objc; path = XGCMainFormRowDescriptor.m; sourceTree = "<group>"; };
		FB5014382BD79F54001034DD /* XGCMainFormSectionDescriptor.h */ = {isa = PBXFileReference; fileEncoding = 4; lastKnownFileType = sourcecode.c.h; path = XGCMainFormSectionDescriptor.h; sourceTree = "<group>"; };
		FB5014392BD79F54001034DD /* XGCMainFormSectionDescriptor.m */ = {isa = PBXFileReference; fileEncoding = 4; lastKnownFileType = sourcecode.c.objc; path = XGCMainFormSectionDescriptor.m; sourceTree = "<group>"; };
		FB50143D2BD79F54001034DD /* XGCMainAppFuncCodeFormViewController.h */ = {isa = PBXFileReference; fileEncoding = 4; lastKnownFileType = sourcecode.c.h; path = XGCMainAppFuncCodeFormViewController.h; sourceTree = "<group>"; };
		FB50143E2BD79F54001034DD /* XGCMainAppFuncCodeFormViewController.m */ = {isa = PBXFileReference; fileEncoding = 4; lastKnownFileType = sourcecode.c.objc; path = XGCMainAppFuncCodeFormViewController.m; sourceTree = "<group>"; };
		FB50143F2BD79F54001034DD /* XGCMainFormViewController.h */ = {isa = PBXFileReference; fileEncoding = 4; lastKnownFileType = sourcecode.c.h; path = XGCMainFormViewController.h; sourceTree = "<group>"; };
		FB5014402BD79F54001034DD /* XGCMainFormViewController.m */ = {isa = PBXFileReference; fileEncoding = 4; lastKnownFileType = sourcecode.c.objc; path = XGCMainFormViewController.m; sourceTree = "<group>"; };
		FB5014422BD79F54001034DD /* XGCMainRoute.h */ = {isa = PBXFileReference; fileEncoding = 4; lastKnownFileType = sourcecode.c.h; path = XGCMainRoute.h; sourceTree = "<group>"; };
		FB5014432BD79F54001034DD /* XGCMainRoute.m */ = {isa = PBXFileReference; fileEncoding = 4; lastKnownFileType = sourcecode.c.objc; path = XGCMainRoute.m; sourceTree = "<group>"; };
		FB5014452BD79F54001034DD /* XGCAlertTableViewCell.h */ = {isa = PBXFileReference; fileEncoding = 4; lastKnownFileType = sourcecode.c.h; path = XGCAlertTableViewCell.h; sourceTree = "<group>"; };
		FB5014462BD79F54001034DD /* XGCAlertTableViewCell.m */ = {isa = PBXFileReference; fileEncoding = 4; lastKnownFileType = sourcecode.c.objc; path = XGCAlertTableViewCell.m; sourceTree = "<group>"; };
		FB5014472BD79F54001034DD /* XGCAlertView.h */ = {isa = PBXFileReference; fileEncoding = 4; lastKnownFileType = sourcecode.c.h; path = XGCAlertView.h; sourceTree = "<group>"; };
		FB5014482BD79F54001034DD /* XGCAlertView.m */ = {isa = PBXFileReference; fileEncoding = 4; lastKnownFileType = sourcecode.c.objc; path = XGCAlertView.m; sourceTree = "<group>"; };
		FB50144A2BD79F54001034DD /* XGCDatePickerView.h */ = {isa = PBXFileReference; fileEncoding = 4; lastKnownFileType = sourcecode.c.h; path = XGCDatePickerView.h; sourceTree = "<group>"; };
		FB50144B2BD79F54001034DD /* XGCDatePickerView.m */ = {isa = PBXFileReference; fileEncoding = 4; lastKnownFileType = sourcecode.c.objc; path = XGCDatePickerView.m; sourceTree = "<group>"; };
		FB50144D2BD79F54001034DD /* XGCImageUrlControl.h */ = {isa = PBXFileReference; fileEncoding = 4; lastKnownFileType = sourcecode.c.h; path = XGCImageUrlControl.h; sourceTree = "<group>"; };
		FB50144E2BD79F54001034DD /* XGCImageUrlControl.m */ = {isa = PBXFileReference; fileEncoding = 4; lastKnownFileType = sourcecode.c.objc; path = XGCImageUrlControl.m; sourceTree = "<group>"; };
		FB5014502BD79F54001034DD /* XGCMainPickerManager.h */ = {isa = PBXFileReference; fileEncoding = 4; lastKnownFileType = sourcecode.c.h; path = XGCMainPickerManager.h; sourceTree = "<group>"; };
		FB5014512BD79F54001034DD /* XGCMainPickerManager.m */ = {isa = PBXFileReference; fileEncoding = 4; lastKnownFileType = sourcecode.c.objc; path = XGCMainPickerManager.m; sourceTree = "<group>"; };
		FB5014532BD79F54001034DD /* XGCSearchTextField.h */ = {isa = PBXFileReference; fileEncoding = 4; lastKnownFileType = sourcecode.c.h; path = XGCSearchTextField.h; sourceTree = "<group>"; };
		FB5014542BD79F54001034DD /* XGCSearchTextField.m */ = {isa = PBXFileReference; fileEncoding = 4; lastKnownFileType = sourcecode.c.objc; path = XGCSearchTextField.m; sourceTree = "<group>"; };
		FB5014562BD79F54001034DD /* XGCTextField.h */ = {isa = PBXFileReference; fileEncoding = 4; lastKnownFileType = sourcecode.c.h; path = XGCTextField.h; sourceTree = "<group>"; };
		FB5014572BD79F54001034DD /* XGCTextField.m */ = {isa = PBXFileReference; fileEncoding = 4; lastKnownFileType = sourcecode.c.objc; path = XGCTextField.m; sourceTree = "<group>"; };
		FB5014582BD79F54001034DD /* XGCTextFieldDelegator.h */ = {isa = PBXFileReference; fileEncoding = 4; lastKnownFileType = sourcecode.c.h; path = XGCTextFieldDelegator.h; sourceTree = "<group>"; };
		FB5014592BD79F54001034DD /* XGCTextFieldDelegator.m */ = {isa = PBXFileReference; fileEncoding = 4; lastKnownFileType = sourcecode.c.objc; path = XGCTextFieldDelegator.m; sourceTree = "<group>"; };
		FB50145B2BD79F54001034DD /* XGCTextView.h */ = {isa = PBXFileReference; fileEncoding = 4; lastKnownFileType = sourcecode.c.h; path = XGCTextView.h; sourceTree = "<group>"; };
		FB50145C2BD79F54001034DD /* XGCTextView.m */ = {isa = PBXFileReference; fileEncoding = 4; lastKnownFileType = sourcecode.c.objc; path = XGCTextView.m; sourceTree = "<group>"; };
		FB50145F2BD79F54001034DD /* XGCMediaPreviewCollectionViewCell.h */ = {isa = PBXFileReference; fileEncoding = 4; lastKnownFileType = sourcecode.c.h; path = XGCMediaPreviewCollectionViewCell.h; sourceTree = "<group>"; };
		FB5014602BD79F54001034DD /* XGCMediaPreviewCollectionViewCell.m */ = {isa = PBXFileReference; fileEncoding = 4; lastKnownFileType = sourcecode.c.objc; path = XGCMediaPreviewCollectionViewCell.m; sourceTree = "<group>"; };
		FB5014622BD79F54001034DD /* KSImageManagerProtocol.h */ = {isa = PBXFileReference; fileEncoding = 4; lastKnownFileType = sourcecode.c.h; path = KSImageManagerProtocol.h; sourceTree = "<group>"; };
		FB5014632BD79F54001034DD /* KSPhotoBrowser.h */ = {isa = PBXFileReference; fileEncoding = 4; lastKnownFileType = sourcecode.c.h; path = KSPhotoBrowser.h; sourceTree = "<group>"; };
		FB5014642BD79F54001034DD /* KSPhotoBrowser.m */ = {isa = PBXFileReference; fileEncoding = 4; lastKnownFileType = sourcecode.c.objc; path = KSPhotoBrowser.m; sourceTree = "<group>"; };
		FB5014652BD79F54001034DD /* KSPhotoBrowserManager.h */ = {isa = PBXFileReference; fileEncoding = 4; lastKnownFileType = sourcecode.c.h; path = KSPhotoBrowserManager.h; sourceTree = "<group>"; };
		FB5014662BD79F54001034DD /* KSPhotoBrowserManager.m */ = {isa = PBXFileReference; fileEncoding = 4; lastKnownFileType = sourcecode.c.objc; path = KSPhotoBrowserManager.m; sourceTree = "<group>"; };
		FB5014672BD79F54001034DD /* KSPhotoItem.h */ = {isa = PBXFileReference; fileEncoding = 4; lastKnownFileType = sourcecode.c.h; path = KSPhotoItem.h; sourceTree = "<group>"; };
		FB5014682BD79F54001034DD /* KSPhotoItem.m */ = {isa = PBXFileReference; fileEncoding = 4; lastKnownFileType = sourcecode.c.objc; path = KSPhotoItem.m; sourceTree = "<group>"; };
		FB5014692BD79F54001034DD /* KSPhotoView.h */ = {isa = PBXFileReference; fileEncoding = 4; lastKnownFileType = sourcecode.c.h; path = KSPhotoView.h; sourceTree = "<group>"; };
		FB50146A2BD79F54001034DD /* KSPhotoView.m */ = {isa = PBXFileReference; fileEncoding = 4; lastKnownFileType = sourcecode.c.objc; path = KSPhotoView.m; sourceTree = "<group>"; };
		FB50146B2BD79F54001034DD /* KSProgressLayer.h */ = {isa = PBXFileReference; fileEncoding = 4; lastKnownFileType = sourcecode.c.h; path = KSProgressLayer.h; sourceTree = "<group>"; };
		FB50146C2BD79F54001034DD /* KSProgressLayer.m */ = {isa = PBXFileReference; fileEncoding = 4; lastKnownFileType = sourcecode.c.objc; path = KSProgressLayer.m; sourceTree = "<group>"; };
		FB50146D2BD79F54001034DD /* KSSDImageManager.h */ = {isa = PBXFileReference; fileEncoding = 4; lastKnownFileType = sourcecode.c.h; path = KSSDImageManager.h; sourceTree = "<group>"; };
		FB50146E2BD79F54001034DD /* KSSDImageManager.m */ = {isa = PBXFileReference; fileEncoding = 4; lastKnownFileType = sourcecode.c.objc; path = KSSDImageManager.m; sourceTree = "<group>"; };
		FB5014702BD79F54001034DD /* XGCMediaPreviewModel.h */ = {isa = PBXFileReference; fileEncoding = 4; lastKnownFileType = sourcecode.c.h; path = XGCMediaPreviewModel.h; sourceTree = "<group>"; };
		FB5014712BD79F54001034DD /* XGCMediaPreviewModel.m */ = {isa = PBXFileReference; fileEncoding = 4; lastKnownFileType = sourcecode.c.objc; path = XGCMediaPreviewModel.m; sourceTree = "<group>"; };
		FB5014732BD79F54001034DD /* XGCMediaPreviewRoute.h */ = {isa = PBXFileReference; fileEncoding = 4; lastKnownFileType = sourcecode.c.h; path = XGCMediaPreviewRoute.h; sourceTree = "<group>"; };
		FB5014742BD79F54001034DD /* XGCMediaPreviewRoute.m */ = {isa = PBXFileReference; fileEncoding = 4; lastKnownFileType = sourcecode.c.objc; path = XGCMediaPreviewRoute.m; sourceTree = "<group>"; };
		FB5014762BD79F54001034DD /* XGCMediaPreviewContainerView.h */ = {isa = PBXFileReference; fileEncoding = 4; lastKnownFileType = sourcecode.c.h; path = XGCMediaPreviewContainerView.h; sourceTree = "<group>"; };
		FB5014772BD79F54001034DD /* XGCMediaPreviewContainerView.m */ = {isa = PBXFileReference; fileEncoding = 4; lastKnownFileType = sourcecode.c.objc; path = XGCMediaPreviewContainerView.m; sourceTree = "<group>"; };
		FB5014792BD79F54001034DD /* XGCConfiguration.h */ = {isa = PBXFileReference; fileEncoding = 4; lastKnownFileType = sourcecode.c.h; path = XGCConfiguration.h; sourceTree = "<group>"; };
		FB50147A2BD79F54001034DD /* XGCConfiguration.m */ = {isa = PBXFileReference; fileEncoding = 4; lastKnownFileType = sourcecode.c.objc; path = XGCConfiguration.m; sourceTree = "<group>"; };
		FB50147B2BD79F54001034DD /* XGCThemeManager.h */ = {isa = PBXFileReference; fileEncoding = 4; lastKnownFileType = sourcecode.c.h; path = XGCThemeManager.h; sourceTree = "<group>"; };
		FB50147C2BD79F54001034DD /* XGCThemeManager.m */ = {isa = PBXFileReference; fileEncoding = 4; lastKnownFileType = sourcecode.c.objc; path = XGCThemeManager.m; sourceTree = "<group>"; };
		FB50147D2BD79F54001034DD /* XGCThemeManagerCenter.h */ = {isa = PBXFileReference; fileEncoding = 4; lastKnownFileType = sourcecode.c.h; path = XGCThemeManagerCenter.h; sourceTree = "<group>"; };
		FB50147E2BD79F54001034DD /* XGCThemeManagerCenter.m */ = {isa = PBXFileReference; fileEncoding = 4; lastKnownFileType = sourcecode.c.objc; path = XGCThemeManagerCenter.m; sourceTree = "<group>"; };
		FB50147F2BD79F54001034DD /* XGCThemeTemplateProtocol.h */ = {isa = PBXFileReference; fileEncoding = 4; lastKnownFileType = sourcecode.c.h; path = XGCThemeTemplateProtocol.h; sourceTree = "<group>"; };
		FB5014812BD79F54001034DD /* XGCAFNetworking.h */ = {isa = PBXFileReference; fileEncoding = 4; lastKnownFileType = sourcecode.c.h; path = XGCAFNetworking.h; sourceTree = "<group>"; };
		FB5014822BD79F54001034DD /* XGCAFNetworking.m */ = {isa = PBXFileReference; fileEncoding = 4; lastKnownFileType = sourcecode.c.objc; path = XGCAFNetworking.m; sourceTree = "<group>"; };
		FB5014832BD79F54001034DD /* XGCAFNetworkingDelegate.h */ = {isa = PBXFileReference; fileEncoding = 4; lastKnownFileType = sourcecode.c.h; path = XGCAFNetworkingDelegate.h; sourceTree = "<group>"; };
		FB5014842BD79F54001034DD /* XGCAFNetworkingDelegate.m */ = {isa = PBXFileReference; fileEncoding = 4; lastKnownFileType = sourcecode.c.objc; path = XGCAFNetworkingDelegate.m; sourceTree = "<group>"; };
		FB5014862BD79F54001034DD /* XGCAliyunOSSiOS.h */ = {isa = PBXFileReference; fileEncoding = 4; lastKnownFileType = sourcecode.c.h; path = XGCAliyunOSSiOS.h; sourceTree = "<group>"; };
		FB5014872BD79F54001034DD /* XGCAliyunOSSiOS.m */ = {isa = PBXFileReference; fileEncoding = 4; lastKnownFileType = sourcecode.c.objc; path = XGCAliyunOSSiOS.m; sourceTree = "<group>"; };
		FB5014882BD79F54001034DD /* XGCAliyunOSSiOSDelegate.h */ = {isa = PBXFileReference; fileEncoding = 4; lastKnownFileType = sourcecode.c.h; path = XGCAliyunOSSiOSDelegate.h; sourceTree = "<group>"; };
		FB5014892BD79F54001034DD /* XGCAliyunOSSiOSDelegate.m */ = {isa = PBXFileReference; fileEncoding = 4; lastKnownFileType = sourcecode.c.objc; path = XGCAliyunOSSiOSDelegate.m; sourceTree = "<group>"; };
		FB50148B2BD79F54001034DD /* XGCEmptyTableView.h */ = {isa = PBXFileReference; fileEncoding = 4; lastKnownFileType = sourcecode.c.h; path = XGCEmptyTableView.h; sourceTree = "<group>"; };
		FB50148C2BD79F54001034DD /* XGCEmptyTableView.m */ = {isa = PBXFileReference; fileEncoding = 4; lastKnownFileType = sourcecode.c.objc; path = XGCEmptyTableView.m; sourceTree = "<group>"; };
		FB50148E2BD79F54001034DD /* XGCRefreshCollectionView.h */ = {isa = PBXFileReference; fileEncoding = 4; lastKnownFileType = sourcecode.c.h; path = XGCRefreshCollectionView.h; sourceTree = "<group>"; };
		FB50148F2BD79F54001034DD /* XGCRefreshCollectionView.m */ = {isa = PBXFileReference; fileEncoding = 4; lastKnownFileType = sourcecode.c.objc; path = XGCRefreshCollectionView.m; sourceTree = "<group>"; };
		FB5014902BD79F54001034DD /* XGCRefreshTableView.h */ = {isa = PBXFileReference; fileEncoding = 4; lastKnownFileType = sourcecode.c.h; path = XGCRefreshTableView.h; sourceTree = "<group>"; };
		FB5014912BD79F54001034DD /* XGCRefreshTableView.m */ = {isa = PBXFileReference; fileEncoding = 4; lastKnownFileType = sourcecode.c.objc; path = XGCRefreshTableView.m; sourceTree = "<group>"; };
		FB5014942BD79F54001034DD /* XGCURLManager.h */ = {isa = PBXFileReference; fileEncoding = 4; lastKnownFileType = sourcecode.c.h; path = XGCURLManager.h; sourceTree = "<group>"; };
		FB5014952BD79F54001034DD /* XGCURLManager.m */ = {isa = PBXFileReference; fileEncoding = 4; lastKnownFileType = sourcecode.c.objc; path = XGCURLManager.m; sourceTree = "<group>"; };
		FB5014962BD79F54001034DD /* XGCURLManagerCenter.h */ = {isa = PBXFileReference; fileEncoding = 4; lastKnownFileType = sourcecode.c.h; path = XGCURLManagerCenter.h; sourceTree = "<group>"; };
		FB5014972BD79F54001034DD /* XGCURLManagerCenter.m */ = {isa = PBXFileReference; fileEncoding = 4; lastKnownFileType = sourcecode.c.objc; path = XGCURLManagerCenter.m; sourceTree = "<group>"; };
		FB5014982BD79F54001034DD /* XGCURLProtocol.h */ = {isa = PBXFileReference; fileEncoding = 4; lastKnownFileType = sourcecode.c.h; path = XGCURLProtocol.h; sourceTree = "<group>"; };
		FB50149A2BD79F54001034DD /* XGCURLSession.h */ = {isa = PBXFileReference; fileEncoding = 4; lastKnownFileType = sourcecode.c.h; path = XGCURLSession.h; sourceTree = "<group>"; };
		FB50149B2BD79F54001034DD /* XGCURLSession.m */ = {isa = PBXFileReference; fileEncoding = 4; lastKnownFileType = sourcecode.c.objc; path = XGCURLSession.m; sourceTree = "<group>"; };
		FB50149C2BD79F54001034DD /* XGCURLSessionDelegate.h */ = {isa = PBXFileReference; fileEncoding = 4; lastKnownFileType = sourcecode.c.h; path = XGCURLSessionDelegate.h; sourceTree = "<group>"; };
		FB50149D2BD79F54001034DD /* XGCURLSessionDelegate.m */ = {isa = PBXFileReference; fileEncoding = 4; lastKnownFileType = sourcecode.c.objc; path = XGCURLSessionDelegate.m; sourceTree = "<group>"; };
		FB50149F2BD79F54001034DD /* XGCMenuAndFuncListModel.h */ = {isa = PBXFileReference; fileEncoding = 4; lastKnownFileType = sourcecode.c.h; path = XGCMenuAndFuncListModel.h; sourceTree = "<group>"; };
		FB5014A02BD79F54001034DD /* XGCMenuAndFuncListModel.m */ = {isa = PBXFileReference; fileEncoding = 4; lastKnownFileType = sourcecode.c.objc; path = XGCMenuAndFuncListModel.m; sourceTree = "<group>"; };
		FB5014A12BD79F54001034DD /* XGCMenuDataModel.h */ = {isa = PBXFileReference; fileEncoding = 4; lastKnownFileType = sourcecode.c.h; path = XGCMenuDataModel.h; sourceTree = "<group>"; };
		FB5014A22BD79F54001034DD /* XGCMenuDataModel.m */ = {isa = PBXFileReference; fileEncoding = 4; lastKnownFileType = sourcecode.c.objc; path = XGCMenuDataModel.m; sourceTree = "<group>"; };
		FB5014A32BD79F54001034DD /* XGCUserAclMapModel.h */ = {isa = PBXFileReference; fileEncoding = 4; lastKnownFileType = sourcecode.c.h; path = XGCUserAclMapModel.h; sourceTree = "<group>"; };
		FB5014A42BD79F54001034DD /* XGCUserAclMapModel.m */ = {isa = PBXFileReference; fileEncoding = 4; lastKnownFileType = sourcecode.c.objc; path = XGCUserAclMapModel.m; sourceTree = "<group>"; };
		FB5014A52BD79F54001034DD /* XGCUserDictMapModel.h */ = {isa = PBXFileReference; fileEncoding = 4; lastKnownFileType = sourcecode.c.h; path = XGCUserDictMapModel.h; sourceTree = "<group>"; };
		FB5014A62BD79F54001034DD /* XGCUserDictMapModel.m */ = {isa = PBXFileReference; fileEncoding = 4; lastKnownFileType = sourcecode.c.objc; path = XGCUserDictMapModel.m; sourceTree = "<group>"; };
		FB5014A72BD79F54001034DD /* XGCUserMapModel.h */ = {isa = PBXFileReference; fileEncoding = 4; lastKnownFileType = sourcecode.c.h; path = XGCUserMapModel.h; sourceTree = "<group>"; };
		FB5014A82BD79F54001034DD /* XGCUserMapModel.m */ = {isa = PBXFileReference; fileEncoding = 4; lastKnownFileType = sourcecode.c.objc; path = XGCUserMapModel.m; sourceTree = "<group>"; };
		FB5014A92BD79F54001034DD /* XGCUserModel.h */ = {isa = PBXFileReference; fileEncoding = 4; lastKnownFileType = sourcecode.c.h; path = XGCUserModel.h; sourceTree = "<group>"; };
		FB5014AA2BD79F54001034DD /* XGCUserModel.m */ = {isa = PBXFileReference; fileEncoding = 4; lastKnownFileType = sourcecode.c.objc; path = XGCUserModel.m; sourceTree = "<group>"; };
		FB5014AC2BD79F54001034DD /* XGCUserManager.h */ = {isa = PBXFileReference; fileEncoding = 4; lastKnownFileType = sourcecode.c.h; path = XGCUserManager.h; sourceTree = "<group>"; };
		FB5014AD2BD79F54001034DD /* XGCUserManager.m */ = {isa = PBXFileReference; fileEncoding = 4; lastKnownFileType = sourcecode.c.objc; path = XGCUserManager.m; sourceTree = "<group>"; };
		FB5014AF2BD79F54001034DD /* XGCWebViewRoute.h */ = {isa = PBXFileReference; fileEncoding = 4; lastKnownFileType = sourcecode.c.h; path = XGCWebViewRoute.h; sourceTree = "<group>"; };
		FB5014B02BD79F54001034DD /* XGCWebViewRoute.m */ = {isa = PBXFileReference; fileEncoding = 4; lastKnownFileType = sourcecode.c.objc; path = XGCWebViewRoute.m; sourceTree = "<group>"; };
		FB5014B22BD79F54001034DD /* XGCWebViewController.h */ = {isa = PBXFileReference; fileEncoding = 4; lastKnownFileType = sourcecode.c.h; path = XGCWebViewController.h; sourceTree = "<group>"; };
		FB5014B32BD79F54001034DD /* XGCWebViewController.m */ = {isa = PBXFileReference; fileEncoding = 4; lastKnownFileType = sourcecode.c.objc; path = XGCWebViewController.m; sourceTree = "<group>"; };
/* End PBXFileReference section */

/* Begin PBXFrameworksBuildPhase section */
		6003F587195388D20070C39A /* Frameworks */ = {
			isa = PBXFrameworksBuildPhase;
			buildActionMask = 2147483647;
			files = (
				6003F590195388D20070C39A /* CoreGraphics.framework in Frameworks */,
				6003F592195388D20070C39A /* UIKit.framework in Frameworks */,
				6003F58E195388D20070C39A /* Foundation.framework in Frameworks */,
				9C577CC7F53C78DFB8FB2F62 /* Pods_XGCMain_Example.framework in Frameworks */,
			);
			runOnlyForDeploymentPostprocessing = 0;
		};
		6003F5AB195388D20070C39A /* Frameworks */ = {
			isa = PBXFrameworksBuildPhase;
			buildActionMask = 2147483647;
			files = (
				6003F5B0195388D20070C39A /* XCTest.framework in Frameworks */,
				6003F5B2195388D20070C39A /* UIKit.framework in Frameworks */,
				6003F5B1195388D20070C39A /* Foundation.framework in Frameworks */,
				3B1629D0868F2C97BD586FC3 /* Pods_XGCMain_Tests.framework in Frameworks */,
			);
			runOnlyForDeploymentPostprocessing = 0;
		};
/* End PBXFrameworksBuildPhase section */

/* Begin PBXGroup section */
		6003F581195388D10070C39A = {
			isa = PBXGroup;
			children = (
				60FF7A9C1954A5C5007DD14C /* Podspec Metadata */,
				6003F593195388D20070C39A /* Example for XGCMain */,
				6003F5B5195388D20070C39A /* Tests */,
				6003F58C195388D20070C39A /* Frameworks */,
				6003F58B195388D20070C39A /* Products */,
				9E8918D4535A84FE31FE39B0 /* Pods */,
			);
			sourceTree = "<group>";
		};
		6003F58B195388D20070C39A /* Products */ = {
			isa = PBXGroup;
			children = (
				6003F58A195388D20070C39A /* XGCMain_Example.app */,
				6003F5AE195388D20070C39A /* XGCMain_Tests.xctest */,
			);
			name = Products;
			sourceTree = "<group>";
		};
		6003F58C195388D20070C39A /* Frameworks */ = {
			isa = PBXGroup;
			children = (
				6003F58D195388D20070C39A /* Foundation.framework */,
				6003F58F195388D20070C39A /* CoreGraphics.framework */,
				6003F591195388D20070C39A /* UIKit.framework */,
				6003F5AF195388D20070C39A /* XCTest.framework */,
				E4202EF893EB0C6F45B5B442 /* Pods_XGCMain_Example.framework */,
				EA28DCDA7CB16C6B0BBB8410 /* Pods_XGCMain_Tests.framework */,
			);
			name = Frameworks;
			sourceTree = "<group>";
		};
		6003F593195388D20070C39A /* Example for XGCMain */ = {
			isa = PBXGroup;
			children = (
				FB5014032BD79F54001034DD /* Assets */,
				FB5014B52BD79F54001034DD /* Classes */,
				6003F59C195388D20070C39A /* XGCAppDelegate.h */,
				6003F59D195388D20070C39A /* XGCAppDelegate.m */,
				873B8AEA1B1F5CCA007FD442 /* Main.storyboard */,
				6003F5A5195388D20070C39A /* XGCViewController.h */,
				6003F5A6195388D20070C39A /* XGCViewController.m */,
				FB5012E02BD75018001034DD /* XGCSecondaryViewController.h */,
				FB5012E12BD75018001034DD /* XGCSecondaryViewController.m */,
				71719F9D1E33DC2100824A3D /* LaunchScreen.storyboard */,
				6003F5A8195388D20070C39A /* Images.xcassets */,
				6003F594195388D20070C39A /* Supporting Files */,
			);
			name = "Example for XGCMain";
			path = XGCMain;
			sourceTree = "<group>";
		};
		6003F594195388D20070C39A /* Supporting Files */ = {
			isa = PBXGroup;
			children = (
				6003F595195388D20070C39A /* XGCMain-Info.plist */,
				6003F596195388D20070C39A /* InfoPlist.strings */,
				6003F599195388D20070C39A /* main.m */,
				6003F59B195388D20070C39A /* XGCMain-Prefix.pch */,
			);
			name = "Supporting Files";
			sourceTree = "<group>";
		};
		6003F5B5195388D20070C39A /* Tests */ = {
			isa = PBXGroup;
			children = (
				6003F5BB195388D20070C39A /* Tests.m */,
				6003F5B6195388D20070C39A /* Supporting Files */,
			);
			path = Tests;
			sourceTree = "<group>";
		};
		6003F5B6195388D20070C39A /* Supporting Files */ = {
			isa = PBXGroup;
			children = (
				6003F5B7195388D20070C39A /* Tests-Info.plist */,
				6003F5B8195388D20070C39A /* InfoPlist.strings */,
				606FC2411953D9B200FFA9A0 /* Tests-Prefix.pch */,
			);
			name = "Supporting Files";
			sourceTree = "<group>";
		};
		60FF7A9C1954A5C5007DD14C /* Podspec Metadata */ = {
			isa = PBXGroup;
			children = (
				0935A9F076F4173671B4347C /* XGCMain.podspec */,
				8F98A8A711037E260861FD87 /* README.md */,
				F6E7DAC45F9F6D406AA23009 /* LICENSE */,
			);
			name = "Podspec Metadata";
			sourceTree = "<group>";
		};
		9E8918D4535A84FE31FE39B0 /* Pods */ = {
			isa = PBXGroup;
			children = (
				0FA3C3D5BEC9A5C384F47A20 /* Pods-XGCMain_Example.debug.xcconfig */,
				8E6EE84C871889955E2C717C /* Pods-XGCMain_Example.release.xcconfig */,
				0FF9A6175F2B8C8E829252AB /* Pods-XGCMain_Tests.debug.xcconfig */,
				3EC3159A2761C01B17F35149 /* Pods-XGCMain_Tests.release.xcconfig */,
			);
			path = Pods;
			sourceTree = "<group>";
		};
		FB5014032BD79F54001034DD /* Assets */ = {
			isa = PBXGroup;
			children = (
				FB5014022BD79F54001034DD /* XGCMain.xcassets */,
			);
			name = Assets;
			path = ../../XGCMain/Assets;
			sourceTree = "<group>";
		};
		FB50140E2BD79F54001034DD /* UIView+XGCView */ = {
			isa = PBXGroup;
			children = (
				FB5014042BD79F54001034DD /* UIControl+XGCControl.h */,
				FB5014052BD79F54001034DD /* UIControl+XGCControl.m */,
				FB5014062BD79F54001034DD /* UIView+XGCView.h */,
				FB5014072BD79F54001034DD /* UIView+XGCView.m */,
				FB5014082BD79F54001034DD /* XGCActivityIndicatorView.h */,
				FB5014092BD79F54001034DD /* XGCActivityIndicatorView.m */,
				FB50140A2BD79F54001034DD /* XGCViewConfiguration.h */,
				FB50140B2BD79F54001034DD /* XGCViewConfiguration.m */,
				FB50140C2BD79F54001034DD /* XGCViewLayer.h */,
				FB50140D2BD79F54001034DD /* XGCViewLayer.m */,
			);
			path = "UIView+XGCView";
			sourceTree = "<group>";
		};
		FB50141D2BD79F54001034DD /* XGCCategory */ = {
			isa = PBXGroup;
			children = (
				FB50140E2BD79F54001034DD /* UIView+XGCView */,
				FB50140F2BD79F54001034DD /* NSArray+XGCArray.h */,
				FB5014102BD79F54001034DD /* NSArray+XGCArray.m */,
				FB5014112BD79F54001034DD /* NSCalendar+XGCCalendar.h */,
				FB5014122BD79F54001034DD /* NSCalendar+XGCCalendar.m */,
				FB5014132BD79F54001034DD /* NSDate+XGCDate.h */,
				FB5014142BD79F54001034DD /* NSDate+XGCDate.m */,
				FB5014152BD79F54001034DD /* NSString+XGCString.h */,
				FB5014162BD79F54001034DD /* NSString+XGCString.m */,
				FB5014172BD79F54001034DD /* UIColor+XGCColor.h */,
				FB5014182BD79F54001034DD /* UIColor+XGCColor.m */,
				FB5014192BD79F54001034DD /* UIDevice+XGCDevice.h */,
				FB50141A2BD79F54001034DD /* UIDevice+XGCDevice.m */,
				FB50141B2BD79F54001034DD /* UIImage+XGCImage.h */,
				FB50141C2BD79F54001034DD /* UIImage+XGCImage.m */,
			);
			path = XGCCategory;
			sourceTree = "<group>";
		};
		FB50142C2BD79F54001034DD /* XGCMainBase */ = {
			isa = PBXGroup;
			children = (
				FB50141E2BD79F54001034DD /* XGCMainAppFuncCodeRefreshViewController.h */,
				FB50141F2BD79F54001034DD /* XGCMainAppFuncCodeRefreshViewController.m */,
				FB5014202BD79F54001034DD /* XGCMainAppFuncCodeViewController.h */,
				FB5014212BD79F54001034DD /* XGCMainAppFuncCodeViewController.m */,
				FB5014222BD79F54001034DD /* XGCMainNavigationController.h */,
				FB5014232BD79F54001034DD /* XGCMainNavigationController.m */,
				FB5014242BD79F54001034DD /* XGCMainNavigationControllerDelegate.h */,
				FB5014252BD79F54001034DD /* XGCMainNavigationControllerDelegate.m */,
				FB5014262BD79F54001034DD /* XGCMainRefreshViewController.h */,
				FB5014272BD79F54001034DD /* XGCMainRefreshViewController.m */,
				FB5014282BD79F54001034DD /* XGCMainTabBarController.h */,
				FB5014292BD79F54001034DD /* XGCMainTabBarController.m */,
				FB50142A2BD79F54001034DD /* XGCMainViewController.h */,
				FB50142B2BD79F54001034DD /* XGCMainViewController.m */,
			);
			path = XGCMainBase;
			sourceTree = "<group>";
		};
		FB5014332BD79F54001034DD /* Cell */ = {
			isa = PBXGroup;
			children = (
				FB50142D2BD79F54001034DD /* XGCMainFormRowDictMapCollectionViewCell.h */,
				FB50142E2BD79F54001034DD /* XGCMainFormRowDictMapCollectionViewCell.m */,
				FB50142F2BD79F54001034DD /* XGCMainFormRowTableViewCell.h */,
				FB5014302BD79F54001034DD /* XGCMainFormRowTableViewCell.m */,
				FB5014312BD79F54001034DD /* XGCMainFormSectionTableHeaderView.h */,
				FB5014322BD79F54001034DD /* XGCMainFormSectionTableHeaderView.m */,
			);
			path = Cell;
			sourceTree = "<group>";
		};
		FB50143A2BD79F54001034DD /* Model */ = {
			isa = PBXGroup;
			children = (
				FB5014342BD79F54001034DD /* XGCMainFormDescriptor.h */,
				FB5014352BD79F54001034DD /* XGCMainFormDescriptor.m */,
				FB5014362BD79F54001034DD /* XGCMainFormRowDescriptor.h */,
				FB5014372BD79F54001034DD /* XGCMainFormRowDescriptor.m */,
				FB5014382BD79F54001034DD /* XGCMainFormSectionDescriptor.h */,
				FB5014392BD79F54001034DD /* XGCMainFormSectionDescriptor.m */,
			);
			path = Model;
			sourceTree = "<group>";
		};
		FB50143B2BD79F54001034DD /* Cell */ = {
			isa = PBXGroup;
			children = (
			);
			path = Cell;
			sourceTree = "<group>";
		};
		FB50143C2BD79F54001034DD /* XGCMainMediaFileJsonContainerView */ = {
			isa = PBXGroup;
			children = (
				FB50143B2BD79F54001034DD /* Cell */,
			);
			path = XGCMainMediaFileJsonContainerView;
			sourceTree = "<group>";
		};
		FB5014412BD79F54001034DD /* XGCMainForm */ = {
			isa = PBXGroup;
			children = (
				FB5014332BD79F54001034DD /* Cell */,
				FB50143A2BD79F54001034DD /* Model */,
				FB50143C2BD79F54001034DD /* XGCMainMediaFileJsonContainerView */,
				FB50143D2BD79F54001034DD /* XGCMainAppFuncCodeFormViewController.h */,
				FB50143E2BD79F54001034DD /* XGCMainAppFuncCodeFormViewController.m */,
				FB50143F2BD79F54001034DD /* XGCMainFormViewController.h */,
				FB5014402BD79F54001034DD /* XGCMainFormViewController.m */,
			);
			path = XGCMainForm;
			sourceTree = "<group>";
		};
		FB5014442BD79F54001034DD /* XGCMainRoute */ = {
			isa = PBXGroup;
			children = (
				FB5014422BD79F54001034DD /* XGCMainRoute.h */,
				FB5014432BD79F54001034DD /* XGCMainRoute.m */,
			);
			path = XGCMainRoute;
			sourceTree = "<group>";
		};
		FB5014492BD79F54001034DD /* XGCAlertView */ = {
			isa = PBXGroup;
			children = (
				FB5014452BD79F54001034DD /* XGCAlertTableViewCell.h */,
				FB5014462BD79F54001034DD /* XGCAlertTableViewCell.m */,
				FB5014472BD79F54001034DD /* XGCAlertView.h */,
				FB5014482BD79F54001034DD /* XGCAlertView.m */,
			);
			path = XGCAlertView;
			sourceTree = "<group>";
		};
		FB50144C2BD79F54001034DD /* XGCDatePickerView */ = {
			isa = PBXGroup;
			children = (
				FB50144A2BD79F54001034DD /* XGCDatePickerView.h */,
				FB50144B2BD79F54001034DD /* XGCDatePickerView.m */,
			);
			path = XGCDatePickerView;
			sourceTree = "<group>";
		};
		FB50144F2BD79F54001034DD /* XGCImageUrlControl */ = {
			isa = PBXGroup;
			children = (
				FB50144D2BD79F54001034DD /* XGCImageUrlControl.h */,
				FB50144E2BD79F54001034DD /* XGCImageUrlControl.m */,
			);
			path = XGCImageUrlControl;
			sourceTree = "<group>";
		};
		FB5014522BD79F54001034DD /* XGCMainPickerManager */ = {
			isa = PBXGroup;
			children = (
				FB5014502BD79F54001034DD /* XGCMainPickerManager.h */,
				FB5014512BD79F54001034DD /* XGCMainPickerManager.m */,
			);
			path = XGCMainPickerManager;
			sourceTree = "<group>";
		};
		FB5014552BD79F54001034DD /* XGCSearchTextField */ = {
			isa = PBXGroup;
			children = (
				FB5014532BD79F54001034DD /* XGCSearchTextField.h */,
				FB5014542BD79F54001034DD /* XGCSearchTextField.m */,
			);
			path = XGCSearchTextField;
			sourceTree = "<group>";
		};
		FB50145A2BD79F54001034DD /* XGCTextField */ = {
			isa = PBXGroup;
			children = (
				FB5014562BD79F54001034DD /* XGCTextField.h */,
				FB5014572BD79F54001034DD /* XGCTextField.m */,
				FB5014582BD79F54001034DD /* XGCTextFieldDelegator.h */,
				FB5014592BD79F54001034DD /* XGCTextFieldDelegator.m */,
			);
			path = XGCTextField;
			sourceTree = "<group>";
		};
		FB50145D2BD79F54001034DD /* XGCTextView */ = {
			isa = PBXGroup;
			children = (
				FB50145B2BD79F54001034DD /* XGCTextView.h */,
				FB50145C2BD79F54001034DD /* XGCTextView.m */,
			);
			path = XGCTextView;
			sourceTree = "<group>";
		};
		FB50145E2BD79F54001034DD /* XGCMainTool */ = {
			isa = PBXGroup;
			children = (
				FB5014492BD79F54001034DD /* XGCAlertView */,
				FB50144C2BD79F54001034DD /* XGCDatePickerView */,
				FB50144F2BD79F54001034DD /* XGCImageUrlControl */,
				FB5014522BD79F54001034DD /* XGCMainPickerManager */,
				FB5014552BD79F54001034DD /* XGCSearchTextField */,
				FB50145A2BD79F54001034DD /* XGCTextField */,
				FB50145D2BD79F54001034DD /* XGCTextView */,
			);
			path = XGCMainTool;
			sourceTree = "<group>";
		};
		FB5014612BD79F54001034DD /* Cell */ = {
			isa = PBXGroup;
			children = (
				FB50145F2BD79F54001034DD /* XGCMediaPreviewCollectionViewCell.h */,
				FB5014602BD79F54001034DD /* XGCMediaPreviewCollectionViewCell.m */,
			);
			path = Cell;
			sourceTree = "<group>";
		};
		FB50146F2BD79F54001034DD /* KSPhotoBrowser */ = {
			isa = PBXGroup;
			children = (
				FB5014622BD79F54001034DD /* KSImageManagerProtocol.h */,
				FB5014632BD79F54001034DD /* KSPhotoBrowser.h */,
				FB5014642BD79F54001034DD /* KSPhotoBrowser.m */,
				FB5014652BD79F54001034DD /* KSPhotoBrowserManager.h */,
				FB5014662BD79F54001034DD /* KSPhotoBrowserManager.m */,
				FB5014672BD79F54001034DD /* KSPhotoItem.h */,
				FB5014682BD79F54001034DD /* KSPhotoItem.m */,
				FB5014692BD79F54001034DD /* KSPhotoView.h */,
				FB50146A2BD79F54001034DD /* KSPhotoView.m */,
				FB50146B2BD79F54001034DD /* KSProgressLayer.h */,
				FB50146C2BD79F54001034DD /* KSProgressLayer.m */,
				FB50146D2BD79F54001034DD /* KSSDImageManager.h */,
				FB50146E2BD79F54001034DD /* KSSDImageManager.m */,
			);
			path = KSPhotoBrowser;
			sourceTree = "<group>";
		};
		FB5014722BD79F54001034DD /* Model */ = {
			isa = PBXGroup;
			children = (
				FB5014702BD79F54001034DD /* XGCMediaPreviewModel.h */,
				FB5014712BD79F54001034DD /* XGCMediaPreviewModel.m */,
			);
			path = Model;
			sourceTree = "<group>";
		};
		FB5014752BD79F54001034DD /* Route */ = {
			isa = PBXGroup;
			children = (
				FB5014732BD79F54001034DD /* XGCMediaPreviewRoute.h */,
				FB5014742BD79F54001034DD /* XGCMediaPreviewRoute.m */,
			);
			path = Route;
			sourceTree = "<group>";
		};
		FB5014782BD79F54001034DD /* XGCMediaPreview */ = {
			isa = PBXGroup;
			children = (
				FB5014612BD79F54001034DD /* Cell */,
				FB50146F2BD79F54001034DD /* KSPhotoBrowser */,
				FB5014722BD79F54001034DD /* Model */,
				FB5014752BD79F54001034DD /* Route */,
				FB5014762BD79F54001034DD /* XGCMediaPreviewContainerView.h */,
				FB5014772BD79F54001034DD /* XGCMediaPreviewContainerView.m */,
			);
			path = XGCMediaPreview;
			sourceTree = "<group>";
		};
		FB5014802BD79F54001034DD /* XGCThemeManagerCenter */ = {
			isa = PBXGroup;
			children = (
				FB5014792BD79F54001034DD /* XGCConfiguration.h */,
				FB50147A2BD79F54001034DD /* XGCConfiguration.m */,
				FB50147B2BD79F54001034DD /* XGCThemeManager.h */,
				FB50147C2BD79F54001034DD /* XGCThemeManager.m */,
				FB50147D2BD79F54001034DD /* XGCThemeManagerCenter.h */,
				FB50147E2BD79F54001034DD /* XGCThemeManagerCenter.m */,
				FB50147F2BD79F54001034DD /* XGCThemeTemplateProtocol.h */,
			);
			path = XGCThemeManagerCenter;
			sourceTree = "<group>";
		};
		FB5014852BD79F54001034DD /* XGCAFNetworking */ = {
			isa = PBXGroup;
			children = (
				FB5014812BD79F54001034DD /* XGCAFNetworking.h */,
				FB5014822BD79F54001034DD /* XGCAFNetworking.m */,
				FB5014832BD79F54001034DD /* XGCAFNetworkingDelegate.h */,
				FB5014842BD79F54001034DD /* XGCAFNetworkingDelegate.m */,
			);
			path = XGCAFNetworking;
			sourceTree = "<group>";
		};
		FB50148A2BD79F54001034DD /* XGCAliyunOSSiOS */ = {
			isa = PBXGroup;
			children = (
				FB5014862BD79F54001034DD /* XGCAliyunOSSiOS.h */,
				FB5014872BD79F54001034DD /* XGCAliyunOSSiOS.m */,
				FB5014882BD79F54001034DD /* XGCAliyunOSSiOSDelegate.h */,
				FB5014892BD79F54001034DD /* XGCAliyunOSSiOSDelegate.m */,
			);
			path = XGCAliyunOSSiOS;
			sourceTree = "<group>";
		};
		FB50148D2BD79F54001034DD /* XGCDZNEmptyDataSet */ = {
			isa = PBXGroup;
			children = (
				FB50148B2BD79F54001034DD /* XGCEmptyTableView.h */,
				FB50148C2BD79F54001034DD /* XGCEmptyTableView.m */,
			);
			path = XGCDZNEmptyDataSet;
			sourceTree = "<group>";
		};
		FB5014922BD79F54001034DD /* XGCMJRefresh */ = {
			isa = PBXGroup;
			children = (
				FB50148E2BD79F54001034DD /* XGCRefreshCollectionView.h */,
				FB50148F2BD79F54001034DD /* XGCRefreshCollectionView.m */,
				FB5014902BD79F54001034DD /* XGCRefreshTableView.h */,
				FB5014912BD79F54001034DD /* XGCRefreshTableView.m */,
			);
			path = XGCMJRefresh;
			sourceTree = "<group>";
		};
		FB5014932BD79F54001034DD /* XGCThirdParty */ = {
			isa = PBXGroup;
			children = (
				FB5014852BD79F54001034DD /* XGCAFNetworking */,
				FB50148A2BD79F54001034DD /* XGCAliyunOSSiOS */,
				FB50148D2BD79F54001034DD /* XGCDZNEmptyDataSet */,
				FB5014922BD79F54001034DD /* XGCMJRefresh */,
			);
			path = XGCThirdParty;
			sourceTree = "<group>";
		};
		FB5014992BD79F54001034DD /* XGCURLManagerCenter */ = {
			isa = PBXGroup;
			children = (
				FB5014942BD79F54001034DD /* XGCURLManager.h */,
				FB5014952BD79F54001034DD /* XGCURLManager.m */,
				FB5014962BD79F54001034DD /* XGCURLManagerCenter.h */,
				FB5014972BD79F54001034DD /* XGCURLManagerCenter.m */,
				FB5014982BD79F54001034DD /* XGCURLProtocol.h */,
			);
			path = XGCURLManagerCenter;
			sourceTree = "<group>";
		};
		FB50149E2BD79F54001034DD /* XGCURLSession */ = {
			isa = PBXGroup;
			children = (
				FB50149A2BD79F54001034DD /* XGCURLSession.h */,
				FB50149B2BD79F54001034DD /* XGCURLSession.m */,
				FB50149C2BD79F54001034DD /* XGCURLSessionDelegate.h */,
				FB50149D2BD79F54001034DD /* XGCURLSessionDelegate.m */,
			);
			path = XGCURLSession;
			sourceTree = "<group>";
		};
		FB5014AB2BD79F54001034DD /* Model */ = {
			isa = PBXGroup;
			children = (
				FB50149F2BD79F54001034DD /* XGCMenuAndFuncListModel.h */,
				FB5014A02BD79F54001034DD /* XGCMenuAndFuncListModel.m */,
				FB5014A12BD79F54001034DD /* XGCMenuDataModel.h */,
				FB5014A22BD79F54001034DD /* XGCMenuDataModel.m */,
				FB5014A32BD79F54001034DD /* XGCUserAclMapModel.h */,
				FB5014A42BD79F54001034DD /* XGCUserAclMapModel.m */,
				FB5014A52BD79F54001034DD /* XGCUserDictMapModel.h */,
				FB5014A62BD79F54001034DD /* XGCUserDictMapModel.m */,
				FB5014A72BD79F54001034DD /* XGCUserMapModel.h */,
				FB5014A82BD79F54001034DD /* XGCUserMapModel.m */,
				FB5014A92BD79F54001034DD /* XGCUserModel.h */,
				FB5014AA2BD79F54001034DD /* XGCUserModel.m */,
			);
			path = Model;
			sourceTree = "<group>";
		};
		FB5014AE2BD79F54001034DD /* XGCUser */ = {
			isa = PBXGroup;
			children = (
				FB5014AB2BD79F54001034DD /* Model */,
				FB5014AC2BD79F54001034DD /* XGCUserManager.h */,
				FB5014AD2BD79F54001034DD /* XGCUserManager.m */,
			);
			path = XGCUser;
			sourceTree = "<group>";
		};
		FB5014B12BD79F54001034DD /* Route */ = {
			isa = PBXGroup;
			children = (
				FB5014AF2BD79F54001034DD /* XGCWebViewRoute.h */,
				FB5014B02BD79F54001034DD /* XGCWebViewRoute.m */,
			);
			path = Route;
			sourceTree = "<group>";
		};
		FB5014B42BD79F54001034DD /* XGCWebView */ = {
			isa = PBXGroup;
			children = (
				FB5014B12BD79F54001034DD /* Route */,
				FB5014B22BD79F54001034DD /* XGCWebViewController.h */,
				FB5014B32BD79F54001034DD /* XGCWebViewController.m */,
			);
			path = XGCWebView;
			sourceTree = "<group>";
		};
		FB5014B52BD79F54001034DD /* Classes */ = {
			isa = PBXGroup;
			children = (
				FB50141D2BD79F54001034DD /* XGCCategory */,
				FB50142C2BD79F54001034DD /* XGCMainBase */,
				FB5014412BD79F54001034DD /* XGCMainForm */,
				FB5014442BD79F54001034DD /* XGCMainRoute */,
				FB50145E2BD79F54001034DD /* XGCMainTool */,
				FB5014782BD79F54001034DD /* XGCMediaPreview */,
				FB5014802BD79F54001034DD /* XGCThemeManagerCenter */,
				FB5014932BD79F54001034DD /* XGCThirdParty */,
				FB5014992BD79F54001034DD /* XGCURLManagerCenter */,
				FB50149E2BD79F54001034DD /* XGCURLSession */,
				FB5014AE2BD79F54001034DD /* XGCUser */,
				FB5014B42BD79F54001034DD /* XGCWebView */,
			);
			name = Classes;
			path = ../../XGCMain/Classes;
			sourceTree = "<group>";
		};
/* End PBXGroup section */

/* Begin PBXNativeTarget section */
		6003F589195388D20070C39A /* XGCMain_Example */ = {
			isa = PBXNativeTarget;
			buildConfigurationList = 6003F5BF195388D20070C39A /* Build configuration list for PBXNativeTarget "XGCMain_Example" */;
			buildPhases = (
				04431FCA14B06988A3CA4C05 /* [CP] Check Pods Manifest.lock */,
				6003F586195388D20070C39A /* Sources */,
				6003F587195388D20070C39A /* Frameworks */,
				6003F588195388D20070C39A /* Resources */,
				67CEB70F148326DF06B85169 /* [CP] Embed Pods Frameworks */,
			);
			buildRules = (
			);
			dependencies = (
			);
			name = XGCMain_Example;
			productName = XGCMain;
			productReference = 6003F58A195388D20070C39A /* XGCMain_Example.app */;
			productType = "com.apple.product-type.application";
		};
		6003F5AD195388D20070C39A /* XGCMain_Tests */ = {
			isa = PBXNativeTarget;
			buildConfigurationList = 6003F5C2195388D20070C39A /* Build configuration list for PBXNativeTarget "XGCMain_Tests" */;
			buildPhases = (
				D539CEA3156FBF60789EA6CC /* [CP] Check Pods Manifest.lock */,
				6003F5AA195388D20070C39A /* Sources */,
				6003F5AB195388D20070C39A /* Frameworks */,
				6003F5AC195388D20070C39A /* Resources */,
			);
			buildRules = (
			);
			dependencies = (
				6003F5B4195388D20070C39A /* PBXTargetDependency */,
			);
			name = XGCMain_Tests;
			productName = XGCMainTests;
			productReference = 6003F5AE195388D20070C39A /* XGCMain_Tests.xctest */;
			productType = "com.apple.product-type.bundle.unit-test";
		};
/* End PBXNativeTarget section */

/* Begin PBXProject section */
		6003F582195388D10070C39A /* Project object */ = {
			isa = PBXProject;
			attributes = {
				CLASSPREFIX = XGC;
				LastUpgradeCheck = 0720;
				ORGANIZATIONNAME = ShannonCrazy;
				TargetAttributes = {
					6003F5AD195388D20070C39A = {
						TestTargetID = 6003F589195388D20070C39A;
					};
				};
			};
			buildConfigurationList = 6003F585195388D10070C39A /* Build configuration list for PBXProject "XGCMain" */;
			compatibilityVersion = "Xcode 15.0";
			developmentRegion = English;
			hasScannedForEncodings = 0;
			knownRegions = (
				English,
				en,
				Base,
			);
			mainGroup = 6003F581195388D10070C39A;
			productRefGroup = 6003F58B195388D20070C39A /* Products */;
			projectDirPath = "";
			projectRoot = "";
			targets = (
				6003F589195388D20070C39A /* XGCMain_Example */,
				6003F5AD195388D20070C39A /* XGCMain_Tests */,
			);
		};
/* End PBXProject section */

/* Begin PBXResourcesBuildPhase section */
		6003F588195388D20070C39A /* Resources */ = {
			isa = PBXResourcesBuildPhase;
			buildActionMask = 2147483647;
			files = (
				FB5014B62BD79F54001034DD /* XGCMain.xcassets in Resources */,
				873B8AEB1B1F5CCA007FD442 /* Main.storyboard in Resources */,
				71719F9F1E33DC2100824A3D /* LaunchScreen.storyboard in Resources */,
				6003F5A9195388D20070C39A /* Images.xcassets in Resources */,
				6003F598195388D20070C39A /* InfoPlist.strings in Resources */,
			);
			runOnlyForDeploymentPostprocessing = 0;
		};
		6003F5AC195388D20070C39A /* Resources */ = {
			isa = PBXResourcesBuildPhase;
			buildActionMask = 2147483647;
			files = (
				6003F5BA195388D20070C39A /* InfoPlist.strings in Resources */,
			);
			runOnlyForDeploymentPostprocessing = 0;
		};
/* End PBXResourcesBuildPhase section */

/* Begin PBXShellScriptBuildPhase section */
		04431FCA14B06988A3CA4C05 /* [CP] Check Pods Manifest.lock */ = {
			isa = PBXShellScriptBuildPhase;
			buildActionMask = 2147483647;
			files = (
			);
			inputFileListPaths = (
			);
			inputPaths = (
				"${PODS_PODFILE_DIR_PATH}/Podfile.lock",
				"${PODS_ROOT}/Manifest.lock",
			);
			name = "[CP] Check Pods Manifest.lock";
			outputFileListPaths = (
			);
			outputPaths = (
				"$(DERIVED_FILE_DIR)/Pods-XGCMain_Example-checkManifestLockResult.txt",
			);
			runOnlyForDeploymentPostprocessing = 0;
			shellPath = /bin/sh;
			shellScript = "diff \"${PODS_PODFILE_DIR_PATH}/Podfile.lock\" \"${PODS_ROOT}/Manifest.lock\" > /dev/null\nif [ $? != 0 ] ; then\n    # print error to STDERR\n    echo \"error: The sandbox is not in sync with the Podfile.lock. Run 'pod install' or update your CocoaPods installation.\" >&2\n    exit 1\nfi\n# This output is used by Xcode 'outputs' to avoid re-running this script phase.\necho \"SUCCESS\" > \"${SCRIPT_OUTPUT_FILE_0}\"\n";
			showEnvVarsInLog = 0;
		};
		67CEB70F148326DF06B85169 /* [CP] Embed Pods Frameworks */ = {
			isa = PBXShellScriptBuildPhase;
			buildActionMask = 2147483647;
			files = (
			);
			inputFileListPaths = (
				"${PODS_ROOT}/Target Support Files/Pods-XGCMain_Example/Pods-XGCMain_Example-frameworks-${CONFIGURATION}-input-files.xcfilelist",
			);
			name = "[CP] Embed Pods Frameworks";
			outputFileListPaths = (
				"${PODS_ROOT}/Target Support Files/Pods-XGCMain_Example/Pods-XGCMain_Example-frameworks-${CONFIGURATION}-output-files.xcfilelist",
			);
			runOnlyForDeploymentPostprocessing = 0;
			shellPath = /bin/sh;
			shellScript = "\"${PODS_ROOT}/Target Support Files/Pods-XGCMain_Example/Pods-XGCMain_Example-frameworks.sh\"\n";
			showEnvVarsInLog = 0;
		};
		D539CEA3156FBF60789EA6CC /* [CP] Check Pods Manifest.lock */ = {
			isa = PBXShellScriptBuildPhase;
			buildActionMask = 2147483647;
			files = (
			);
			inputFileListPaths = (
			);
			inputPaths = (
				"${PODS_PODFILE_DIR_PATH}/Podfile.lock",
				"${PODS_ROOT}/Manifest.lock",
			);
			name = "[CP] Check Pods Manifest.lock";
			outputFileListPaths = (
			);
			outputPaths = (
				"$(DERIVED_FILE_DIR)/Pods-XGCMain_Tests-checkManifestLockResult.txt",
			);
			runOnlyForDeploymentPostprocessing = 0;
			shellPath = /bin/sh;
			shellScript = "diff \"${PODS_PODFILE_DIR_PATH}/Podfile.lock\" \"${PODS_ROOT}/Manifest.lock\" > /dev/null\nif [ $? != 0 ] ; then\n    # print error to STDERR\n    echo \"error: The sandbox is not in sync with the Podfile.lock. Run 'pod install' or update your CocoaPods installation.\" >&2\n    exit 1\nfi\n# This output is used by Xcode 'outputs' to avoid re-running this script phase.\necho \"SUCCESS\" > \"${SCRIPT_OUTPUT_FILE_0}\"\n";
			showEnvVarsInLog = 0;
		};
/* End PBXShellScriptBuildPhase section */

/* Begin PBXSourcesBuildPhase section */
		6003F586195388D20070C39A /* Sources */ = {
			isa = PBXSourcesBuildPhase;
			buildActionMask = 2147483647;
			files = (
				FB5014E22BD79F54001034DD /* KSSDImageManager.m in Sources */,
				FB5014D82BD79F54001034DD /* XGCSearchTextField.m in Sources */,
				FB5014CA2BD79F54001034DD /* XGCMainFormRowDictMapCollectionViewCell.m in Sources */,
				FB5014C72BD79F54001034DD /* XGCMainRefreshViewController.m in Sources */,
				FB5014C12BD79F54001034DD /* UIDevice+XGCDevice.m in Sources */,
				FB5014EE2BD79F54001034DD /* XGCRefreshCollectionView.m in Sources */,
				FB5014EF2BD79F54001034DD /* XGCRefreshTableView.m in Sources */,
				FB5014CD2BD79F54001034DD /* XGCMainFormDescriptor.m in Sources */,
				FB5014B82BD79F54001034DD /* UIView+XGCView.m in Sources */,
				FB5012E22BD75018001034DD /* XGCSecondaryViewController.m in Sources */,
				6003F59E195388D20070C39A /* XGCAppDelegate.m in Sources */,
				FB5014BD2BD79F54001034DD /* NSCalendar+XGCCalendar.m in Sources */,
				FB5014D62BD79F54001034DD /* XGCImageUrlControl.m in Sources */,
				FB5014C32BD79F54001034DD /* XGCMainAppFuncCodeRefreshViewController.m in Sources */,
				FB5014C82BD79F54001034DD /* XGCMainTabBarController.m in Sources */,
				FB5014C02BD79F54001034DD /* UIColor+XGCColor.m in Sources */,
				FB5014E42BD79F54001034DD /* XGCMediaPreviewRoute.m in Sources */,
				FB5014DF2BD79F54001034DD /* KSPhotoItem.m in Sources */,
				FB5014EA2BD79F54001034DD /* XGCAFNetworkingDelegate.m in Sources */,
				FB5014EB2BD79F54001034DD /* XGCAliyunOSSiOS.m in Sources */,
				FB5014D92BD79F54001034DD /* XGCTextField.m in Sources */,
				FB5014BC2BD79F54001034DD /* NSArray+XGCArray.m in Sources */,
				FB5014E52BD79F54001034DD /* XGCMediaPreviewContainerView.m in Sources */,
				FB5014E62BD79F54001034DD /* XGCConfiguration.m in Sources */,
				FB5014DC2BD79F54001034DD /* XGCMediaPreviewCollectionViewCell.m in Sources */,
				FB5014E02BD79F54001034DD /* KSPhotoView.m in Sources */,
				FB5014CF2BD79F54001034DD /* XGCMainFormSectionDescriptor.m in Sources */,
				FB5014F32BD79F54001034DD /* XGCURLSessionDelegate.m in Sources */,
				FB5014CB2BD79F54001034DD /* XGCMainFormRowTableViewCell.m in Sources */,
				FB5014C92BD79F54001034DD /* XGCMainViewController.m in Sources */,
				FB5014B92BD79F54001034DD /* XGCActivityIndicatorView.m in Sources */,
				FB5014CE2BD79F54001034DD /* XGCMainFormRowDescriptor.m in Sources */,
				FB5014DA2BD79F54001034DD /* XGCTextFieldDelegator.m in Sources */,
				FB5014D52BD79F54001034DD /* XGCDatePickerView.m in Sources */,
				FB5014ED2BD79F54001034DD /* XGCEmptyTableView.m in Sources */,
				FB5014F62BD79F54001034DD /* XGCUserAclMapModel.m in Sources */,
				FB5014F42BD79F54001034DD /* XGCMenuAndFuncListModel.m in Sources */,
				FB5014E92BD79F54001034DD /* XGCAFNetworking.m in Sources */,
				FB5014F22BD79F54001034DD /* XGCURLSession.m in Sources */,
				FB5014C52BD79F54001034DD /* XGCMainNavigationController.m in Sources */,
				FB5014DD2BD79F54001034DD /* KSPhotoBrowser.m in Sources */,
				FB5014FB2BD79F54001034DD /* XGCWebViewRoute.m in Sources */,
				FB5014C62BD79F54001034DD /* XGCMainNavigationControllerDelegate.m in Sources */,
				FB5014D02BD79F54001034DD /* XGCMainAppFuncCodeFormViewController.m in Sources */,
				FB5014F92BD79F54001034DD /* XGCUserModel.m in Sources */,
				6003F5A7195388D20070C39A /* XGCViewController.m in Sources */,
				FB5014FC2BD79F54001034DD /* XGCWebViewController.m in Sources */,
				FB5014F02BD79F54001034DD /* XGCURLManager.m in Sources */,
				6003F59A195388D20070C39A /* main.m in Sources */,
				FB5014D12BD79F54001034DD /* XGCMainFormViewController.m in Sources */,
				FB5014F12BD79F54001034DD /* XGCURLManagerCenter.m in Sources */,
				FB5014EC2BD79F54001034DD /* XGCAliyunOSSiOSDelegate.m in Sources */,
				FB5014CC2BD79F54001034DD /* XGCMainFormSectionTableHeaderView.m in Sources */,
				FB5014E72BD79F54001034DD /* XGCThemeManager.m in Sources */,
				FB5014F52BD79F54001034DD /* XGCMenuDataModel.m in Sources */,
				FB5014D42BD79F54001034DD /* XGCAlertView.m in Sources */,
				FB5014BA2BD79F54001034DD /* XGCViewConfiguration.m in Sources */,
				FB5014BF2BD79F54001034DD /* NSString+XGCString.m in Sources */,
				FB5014E32BD79F54001034DD /* XGCMediaPreviewModel.m in Sources */,
				FB5014C42BD79F54001034DD /* XGCMainAppFuncCodeViewController.m in Sources */,
				FB5014E82BD79F54001034DD /* XGCThemeManagerCenter.m in Sources */,
				FB5014BE2BD79F54001034DD /* NSDate+XGCDate.m in Sources */,
				FB5014F72BD79F54001034DD /* XGCUserDictMapModel.m in Sources */,
				FB5014DB2BD79F54001034DD /* XGCTextView.m in Sources */,
				FB5014BB2BD79F54001034DD /* XGCViewLayer.m in Sources */,
				FB5014FA2BD79F54001034DD /* XGCUserManager.m in Sources */,
				FB5014F82BD79F54001034DD /* XGCUserMapModel.m in Sources */,
				FB5014E12BD79F54001034DD /* KSProgressLayer.m in Sources */,
				FB5014C22BD79F54001034DD /* UIImage+XGCImage.m in Sources */,
				FB5014D72BD79F54001034DD /* XGCMainPickerManager.m in Sources */,
				FB5014B72BD79F54001034DD /* UIControl+XGCControl.m in Sources */,
				FB5014DE2BD79F54001034DD /* KSPhotoBrowserManager.m in Sources */,
				FB5014D22BD79F54001034DD /* XGCMainRoute.m in Sources */,
				FB5014D32BD79F54001034DD /* XGCAlertTableViewCell.m in Sources */,
			);
			runOnlyForDeploymentPostprocessing = 0;
		};
		6003F5AA195388D20070C39A /* Sources */ = {
			isa = PBXSourcesBuildPhase;
			buildActionMask = 2147483647;
			files = (
				6003F5BC195388D20070C39A /* Tests.m in Sources */,
			);
			runOnlyForDeploymentPostprocessing = 0;
		};
/* End PBXSourcesBuildPhase section */

/* Begin PBXTargetDependency section */
		6003F5B4195388D20070C39A /* PBXTargetDependency */ = {
			isa = PBXTargetDependency;
			target = 6003F589195388D20070C39A /* XGCMain_Example */;
			targetProxy = 6003F5B3195388D20070C39A /* PBXContainerItemProxy */;
		};
/* End PBXTargetDependency section */

/* Begin PBXVariantGroup section */
		6003F596195388D20070C39A /* InfoPlist.strings */ = {
			isa = PBXVariantGroup;
			children = (
				6003F597195388D20070C39A /* en */,
			);
			name = InfoPlist.strings;
			sourceTree = "<group>";
		};
		6003F5B8195388D20070C39A /* InfoPlist.strings */ = {
			isa = PBXVariantGroup;
			children = (
				6003F5B9195388D20070C39A /* en */,
			);
			name = InfoPlist.strings;
			sourceTree = "<group>";
		};
		71719F9D1E33DC2100824A3D /* LaunchScreen.storyboard */ = {
			isa = PBXVariantGroup;
			children = (
				71719F9E1E33DC2100824A3D /* Base */,
			);
			name = LaunchScreen.storyboard;
			sourceTree = "<group>";
		};
/* End PBXVariantGroup section */

/* Begin XCBuildConfiguration section */
		6003F5BD195388D20070C39A /* Debug */ = {
			isa = XCBuildConfiguration;
			buildSettings = {
				ALWAYS_SEARCH_USER_PATHS = NO;
				CLANG_CXX_LANGUAGE_STANDARD = "gnu++0x";
				CLANG_CXX_LIBRARY = "libc++";
				CLANG_ENABLE_MODULES = YES;
				CLANG_ENABLE_OBJC_ARC = YES;
				CLANG_WARN_BOOL_CONVERSION = YES;
				CLANG_WARN_CONSTANT_CONVERSION = YES;
				CLANG_WARN_DIRECT_OBJC_ISA_USAGE = YES_ERROR;
				CLANG_WARN_EMPTY_BODY = YES;
				CLANG_WARN_ENUM_CONVERSION = YES;
				CLANG_WARN_INT_CONVERSION = YES;
				CLANG_WARN_OBJC_ROOT_CLASS = YES_ERROR;
				CLANG_WARN__DUPLICATE_METHOD_MATCH = YES;
				"CODE_SIGN_IDENTITY[sdk=iphoneos*]" = "iPhone Developer";
				COPY_PHASE_STRIP = NO;
				ENABLE_TESTABILITY = YES;
				GCC_C_LANGUAGE_STANDARD = gnu99;
				GCC_DYNAMIC_NO_PIC = NO;
				GCC_OPTIMIZATION_LEVEL = 0;
				GCC_PREPROCESSOR_DEFINITIONS = (
					"DEBUG=1",
					"$(inherited)",
				);
				GCC_SYMBOLS_PRIVATE_EXTERN = NO;
				GCC_WARN_64_TO_32_BIT_CONVERSION = YES;
				GCC_WARN_ABOUT_RETURN_TYPE = YES_ERROR;
				GCC_WARN_UNDECLARED_SELECTOR = YES;
				GCC_WARN_UNINITIALIZED_AUTOS = YES_AGGRESSIVE;
				GCC_WARN_UNUSED_FUNCTION = YES;
				GCC_WARN_UNUSED_VARIABLE = YES;
				IPHONEOS_DEPLOYMENT_TARGET = 12.0;
				ONLY_ACTIVE_ARCH = YES;
				SDKROOT = iphoneos;
				TARGETED_DEVICE_FAMILY = "1,2";
			};
			name = Debug;
		};
		6003F5BE195388D20070C39A /* Release */ = {
			isa = XCBuildConfiguration;
			buildSettings = {
				ALWAYS_SEARCH_USER_PATHS = NO;
				CLANG_CXX_LANGUAGE_STANDARD = "gnu++0x";
				CLANG_CXX_LIBRARY = "libc++";
				CLANG_ENABLE_MODULES = YES;
				CLANG_ENABLE_OBJC_ARC = YES;
				CLANG_WARN_BOOL_CONVERSION = YES;
				CLANG_WARN_CONSTANT_CONVERSION = YES;
				CLANG_WARN_DIRECT_OBJC_ISA_USAGE = YES_ERROR;
				CLANG_WARN_EMPTY_BODY = YES;
				CLANG_WARN_ENUM_CONVERSION = YES;
				CLANG_WARN_INT_CONVERSION = YES;
				CLANG_WARN_OBJC_ROOT_CLASS = YES_ERROR;
				CLANG_WARN__DUPLICATE_METHOD_MATCH = YES;
				"CODE_SIGN_IDENTITY[sdk=iphoneos*]" = "iPhone Developer";
				COPY_PHASE_STRIP = YES;
				ENABLE_NS_ASSERTIONS = NO;
				GCC_C_LANGUAGE_STANDARD = gnu99;
				GCC_WARN_64_TO_32_BIT_CONVERSION = YES;
				GCC_WARN_ABOUT_RETURN_TYPE = YES_ERROR;
				GCC_WARN_UNDECLARED_SELECTOR = YES;
				GCC_WARN_UNINITIALIZED_AUTOS = YES_AGGRESSIVE;
				GCC_WARN_UNUSED_FUNCTION = YES;
				GCC_WARN_UNUSED_VARIABLE = YES;
				IPHONEOS_DEPLOYMENT_TARGET = 12.0;
				SDKROOT = iphoneos;
				TARGETED_DEVICE_FAMILY = "1,2";
				VALIDATE_PRODUCT = YES;
			};
			name = Release;
		};
		6003F5C0195388D20070C39A /* Debug */ = {
			isa = XCBuildConfiguration;
			baseConfigurationReference = 0FA3C3D5BEC9A5C384F47A20 /* Pods-XGCMain_Example.debug.xcconfig */;
			buildSettings = {
				ASSETCATALOG_COMPILER_APPICON_NAME = AppIcon;
				GCC_PRECOMPILE_PREFIX_HEADER = YES;
				GCC_PREFIX_HEADER = "XGCMain/XGCMain-Prefix.pch";
				INFOPLIST_FILE = "XGCMain/XGCMain-Info.plist";
				MODULE_NAME = ExampleApp;
				PRODUCT_BUNDLE_IDENTIFIER = "org.cocoapods.demo.${PRODUCT_NAME:rfc1034identifier}";
				PRODUCT_NAME = "$(TARGET_NAME)";
				SWIFT_VERSION = 4.0;
				WRAPPER_EXTENSION = app;
			};
			name = Debug;
		};
		6003F5C1195388D20070C39A /* Release */ = {
			isa = XCBuildConfiguration;
			baseConfigurationReference = 8E6EE84C871889955E2C717C /* Pods-XGCMain_Example.release.xcconfig */;
			buildSettings = {
				ASSETCATALOG_COMPILER_APPICON_NAME = AppIcon;
				GCC_PRECOMPILE_PREFIX_HEADER = YES;
				GCC_PREFIX_HEADER = "XGCMain/XGCMain-Prefix.pch";
				INFOPLIST_FILE = "XGCMain/XGCMain-Info.plist";
				MODULE_NAME = ExampleApp;
				PRODUCT_BUNDLE_IDENTIFIER = "org.cocoapods.demo.${PRODUCT_NAME:rfc1034identifier}";
				PRODUCT_NAME = "$(TARGET_NAME)";
				SWIFT_VERSION = 4.0;
				WRAPPER_EXTENSION = app;
			};
			name = Release;
		};
		6003F5C3195388D20070C39A /* Debug */ = {
			isa = XCBuildConfiguration;
			baseConfigurationReference = 0FF9A6175F2B8C8E829252AB /* Pods-XGCMain_Tests.debug.xcconfig */;
			buildSettings = {
				BUNDLE_LOADER = "$(TEST_HOST)";
				FRAMEWORK_SEARCH_PATHS = (
					"$(PLATFORM_DIR)/Developer/Library/Frameworks",
					"$(inherited)",
					"$(DEVELOPER_FRAMEWORKS_DIR)",
				);
				GCC_PRECOMPILE_PREFIX_HEADER = YES;
				GCC_PREFIX_HEADER = "Tests/Tests-Prefix.pch";
				GCC_PREPROCESSOR_DEFINITIONS = (
					"DEBUG=1",
					"$(inherited)",
				);
				INFOPLIST_FILE = "Tests/Tests-Info.plist";
				PRODUCT_BUNDLE_IDENTIFIER = "org.cocoapods.demo.${PRODUCT_NAME:rfc1034identifier}";
				PRODUCT_NAME = "$(TARGET_NAME)";
				SWIFT_VERSION = 4.0;
				TEST_HOST = "$(BUILT_PRODUCTS_DIR)/XGCMain_Example.app/XGCMain_Example";
				WRAPPER_EXTENSION = xctest;
			};
			name = Debug;
		};
		6003F5C4195388D20070C39A /* Release */ = {
			isa = XCBuildConfiguration;
			baseConfigurationReference = 3EC3159A2761C01B17F35149 /* Pods-XGCMain_Tests.release.xcconfig */;
			buildSettings = {
				BUNDLE_LOADER = "$(TEST_HOST)";
				FRAMEWORK_SEARCH_PATHS = (
					"$(PLATFORM_DIR)/Developer/Library/Frameworks",
					"$(inherited)",
					"$(DEVELOPER_FRAMEWORKS_DIR)",
				);
				GCC_PRECOMPILE_PREFIX_HEADER = YES;
				GCC_PREFIX_HEADER = "Tests/Tests-Prefix.pch";
				INFOPLIST_FILE = "Tests/Tests-Info.plist";
				PRODUCT_BUNDLE_IDENTIFIER = "org.cocoapods.demo.${PRODUCT_NAME:rfc1034identifier}";
				PRODUCT_NAME = "$(TARGET_NAME)";
				SWIFT_VERSION = 4.0;
				TEST_HOST = "$(BUILT_PRODUCTS_DIR)/XGCMain_Example.app/XGCMain_Example";
				WRAPPER_EXTENSION = xctest;
			};
			name = Release;
		};
/* End XCBuildConfiguration section */

/* Begin XCConfigurationList section */
		6003F585195388D10070C39A /* Build configuration list for PBXProject "XGCMain" */ = {
			isa = XCConfigurationList;
			buildConfigurations = (
				6003F5BD195388D20070C39A /* Debug */,
				6003F5BE195388D20070C39A /* Release */,
			);
			defaultConfigurationIsVisible = 0;
			defaultConfigurationName = Release;
		};
		6003F5BF195388D20070C39A /* Build configuration list for PBXNativeTarget "XGCMain_Example" */ = {
			isa = XCConfigurationList;
			buildConfigurations = (
				6003F5C0195388D20070C39A /* Debug */,
				6003F5C1195388D20070C39A /* Release */,
			);
			defaultConfigurationIsVisible = 0;
			defaultConfigurationName = Release;
		};
		6003F5C2195388D20070C39A /* Build configuration list for PBXNativeTarget "XGCMain_Tests" */ = {
			isa = XCConfigurationList;
			buildConfigurations = (
				6003F5C3195388D20070C39A /* Debug */,
				6003F5C4195388D20070C39A /* Release */,
			);
			defaultConfigurationIsVisible = 0;
			defaultConfigurationName = Release;
		};
/* End XCConfigurationList section */
	};
	rootObject = 6003F582195388D10070C39A /* Project object */;
}
